
Microsoft Visual Studio Solution File, Format Version 12.00
# Visual Studio 15
VisualStudioVersion = 15.0.28307.136
MinimumVisualStudioVersion = 10.0.40219.1
Project("{8BC9CEB8-8B4A-11D0-8D11-00A0C91BC942}") = "324. Wiggle Sort II", "324. Wiggle Sort II\324. Wiggle Sort II.vcxproj", "{F6A9E633-5A86-4C13-AFF6-B044FA65FA58}"
EndProject
Project("{8BC9CEB8-8B4A-11D0-8D11-00A0C91BC942}") = "6. ZigZag Conversion", "6. ZigZag Conversion\6. ZigZag Conversion.vcxproj", "{F1483B79-5FF6-42F3-8E10-A8C904178FA9}"
EndProject
Project("{8BC9CEB8-8B4A-11D0-8D11-00A0C91BC942}") = "11. Container With Most Water", "11. Container With Most Water\11. Container With Most Water.vcxproj", "{E511480D-8BF4-4A22-88EC-3648772A76BE}"
EndProject
Project("{8BC9CEB8-8B4A-11D0-8D11-00A0C91BC942}") = "12. Integer to Roman", "12. Integer to Roman\12. Integer to Roman.vcxproj", "{746762B1-C1FE-4F75-9121-7F2E399B09EE}"
EndProject
Project("{8BC9CEB8-8B4A-11D0-8D11-00A0C91BC942}") = "15. 3Sum", "15. 3Sum\15. 3Sum.vcxproj", "{0184D149-CB29-4AD2-B986-22B41E8247FE}"
EndProject
Project("{8BC9CEB8-8B4A-11D0-8D11-00A0C91BC942}") = "16. 3Sum Closest", "16. 3Sum Closest\16. 3Sum Closest.vcxproj", "{07E84962-222C-46CB-A939-B80641D1608B}"
EndProject
Project("{8BC9CEB8-8B4A-11D0-8D11-00A0C91BC942}") = "17. Letter Combinations of a Phone Number", "17. Letter Combinations of a Phone Number\17. Letter Combinations of a Phone Number.vcxproj", "{10A5B15A-95F9-42B7-8195-CDF6EF72AD3D}"
EndProject
Project("{8BC9CEB8-8B4A-11D0-8D11-00A0C91BC942}") = "18. 4Sum", "18. 4Sum\18. 4Sum.vcxproj", "{EA7CC08A-451D-4045-8CD3-3BFD82B56203}"
EndProject
Project("{8BC9CEB8-8B4A-11D0-8D11-00A0C91BC942}") = "19. Remove Nth Node From End of List", "19. Remove Nth Node From End of List\19. Remove Nth Node From End of List.vcxproj", "{AE170E95-1257-412D-ACE4-D7AB71A257BD}"
EndProject
Project("{8BC9CEB8-8B4A-11D0-8D11-00A0C91BC942}") = "22. Generate Parentheses", "22. Generate Parentheses\22. Generate Parentheses.vcxproj", "{5EABF71B-C0D1-4BB6-80DD-5FF7EE95379A}"
EndProject
Project("{8BC9CEB8-8B4A-11D0-8D11-00A0C91BC942}") = "24. Swap Nodes in Pairs", "24. Swap Nodes in Pairs\24. Swap Nodes in Pairs.vcxproj", "{4059F79B-7F44-45AA-9219-C8CEA8871A1C}"
EndProject
Project("{8BC9CEB8-8B4A-11D0-8D11-00A0C91BC942}") = "29. Divide Two Integers", "29. Divide Two Integers\29. Divide Two Integers.vcxproj", "{DA556B23-368B-4EF3-8D8B-0CBE5A42CAEC}"
EndProject
Project("{8BC9CEB8-8B4A-11D0-8D11-00A0C91BC942}") = "31. Next Permutation", "31. Next Permutation\31. Next Permutation.vcxproj", "{541E3F43-9B2B-43C6-B22D-AD35E2DEAD6F}"
EndProject
Project("{8BC9CEB8-8B4A-11D0-8D11-00A0C91BC942}") = "33. Search in Rotated Sorted Array", "33. Search in Rotated Sorted Array\33. Search in Rotated Sorted Array.vcxproj", "{EE34832B-F689-47DE-82F8-46DC7C60396B}"
EndProject
Project("{8BC9CEB8-8B4A-11D0-8D11-00A0C91BC942}") = "34. Find First and Last Position of Element in Sorted Array", "34. Find First and Last Position of Element in Sorted Array\34. Find First and Last Position of Element in Sorted Array.vcxproj", "{062F2662-C2FC-494D-BEED-BEBB09EA8133}"
EndProject
Project("{8BC9CEB8-8B4A-11D0-8D11-00A0C91BC942}") = "36. Valid Sudoku", "36. Valid Sudoku\36. Valid Sudoku.vcxproj", "{E01E2D66-F58A-41CB-9F6E-DBFC5D113C1F}"
EndProject
Project("{8BC9CEB8-8B4A-11D0-8D11-00A0C91BC942}") = "39. Combination Sum", "39. Combination Sum\39. Combination Sum.vcxproj", "{E3607910-198B-4C07-B2ED-8CA39FB9A88F}"
EndProject
Project("{8BC9CEB8-8B4A-11D0-8D11-00A0C91BC942}") = "040. Combination Sum II", "40. Combination Sum II\40. Combination Sum II.vcxproj", "{D23F1E94-DFB2-4FBE-8895-4FAB5283992F}"
EndProject
Project("{8BC9CEB8-8B4A-11D0-8D11-00A0C91BC942}") = "46. Permutations", "46. Permutations\46. Permutations.vcxproj", "{C4614C5A-C31A-40A9-AB0C-7C176710F52C}"
EndProject
Project("{8BC9CEB8-8B4A-11D0-8D11-00A0C91BC942}") = "47. Permutations II", "Permutations II\Permutations II.vcxproj", "{2B6FFB06-C785-4302-8282-CD41BF628EAB}"
EndProject
Project("{8BC9CEB8-8B4A-11D0-8D11-00A0C91BC942}") = "48. Rotate Image", "48. Rotate Image\48. Rotate Image.vcxproj", "{D7FE8D0F-EBAA-4519-A6C3-DCAF12F1355B}"
EndProject
Project("{8BC9CEB8-8B4A-11D0-8D11-00A0C91BC942}") = "49. Group Anagrams", "49. Group Anagrams\49. Group Anagrams.vcxproj", "{12DCF311-976D-44F5-AA01-B361B91F6FAC}"
EndProject
Project("{8BC9CEB8-8B4A-11D0-8D11-00A0C91BC942}") = "50. Pow(x, n)", "50. Pow(x, n)\50. Pow(x, n).vcxproj", "{FE53B1C8-E42F-4DDD-9526-BF2DC7A23C07}"
EndProject
Project("{8BC9CEB8-8B4A-11D0-8D11-00A0C91BC942}") = "59. Spiral Matrix II", "59. Spiral Matrix II\59. Spiral Matrix II.vcxproj", "{1C220A80-A7A5-4811-9261-4ED4C698444A}"
EndProject
Project("{8BC9CEB8-8B4A-11D0-8D11-00A0C91BC942}") = "54. Spiral Matrix", "54. Spiral Matrix\54. Spiral Matrix.vcxproj", "{2E055FC4-9626-4D50-B944-3680858B5523}"
EndProject
Project("{8BC9CEB8-8B4A-11D0-8D11-00A0C91BC942}") = "60. Permutation Sequence", "60. Permutation Sequence\60. Permutation Sequence.vcxproj", "{7956BF29-61C1-4D07-99D1-9020C6EE0B49}"
EndProject
Project("{8BC9CEB8-8B4A-11D0-8D11-00A0C91BC942}") = "56. Merge Intervals", "56. Merge Intervals\56. Merge Intervals.vcxproj", "{00551A71-32D2-439D-B9ED-C0176A039BC6}"
EndProject
Project("{8BC9CEB8-8B4A-11D0-8D11-00A0C91BC942}") = "179. Largest Number", "179. Largest Number\179. Largest Number.vcxproj", "{0F18DC53-E8CD-453E-A7F7-5FFC999FD582}"
EndProject
Project("{8BC9CEB8-8B4A-11D0-8D11-00A0C91BC942}") = "274. H-Index", "274. H-Index\274. H-Index.vcxproj", "{E8BE363A-029A-4FBD-8DD2-8179F0EA97C1}"
EndProject
Project("{8BC9CEB8-8B4A-11D0-8D11-00A0C91BC942}") = "200. Number of Islands", "200. Number of Islands\200. Number of Islands.vcxproj", "{4B4C9C32-6D13-4941-B46F-B2D0BF265950}"
EndProject
Project("{8BC9CEB8-8B4A-11D0-8D11-00A0C91BC942}") = "3. Longest Substring Without Repeating Characters", "3. Longest Substring Without Repeating Characters\3. Longest Substring Without Repeating Characters.vcxproj", "{42B18AE1-B7D4-4E51-9D6C-06F0517B0066}"
EndProject
Project("{8BC9CEB8-8B4A-11D0-8D11-00A0C91BC942}") = "61. Rotate List", "61. Rotate List\61. Rotate List.vcxproj", "{718B7D0F-B159-4290-A495-21E5E51F8216}"
EndProject
Project("{8BC9CEB8-8B4A-11D0-8D11-00A0C91BC942}") = "62. Unique Paths", "62. Unique Paths\62. Unique Paths.vcxproj", "{1B49CD52-9E40-4005-85F2-AA5F421651AE}"
EndProject
Project("{8BC9CEB8-8B4A-11D0-8D11-00A0C91BC942}") = "63. Unique Paths II", "63. Unique Paths II\63. Unique Paths II.vcxproj", "{3ED238EB-8987-4BB9-B50F-EFA497666E20}"
EndProject
Project("{8BC9CEB8-8B4A-11D0-8D11-00A0C91BC942}") = "64. Minimum Path Sum", "64. Minimum Path Sum\64. Minimum Path Sum.vcxproj", "{D1FF36F1-9710-49CD-8641-EB8C3BC966DC}"
EndProject
Project("{8BC9CEB8-8B4A-11D0-8D11-00A0C91BC942}") = "71. Simplify Path", "71. Simplify Path\71. Simplify Path.vcxproj", "{B41F42C0-7B81-46CC-B847-26225ADD2819}"
EndProject
Project("{8BC9CEB8-8B4A-11D0-8D11-00A0C91BC942}") = "73. Set Matrix Zeroes", "73. Set Matrix Zeroes\73. Set Matrix Zeroes.vcxproj", "{20CBCAE0-435D-48DA-8081-77714EB2CBA6}"
EndProject
Project("{8BC9CEB8-8B4A-11D0-8D11-00A0C91BC942}") = "74. Search a 2D Matrix", "74. Search a 2D Matrix\74. Search a 2D Matrix.vcxproj", "{A12DAC4B-5661-495A-876A-7478E293411F}"
EndProject
Project("{8BC9CEB8-8B4A-11D0-8D11-00A0C91BC942}") = "75. Sort Colors", "75. Sort Colors\75. Sort Colors.vcxproj", "{63F5C1B0-E48E-4C1A-8B64-6AE8BA4593D7}"
EndProject
Project("{8BC9CEB8-8B4A-11D0-8D11-00A0C91BC942}") = "77. Combinations", "77. Combinations\77. Combinations.vcxproj", "{81981530-00ED-43CE-A0EC-A5B19A480CDC}"
EndProject
Project("{8BC9CEB8-8B4A-11D0-8D11-00A0C91BC942}") = "78. Subsets", "78. Subsets\78. Subsets.vcxproj", "{4AAE0309-2CAC-456C-A9FA-F11D76074A90}"
EndProject
Project("{8BC9CEB8-8B4A-11D0-8D11-00A0C91BC942}") = "79. Word Search", "79. Word Search\79. Word Search.vcxproj", "{5029FEE7-00AE-4226-8D42-904F5F061261}"
EndProject
Project("{8BC9CEB8-8B4A-11D0-8D11-00A0C91BC942}") = "94. Binary Tree Inorder Traversal", "94. Binary Tree Inorder Traversal\94. Binary Tree Inorder Traversal.vcxproj", "{4B44E451-2B4F-4D11-9067-CFF49C55C369}"
EndProject
Project("{8BC9CEB8-8B4A-11D0-8D11-00A0C91BC942}") = "96. Unique Binary Search Trees", "96. Unique Binary Search Trees\96. Unique Binary Search Trees.vcxproj", "{D5D6A6C2-AE3F-4437-B3C9-60C5F05482CD}"
EndProject
Project("{8BC9CEB8-8B4A-11D0-8D11-00A0C91BC942}") = "98. Validate Binary Search Tree", "98. Validate Binary Search Tree\98. Validate Binary Search Tree.vcxproj", "{796993B9-BD43-444E-96B2-FC8ECD43022B}"
EndProject
Project("{8BC9CEB8-8B4A-11D0-8D11-00A0C91BC942}") = "102. Binary Tree Level Order Traversalon1", "102. Binary Tree Level Order Traversalon1\102. Binary Tree Level Order Traversalon1.vcxproj", "{BB74C576-1847-486C-8E67-20CFF9916A20}"
EndProject
Project("{8BC9CEB8-8B4A-11D0-8D11-00A0C91BC942}") = "80. Remove Duplicates from Sorted Array II", "80. Remove Duplicates from Sorted Array II\80. Remove Duplicates from Sorted Array II.vcxproj", "{D374699F-7023-4881-A0AF-A7CDFE0D6232}"
EndProject
Project("{8BC9CEB8-8B4A-11D0-8D11-00A0C91BC942}") = "105. Construct Binary Tree from Preorder and Inorder Traversal", "105. Construct Binary Tree from Preorder and Inorder Traversal\105. Construct Binary Tree from Preorder and Inorder Traversal.vcxproj", "{0AB85A0F-18ED-4F9A-9439-C65DE3DC98CF}"
EndProject
Project("{8BC9CEB8-8B4A-11D0-8D11-00A0C91BC942}") = "114. Flatten Binary Tree to Linked List", "114. Flatten Binary Tree to Linked List\114. Flatten Binary Tree to Linked List.vcxproj", "{AEED1B54-BEAB-40C1-8F9B-7133C091C084}"
EndProject
Project("{8BC9CEB8-8B4A-11D0-8D11-00A0C91BC942}") = "139. Word Break", "139. Word Break\139. Word Break.vcxproj", "{F77A16A0-45A8-46B0-8AF7-1463C0034D9F}"
EndProject
Project("{8BC9CEB8-8B4A-11D0-8D11-00A0C91BC942}") = "142. Linked List Cycle II", "142. Linked List Cycle II\142. Linked List Cycle II.vcxproj", "{41B96FB3-4E1C-4768-98C5-3EBE8337112C}"
EndProject
Project("{8BC9CEB8-8B4A-11D0-8D11-00A0C91BC942}") = "152. Maximum Product Subarray", "152. Maximum Product Subarray\152. Maximum Product Subarray.vcxproj", "{B689EFC8-9929-4AD6-96F2-78E5A91B0441}"
EndProject
Project("{8BC9CEB8-8B4A-11D0-8D11-00A0C91BC942}") = "208. Implement Trie (Prefix Tree)", "208. Implement Trie (Prefix Tree)\208. Implement Trie (Prefix Tree).vcxproj", "{AD95F1EF-E294-4225-B18C-3ED18A946BEB}"
EndProject
Project("{8BC9CEB8-8B4A-11D0-8D11-00A0C91BC942}") = "215. Kth Largest Element in an Array", "215. Kth Largest Element in an Array\215. Kth Largest Element in an Array.vcxproj", "{1BAE78D3-2E3E-4EF1-82F8-BF0E52C8BA1F}"
EndProject
Project("{8BC9CEB8-8B4A-11D0-8D11-00A0C91BC942}") = "221. Maximal Square", "221. Maximal Square\221. Maximal Square.vcxproj", "{7AEE8FA9-CD72-4CF8-B161-E6EDB4CE7012}"
EndProject
Project("{8BC9CEB8-8B4A-11D0-8D11-00A0C91BC942}") = "236. Lowest Common Ancestor of a Binary Tree", "236. Lowest Common Ancestor of a Binary Tree\236. Lowest Common Ancestor of a Binary Tree.vcxproj", "{F4C949C2-8246-49DF-8F35-3CD8715258DD}"
EndProject
Project("{8BC9CEB8-8B4A-11D0-8D11-00A0C91BC942}") = "238. Product of Array Except Self", "238. Product of Array Except Self\238. Product of Array Except Self.vcxproj", "{48032DDF-3776-46BA-ABE3-5F04DE1A6D03}"
EndProject
Project("{8BC9CEB8-8B4A-11D0-8D11-00A0C91BC942}") = "240. Search a 2D Matrix II", "240. Search a 2D Matrix II\240. Search a 2D Matrix II.vcxproj", "{16FCC3C1-093F-4DC7-9CCA-42F179294336}"
EndProject
Project("{8BC9CEB8-8B4A-11D0-8D11-00A0C91BC942}") = "279. Perfect Squares", "279. Perfect Squares\279. Perfect Squares.vcxproj", "{D6BEB6B1-AB0D-4BEF-911D-FFE1E9CDC9B2}"
EndProject
Project("{8BC9CEB8-8B4A-11D0-8D11-00A0C91BC942}") = "287. Find the Duplicate Number", "287. Find the Duplicate Number\287. Find the Duplicate Number.vcxproj", "{5385A68B-90FD-4BC9-90B6-EEEF4819D730}"
EndProject
Project("{8BC9CEB8-8B4A-11D0-8D11-00A0C91BC942}") = "300. Longest Increasing Subsequence", "300. Longest Increasing Subsequence\300. Longest Increasing Subsequence.vcxproj", "{3D469A2B-9309-4626-80EC-F51C6D02E704}"
EndProject
Project("{8BC9CEB8-8B4A-11D0-8D11-00A0C91BC942}") = "309. Best Time to Buy and Sell Stock with Cooldown", "309. Best Time to Buy and Sell Stock with Cooldown\309. Best Time to Buy and Sell Stock with Cooldown.vcxproj", "{EC68B4F4-CB3C-47CC-833E-9E1DE7FE2A9C}"
EndProject
Project("{8BC9CEB8-8B4A-11D0-8D11-00A0C91BC942}") = "322. Coin Change", "322. Coin Change\322. Coin Change.vcxproj", "{62AB18B6-B327-4493-84DF-EB9B417770D1}"
EndProject
Project("{8BC9CEB8-8B4A-11D0-8D11-00A0C91BC942}") = "337. House Robber III", "337. House Robber III\337. House Robber III.vcxproj", "{44A60A94-B12D-456C-9D1A-5589E651C989}"
EndProject
Project("{8BC9CEB8-8B4A-11D0-8D11-00A0C91BC942}") = "338. Counting Bits", "338. Counting Bits\338. Counting Bits.vcxproj", "{D11C09BF-B0F5-474F-8792-14F87B43AEC0}"
EndProject
Project("{8BC9CEB8-8B4A-11D0-8D11-00A0C91BC942}") = "347. Top K Frequent Elements", "347. Top K Frequent Elements\347. Top K Frequent Elements.vcxproj", "{56AD407C-C98D-4FF8-9F57-E567533B6B5B}"
EndProject
Project("{8BC9CEB8-8B4A-11D0-8D11-00A0C91BC942}") = "394. Decode String", "394. Decode String\394. Decode String.vcxproj", "{2D8BEF7E-8BA6-432B-B844-D0D6269A641E}"
EndProject
Project("{8BC9CEB8-8B4A-11D0-8D11-00A0C91BC942}") = "406. Queue Reconstruction by Height", "406. Queue Reconstruction by Height\406. Queue Reconstruction by Height.vcxproj", "{6CE16B2E-65C5-42EF-AAE4-F92286789E6F}"
EndProject
Project("{8BC9CEB8-8B4A-11D0-8D11-00A0C91BC942}") = "416. Partition Equal Subset Sum", "416. Partition Equal Subset Sum\416. Partition Equal Subset Sum.vcxproj", "{B8B64F27-A14D-4E8E-A4A0-74706FC033A0}"
EndProject
Project("{8BC9CEB8-8B4A-11D0-8D11-00A0C91BC942}") = "055. Jump Game", "055. Jump Game\055. Jump Game.vcxproj", "{A7C84083-A380-4B72-9FF2-1406A46F82B6}"
EndProject
Global
	GlobalSection(SolutionConfigurationPlatforms) = preSolution
		Debug|x64 = Debug|x64
		Debug|x86 = Debug|x86
		Release|x64 = Release|x64
		Release|x86 = Release|x86
	EndGlobalSection
	GlobalSection(ProjectConfigurationPlatforms) = postSolution
		{F6A9E633-5A86-4C13-AFF6-B044FA65FA58}.Debug|x64.ActiveCfg = Debug|x64
		{F6A9E633-5A86-4C13-AFF6-B044FA65FA58}.Debug|x64.Build.0 = Debug|x64
		{F6A9E633-5A86-4C13-AFF6-B044FA65FA58}.Debug|x86.ActiveCfg = Debug|Win32
		{F6A9E633-5A86-4C13-AFF6-B044FA65FA58}.Debug|x86.Build.0 = Debug|Win32
		{F6A9E633-5A86-4C13-AFF6-B044FA65FA58}.Release|x64.ActiveCfg = Release|x64
		{F6A9E633-5A86-4C13-AFF6-B044FA65FA58}.Release|x64.Build.0 = Release|x64
		{F6A9E633-5A86-4C13-AFF6-B044FA65FA58}.Release|x86.ActiveCfg = Release|Win32
		{F6A9E633-5A86-4C13-AFF6-B044FA65FA58}.Release|x86.Build.0 = Release|Win32
		{F1483B79-5FF6-42F3-8E10-A8C904178FA9}.Debug|x64.ActiveCfg = Debug|x64
		{F1483B79-5FF6-42F3-8E10-A8C904178FA9}.Debug|x64.Build.0 = Debug|x64
		{F1483B79-5FF6-42F3-8E10-A8C904178FA9}.Debug|x86.ActiveCfg = Debug|Win32
		{F1483B79-5FF6-42F3-8E10-A8C904178FA9}.Debug|x86.Build.0 = Debug|Win32
		{F1483B79-5FF6-42F3-8E10-A8C904178FA9}.Release|x64.ActiveCfg = Release|x64
		{F1483B79-5FF6-42F3-8E10-A8C904178FA9}.Release|x64.Build.0 = Release|x64
		{F1483B79-5FF6-42F3-8E10-A8C904178FA9}.Release|x86.ActiveCfg = Release|Win32
		{F1483B79-5FF6-42F3-8E10-A8C904178FA9}.Release|x86.Build.0 = Release|Win32
		{E511480D-8BF4-4A22-88EC-3648772A76BE}.Debug|x64.ActiveCfg = Debug|x64
		{E511480D-8BF4-4A22-88EC-3648772A76BE}.Debug|x64.Build.0 = Debug|x64
		{E511480D-8BF4-4A22-88EC-3648772A76BE}.Debug|x86.ActiveCfg = Debug|Win32
		{E511480D-8BF4-4A22-88EC-3648772A76BE}.Debug|x86.Build.0 = Debug|Win32
		{E511480D-8BF4-4A22-88EC-3648772A76BE}.Release|x64.ActiveCfg = Release|x64
		{E511480D-8BF4-4A22-88EC-3648772A76BE}.Release|x64.Build.0 = Release|x64
		{E511480D-8BF4-4A22-88EC-3648772A76BE}.Release|x86.ActiveCfg = Release|Win32
		{E511480D-8BF4-4A22-88EC-3648772A76BE}.Release|x86.Build.0 = Release|Win32
		{746762B1-C1FE-4F75-9121-7F2E399B09EE}.Debug|x64.ActiveCfg = Debug|x64
		{746762B1-C1FE-4F75-9121-7F2E399B09EE}.Debug|x64.Build.0 = Debug|x64
		{746762B1-C1FE-4F75-9121-7F2E399B09EE}.Debug|x86.ActiveCfg = Debug|Win32
		{746762B1-C1FE-4F75-9121-7F2E399B09EE}.Debug|x86.Build.0 = Debug|Win32
		{746762B1-C1FE-4F75-9121-7F2E399B09EE}.Release|x64.ActiveCfg = Release|x64
		{746762B1-C1FE-4F75-9121-7F2E399B09EE}.Release|x64.Build.0 = Release|x64
		{746762B1-C1FE-4F75-9121-7F2E399B09EE}.Release|x86.ActiveCfg = Release|Win32
		{746762B1-C1FE-4F75-9121-7F2E399B09EE}.Release|x86.Build.0 = Release|Win32
		{0184D149-CB29-4AD2-B986-22B41E8247FE}.Debug|x64.ActiveCfg = Debug|x64
		{0184D149-CB29-4AD2-B986-22B41E8247FE}.Debug|x64.Build.0 = Debug|x64
		{0184D149-CB29-4AD2-B986-22B41E8247FE}.Debug|x86.ActiveCfg = Debug|Win32
		{0184D149-CB29-4AD2-B986-22B41E8247FE}.Debug|x86.Build.0 = Debug|Win32
		{0184D149-CB29-4AD2-B986-22B41E8247FE}.Release|x64.ActiveCfg = Release|x64
		{0184D149-CB29-4AD2-B986-22B41E8247FE}.Release|x64.Build.0 = Release|x64
		{0184D149-CB29-4AD2-B986-22B41E8247FE}.Release|x86.ActiveCfg = Release|Win32
		{0184D149-CB29-4AD2-B986-22B41E8247FE}.Release|x86.Build.0 = Release|Win32
		{07E84962-222C-46CB-A939-B80641D1608B}.Debug|x64.ActiveCfg = Debug|x64
		{07E84962-222C-46CB-A939-B80641D1608B}.Debug|x64.Build.0 = Debug|x64
		{07E84962-222C-46CB-A939-B80641D1608B}.Debug|x86.ActiveCfg = Debug|Win32
		{07E84962-222C-46CB-A939-B80641D1608B}.Debug|x86.Build.0 = Debug|Win32
		{07E84962-222C-46CB-A939-B80641D1608B}.Release|x64.ActiveCfg = Release|x64
		{07E84962-222C-46CB-A939-B80641D1608B}.Release|x64.Build.0 = Release|x64
		{07E84962-222C-46CB-A939-B80641D1608B}.Release|x86.ActiveCfg = Release|Win32
		{07E84962-222C-46CB-A939-B80641D1608B}.Release|x86.Build.0 = Release|Win32
		{10A5B15A-95F9-42B7-8195-CDF6EF72AD3D}.Debug|x64.ActiveCfg = Debug|x64
		{10A5B15A-95F9-42B7-8195-CDF6EF72AD3D}.Debug|x64.Build.0 = Debug|x64
		{10A5B15A-95F9-42B7-8195-CDF6EF72AD3D}.Debug|x86.ActiveCfg = Debug|Win32
		{10A5B15A-95F9-42B7-8195-CDF6EF72AD3D}.Debug|x86.Build.0 = Debug|Win32
		{10A5B15A-95F9-42B7-8195-CDF6EF72AD3D}.Release|x64.ActiveCfg = Release|x64
		{10A5B15A-95F9-42B7-8195-CDF6EF72AD3D}.Release|x64.Build.0 = Release|x64
		{10A5B15A-95F9-42B7-8195-CDF6EF72AD3D}.Release|x86.ActiveCfg = Release|Win32
		{10A5B15A-95F9-42B7-8195-CDF6EF72AD3D}.Release|x86.Build.0 = Release|Win32
		{EA7CC08A-451D-4045-8CD3-3BFD82B56203}.Debug|x64.ActiveCfg = Debug|x64
		{EA7CC08A-451D-4045-8CD3-3BFD82B56203}.Debug|x64.Build.0 = Debug|x64
		{EA7CC08A-451D-4045-8CD3-3BFD82B56203}.Debug|x86.ActiveCfg = Debug|Win32
		{EA7CC08A-451D-4045-8CD3-3BFD82B56203}.Debug|x86.Build.0 = Debug|Win32
		{EA7CC08A-451D-4045-8CD3-3BFD82B56203}.Release|x64.ActiveCfg = Release|x64
		{EA7CC08A-451D-4045-8CD3-3BFD82B56203}.Release|x64.Build.0 = Release|x64
		{EA7CC08A-451D-4045-8CD3-3BFD82B56203}.Release|x86.ActiveCfg = Release|Win32
		{EA7CC08A-451D-4045-8CD3-3BFD82B56203}.Release|x86.Build.0 = Release|Win32
		{AE170E95-1257-412D-ACE4-D7AB71A257BD}.Debug|x64.ActiveCfg = Debug|x64
		{AE170E95-1257-412D-ACE4-D7AB71A257BD}.Debug|x64.Build.0 = Debug|x64
		{AE170E95-1257-412D-ACE4-D7AB71A257BD}.Debug|x86.ActiveCfg = Debug|Win32
		{AE170E95-1257-412D-ACE4-D7AB71A257BD}.Debug|x86.Build.0 = Debug|Win32
		{AE170E95-1257-412D-ACE4-D7AB71A257BD}.Release|x64.ActiveCfg = Release|x64
		{AE170E95-1257-412D-ACE4-D7AB71A257BD}.Release|x64.Build.0 = Release|x64
		{AE170E95-1257-412D-ACE4-D7AB71A257BD}.Release|x86.ActiveCfg = Release|Win32
		{AE170E95-1257-412D-ACE4-D7AB71A257BD}.Release|x86.Build.0 = Release|Win32
		{5EABF71B-C0D1-4BB6-80DD-5FF7EE95379A}.Debug|x64.ActiveCfg = Debug|x64
		{5EABF71B-C0D1-4BB6-80DD-5FF7EE95379A}.Debug|x64.Build.0 = Debug|x64
		{5EABF71B-C0D1-4BB6-80DD-5FF7EE95379A}.Debug|x86.ActiveCfg = Debug|Win32
		{5EABF71B-C0D1-4BB6-80DD-5FF7EE95379A}.Debug|x86.Build.0 = Debug|Win32
		{5EABF71B-C0D1-4BB6-80DD-5FF7EE95379A}.Release|x64.ActiveCfg = Release|x64
		{5EABF71B-C0D1-4BB6-80DD-5FF7EE95379A}.Release|x64.Build.0 = Release|x64
		{5EABF71B-C0D1-4BB6-80DD-5FF7EE95379A}.Release|x86.ActiveCfg = Release|Win32
		{5EABF71B-C0D1-4BB6-80DD-5FF7EE95379A}.Release|x86.Build.0 = Release|Win32
		{4059F79B-7F44-45AA-9219-C8CEA8871A1C}.Debug|x64.ActiveCfg = Debug|x64
		{4059F79B-7F44-45AA-9219-C8CEA8871A1C}.Debug|x64.Build.0 = Debug|x64
		{4059F79B-7F44-45AA-9219-C8CEA8871A1C}.Debug|x86.ActiveCfg = Debug|Win32
		{4059F79B-7F44-45AA-9219-C8CEA8871A1C}.Debug|x86.Build.0 = Debug|Win32
		{4059F79B-7F44-45AA-9219-C8CEA8871A1C}.Release|x64.ActiveCfg = Release|x64
		{4059F79B-7F44-45AA-9219-C8CEA8871A1C}.Release|x64.Build.0 = Release|x64
		{4059F79B-7F44-45AA-9219-C8CEA8871A1C}.Release|x86.ActiveCfg = Release|Win32
		{4059F79B-7F44-45AA-9219-C8CEA8871A1C}.Release|x86.Build.0 = Release|Win32
		{DA556B23-368B-4EF3-8D8B-0CBE5A42CAEC}.Debug|x64.ActiveCfg = Debug|x64
		{DA556B23-368B-4EF3-8D8B-0CBE5A42CAEC}.Debug|x64.Build.0 = Debug|x64
		{DA556B23-368B-4EF3-8D8B-0CBE5A42CAEC}.Debug|x86.ActiveCfg = Debug|Win32
		{DA556B23-368B-4EF3-8D8B-0CBE5A42CAEC}.Debug|x86.Build.0 = Debug|Win32
		{DA556B23-368B-4EF3-8D8B-0CBE5A42CAEC}.Release|x64.ActiveCfg = Release|x64
		{DA556B23-368B-4EF3-8D8B-0CBE5A42CAEC}.Release|x64.Build.0 = Release|x64
		{DA556B23-368B-4EF3-8D8B-0CBE5A42CAEC}.Release|x86.ActiveCfg = Release|Win32
		{DA556B23-368B-4EF3-8D8B-0CBE5A42CAEC}.Release|x86.Build.0 = Release|Win32
		{541E3F43-9B2B-43C6-B22D-AD35E2DEAD6F}.Debug|x64.ActiveCfg = Debug|x64
		{541E3F43-9B2B-43C6-B22D-AD35E2DEAD6F}.Debug|x64.Build.0 = Debug|x64
		{541E3F43-9B2B-43C6-B22D-AD35E2DEAD6F}.Debug|x86.ActiveCfg = Debug|Win32
		{541E3F43-9B2B-43C6-B22D-AD35E2DEAD6F}.Debug|x86.Build.0 = Debug|Win32
		{541E3F43-9B2B-43C6-B22D-AD35E2DEAD6F}.Release|x64.ActiveCfg = Release|x64
		{541E3F43-9B2B-43C6-B22D-AD35E2DEAD6F}.Release|x64.Build.0 = Release|x64
		{541E3F43-9B2B-43C6-B22D-AD35E2DEAD6F}.Release|x86.ActiveCfg = Release|Win32
		{541E3F43-9B2B-43C6-B22D-AD35E2DEAD6F}.Release|x86.Build.0 = Release|Win32
		{EE34832B-F689-47DE-82F8-46DC7C60396B}.Debug|x64.ActiveCfg = Debug|x64
		{EE34832B-F689-47DE-82F8-46DC7C60396B}.Debug|x64.Build.0 = Debug|x64
		{EE34832B-F689-47DE-82F8-46DC7C60396B}.Debug|x86.ActiveCfg = Debug|Win32
		{EE34832B-F689-47DE-82F8-46DC7C60396B}.Debug|x86.Build.0 = Debug|Win32
		{EE34832B-F689-47DE-82F8-46DC7C60396B}.Release|x64.ActiveCfg = Release|x64
		{EE34832B-F689-47DE-82F8-46DC7C60396B}.Release|x64.Build.0 = Release|x64
		{EE34832B-F689-47DE-82F8-46DC7C60396B}.Release|x86.ActiveCfg = Release|Win32
		{EE34832B-F689-47DE-82F8-46DC7C60396B}.Release|x86.Build.0 = Release|Win32
		{062F2662-C2FC-494D-BEED-BEBB09EA8133}.Debug|x64.ActiveCfg = Debug|x64
		{062F2662-C2FC-494D-BEED-BEBB09EA8133}.Debug|x64.Build.0 = Debug|x64
		{062F2662-C2FC-494D-BEED-BEBB09EA8133}.Debug|x86.ActiveCfg = Debug|Win32
		{062F2662-C2FC-494D-BEED-BEBB09EA8133}.Debug|x86.Build.0 = Debug|Win32
		{062F2662-C2FC-494D-BEED-BEBB09EA8133}.Release|x64.ActiveCfg = Release|x64
		{062F2662-C2FC-494D-BEED-BEBB09EA8133}.Release|x64.Build.0 = Release|x64
		{062F2662-C2FC-494D-BEED-BEBB09EA8133}.Release|x86.ActiveCfg = Release|Win32
		{062F2662-C2FC-494D-BEED-BEBB09EA8133}.Release|x86.Build.0 = Release|Win32
		{E01E2D66-F58A-41CB-9F6E-DBFC5D113C1F}.Debug|x64.ActiveCfg = Debug|x64
		{E01E2D66-F58A-41CB-9F6E-DBFC5D113C1F}.Debug|x64.Build.0 = Debug|x64
		{E01E2D66-F58A-41CB-9F6E-DBFC5D113C1F}.Debug|x86.ActiveCfg = Debug|Win32
		{E01E2D66-F58A-41CB-9F6E-DBFC5D113C1F}.Debug|x86.Build.0 = Debug|Win32
		{E01E2D66-F58A-41CB-9F6E-DBFC5D113C1F}.Release|x64.ActiveCfg = Release|x64
		{E01E2D66-F58A-41CB-9F6E-DBFC5D113C1F}.Release|x64.Build.0 = Release|x64
		{E01E2D66-F58A-41CB-9F6E-DBFC5D113C1F}.Release|x86.ActiveCfg = Release|Win32
		{E01E2D66-F58A-41CB-9F6E-DBFC5D113C1F}.Release|x86.Build.0 = Release|Win32
		{E3607910-198B-4C07-B2ED-8CA39FB9A88F}.Debug|x64.ActiveCfg = Debug|x64
		{E3607910-198B-4C07-B2ED-8CA39FB9A88F}.Debug|x64.Build.0 = Debug|x64
		{E3607910-198B-4C07-B2ED-8CA39FB9A88F}.Debug|x86.ActiveCfg = Debug|Win32
		{E3607910-198B-4C07-B2ED-8CA39FB9A88F}.Debug|x86.Build.0 = Debug|Win32
		{E3607910-198B-4C07-B2ED-8CA39FB9A88F}.Release|x64.ActiveCfg = Release|x64
		{E3607910-198B-4C07-B2ED-8CA39FB9A88F}.Release|x64.Build.0 = Release|x64
		{E3607910-198B-4C07-B2ED-8CA39FB9A88F}.Release|x86.ActiveCfg = Release|Win32
		{E3607910-198B-4C07-B2ED-8CA39FB9A88F}.Release|x86.Build.0 = Release|Win32
		{D23F1E94-DFB2-4FBE-8895-4FAB5283992F}.Debug|x64.ActiveCfg = Debug|x64
		{D23F1E94-DFB2-4FBE-8895-4FAB5283992F}.Debug|x64.Build.0 = Debug|x64
		{D23F1E94-DFB2-4FBE-8895-4FAB5283992F}.Debug|x86.ActiveCfg = Debug|Win32
		{D23F1E94-DFB2-4FBE-8895-4FAB5283992F}.Debug|x86.Build.0 = Debug|Win32
		{D23F1E94-DFB2-4FBE-8895-4FAB5283992F}.Release|x64.ActiveCfg = Release|x64
		{D23F1E94-DFB2-4FBE-8895-4FAB5283992F}.Release|x64.Build.0 = Release|x64
		{D23F1E94-DFB2-4FBE-8895-4FAB5283992F}.Release|x86.ActiveCfg = Release|Win32
		{D23F1E94-DFB2-4FBE-8895-4FAB5283992F}.Release|x86.Build.0 = Release|Win32
		{C4614C5A-C31A-40A9-AB0C-7C176710F52C}.Debug|x64.ActiveCfg = Debug|x64
		{C4614C5A-C31A-40A9-AB0C-7C176710F52C}.Debug|x64.Build.0 = Debug|x64
		{C4614C5A-C31A-40A9-AB0C-7C176710F52C}.Debug|x86.ActiveCfg = Debug|Win32
		{C4614C5A-C31A-40A9-AB0C-7C176710F52C}.Debug|x86.Build.0 = Debug|Win32
		{C4614C5A-C31A-40A9-AB0C-7C176710F52C}.Release|x64.ActiveCfg = Release|x64
		{C4614C5A-C31A-40A9-AB0C-7C176710F52C}.Release|x64.Build.0 = Release|x64
		{C4614C5A-C31A-40A9-AB0C-7C176710F52C}.Release|x86.ActiveCfg = Release|Win32
		{C4614C5A-C31A-40A9-AB0C-7C176710F52C}.Release|x86.Build.0 = Release|Win32
		{2B6FFB06-C785-4302-8282-CD41BF628EAB}.Debug|x64.ActiveCfg = Debug|x64
		{2B6FFB06-C785-4302-8282-CD41BF628EAB}.Debug|x64.Build.0 = Debug|x64
		{2B6FFB06-C785-4302-8282-CD41BF628EAB}.Debug|x86.ActiveCfg = Debug|Win32
		{2B6FFB06-C785-4302-8282-CD41BF628EAB}.Debug|x86.Build.0 = Debug|Win32
		{2B6FFB06-C785-4302-8282-CD41BF628EAB}.Release|x64.ActiveCfg = Release|x64
		{2B6FFB06-C785-4302-8282-CD41BF628EAB}.Release|x64.Build.0 = Release|x64
		{2B6FFB06-C785-4302-8282-CD41BF628EAB}.Release|x86.ActiveCfg = Release|Win32
		{2B6FFB06-C785-4302-8282-CD41BF628EAB}.Release|x86.Build.0 = Release|Win32
		{D7FE8D0F-EBAA-4519-A6C3-DCAF12F1355B}.Debug|x64.ActiveCfg = Debug|x64
		{D7FE8D0F-EBAA-4519-A6C3-DCAF12F1355B}.Debug|x64.Build.0 = Debug|x64
		{D7FE8D0F-EBAA-4519-A6C3-DCAF12F1355B}.Debug|x86.ActiveCfg = Debug|Win32
		{D7FE8D0F-EBAA-4519-A6C3-DCAF12F1355B}.Debug|x86.Build.0 = Debug|Win32
		{D7FE8D0F-EBAA-4519-A6C3-DCAF12F1355B}.Release|x64.ActiveCfg = Release|x64
		{D7FE8D0F-EBAA-4519-A6C3-DCAF12F1355B}.Release|x64.Build.0 = Release|x64
		{D7FE8D0F-EBAA-4519-A6C3-DCAF12F1355B}.Release|x86.ActiveCfg = Release|Win32
		{D7FE8D0F-EBAA-4519-A6C3-DCAF12F1355B}.Release|x86.Build.0 = Release|Win32
		{12DCF311-976D-44F5-AA01-B361B91F6FAC}.Debug|x64.ActiveCfg = Debug|x64
		{12DCF311-976D-44F5-AA01-B361B91F6FAC}.Debug|x64.Build.0 = Debug|x64
		{12DCF311-976D-44F5-AA01-B361B91F6FAC}.Debug|x86.ActiveCfg = Debug|Win32
		{12DCF311-976D-44F5-AA01-B361B91F6FAC}.Debug|x86.Build.0 = Debug|Win32
		{12DCF311-976D-44F5-AA01-B361B91F6FAC}.Release|x64.ActiveCfg = Release|x64
		{12DCF311-976D-44F5-AA01-B361B91F6FAC}.Release|x64.Build.0 = Release|x64
		{12DCF311-976D-44F5-AA01-B361B91F6FAC}.Release|x86.ActiveCfg = Release|Win32
		{12DCF311-976D-44F5-AA01-B361B91F6FAC}.Release|x86.Build.0 = Release|Win32
		{FE53B1C8-E42F-4DDD-9526-BF2DC7A23C07}.Debug|x64.ActiveCfg = Debug|x64
		{FE53B1C8-E42F-4DDD-9526-BF2DC7A23C07}.Debug|x64.Build.0 = Debug|x64
		{FE53B1C8-E42F-4DDD-9526-BF2DC7A23C07}.Debug|x86.ActiveCfg = Debug|Win32
		{FE53B1C8-E42F-4DDD-9526-BF2DC7A23C07}.Debug|x86.Build.0 = Debug|Win32
		{FE53B1C8-E42F-4DDD-9526-BF2DC7A23C07}.Release|x64.ActiveCfg = Release|x64
		{FE53B1C8-E42F-4DDD-9526-BF2DC7A23C07}.Release|x64.Build.0 = Release|x64
		{FE53B1C8-E42F-4DDD-9526-BF2DC7A23C07}.Release|x86.ActiveCfg = Release|Win32
		{FE53B1C8-E42F-4DDD-9526-BF2DC7A23C07}.Release|x86.Build.0 = Release|Win32
		{1C220A80-A7A5-4811-9261-4ED4C698444A}.Debug|x64.ActiveCfg = Debug|x64
		{1C220A80-A7A5-4811-9261-4ED4C698444A}.Debug|x64.Build.0 = Debug|x64
		{1C220A80-A7A5-4811-9261-4ED4C698444A}.Debug|x86.ActiveCfg = Debug|Win32
		{1C220A80-A7A5-4811-9261-4ED4C698444A}.Debug|x86.Build.0 = Debug|Win32
		{1C220A80-A7A5-4811-9261-4ED4C698444A}.Release|x64.ActiveCfg = Release|x64
		{1C220A80-A7A5-4811-9261-4ED4C698444A}.Release|x64.Build.0 = Release|x64
		{1C220A80-A7A5-4811-9261-4ED4C698444A}.Release|x86.ActiveCfg = Release|Win32
		{1C220A80-A7A5-4811-9261-4ED4C698444A}.Release|x86.Build.0 = Release|Win32
		{2E055FC4-9626-4D50-B944-3680858B5523}.Debug|x64.ActiveCfg = Debug|x64
		{2E055FC4-9626-4D50-B944-3680858B5523}.Debug|x64.Build.0 = Debug|x64
		{2E055FC4-9626-4D50-B944-3680858B5523}.Debug|x86.ActiveCfg = Debug|Win32
		{2E055FC4-9626-4D50-B944-3680858B5523}.Debug|x86.Build.0 = Debug|Win32
		{2E055FC4-9626-4D50-B944-3680858B5523}.Release|x64.ActiveCfg = Release|x64
		{2E055FC4-9626-4D50-B944-3680858B5523}.Release|x64.Build.0 = Release|x64
		{2E055FC4-9626-4D50-B944-3680858B5523}.Release|x86.ActiveCfg = Release|Win32
		{2E055FC4-9626-4D50-B944-3680858B5523}.Release|x86.Build.0 = Release|Win32
		{7956BF29-61C1-4D07-99D1-9020C6EE0B49}.Debug|x64.ActiveCfg = Debug|x64
		{7956BF29-61C1-4D07-99D1-9020C6EE0B49}.Debug|x64.Build.0 = Debug|x64
		{7956BF29-61C1-4D07-99D1-9020C6EE0B49}.Debug|x86.ActiveCfg = Debug|Win32
		{7956BF29-61C1-4D07-99D1-9020C6EE0B49}.Debug|x86.Build.0 = Debug|Win32
		{7956BF29-61C1-4D07-99D1-9020C6EE0B49}.Release|x64.ActiveCfg = Release|x64
		{7956BF29-61C1-4D07-99D1-9020C6EE0B49}.Release|x64.Build.0 = Release|x64
		{7956BF29-61C1-4D07-99D1-9020C6EE0B49}.Release|x86.ActiveCfg = Release|Win32
		{7956BF29-61C1-4D07-99D1-9020C6EE0B49}.Release|x86.Build.0 = Release|Win32
		{00551A71-32D2-439D-B9ED-C0176A039BC6}.Debug|x64.ActiveCfg = Debug|x64
		{00551A71-32D2-439D-B9ED-C0176A039BC6}.Debug|x64.Build.0 = Debug|x64
		{00551A71-32D2-439D-B9ED-C0176A039BC6}.Debug|x86.ActiveCfg = Debug|Win32
		{00551A71-32D2-439D-B9ED-C0176A039BC6}.Debug|x86.Build.0 = Debug|Win32
		{00551A71-32D2-439D-B9ED-C0176A039BC6}.Release|x64.ActiveCfg = Release|x64
		{00551A71-32D2-439D-B9ED-C0176A039BC6}.Release|x64.Build.0 = Release|x64
		{00551A71-32D2-439D-B9ED-C0176A039BC6}.Release|x86.ActiveCfg = Release|Win32
		{00551A71-32D2-439D-B9ED-C0176A039BC6}.Release|x86.Build.0 = Release|Win32
		{0F18DC53-E8CD-453E-A7F7-5FFC999FD582}.Debug|x64.ActiveCfg = Debug|x64
		{0F18DC53-E8CD-453E-A7F7-5FFC999FD582}.Debug|x64.Build.0 = Debug|x64
		{0F18DC53-E8CD-453E-A7F7-5FFC999FD582}.Debug|x86.ActiveCfg = Debug|Win32
		{0F18DC53-E8CD-453E-A7F7-5FFC999FD582}.Debug|x86.Build.0 = Debug|Win32
		{0F18DC53-E8CD-453E-A7F7-5FFC999FD582}.Release|x64.ActiveCfg = Release|x64
		{0F18DC53-E8CD-453E-A7F7-5FFC999FD582}.Release|x64.Build.0 = Release|x64
		{0F18DC53-E8CD-453E-A7F7-5FFC999FD582}.Release|x86.ActiveCfg = Release|Win32
		{0F18DC53-E8CD-453E-A7F7-5FFC999FD582}.Release|x86.Build.0 = Release|Win32
		{E8BE363A-029A-4FBD-8DD2-8179F0EA97C1}.Debug|x64.ActiveCfg = Debug|x64
		{E8BE363A-029A-4FBD-8DD2-8179F0EA97C1}.Debug|x64.Build.0 = Debug|x64
		{E8BE363A-029A-4FBD-8DD2-8179F0EA97C1}.Debug|x86.ActiveCfg = Debug|Win32
		{E8BE363A-029A-4FBD-8DD2-8179F0EA97C1}.Debug|x86.Build.0 = Debug|Win32
		{E8BE363A-029A-4FBD-8DD2-8179F0EA97C1}.Release|x64.ActiveCfg = Release|x64
		{E8BE363A-029A-4FBD-8DD2-8179F0EA97C1}.Release|x64.Build.0 = Release|x64
		{E8BE363A-029A-4FBD-8DD2-8179F0EA97C1}.Release|x86.ActiveCfg = Release|Win32
		{E8BE363A-029A-4FBD-8DD2-8179F0EA97C1}.Release|x86.Build.0 = Release|Win32
		{4B4C9C32-6D13-4941-B46F-B2D0BF265950}.Debug|x64.ActiveCfg = Debug|x64
		{4B4C9C32-6D13-4941-B46F-B2D0BF265950}.Debug|x64.Build.0 = Debug|x64
		{4B4C9C32-6D13-4941-B46F-B2D0BF265950}.Debug|x86.ActiveCfg = Debug|Win32
		{4B4C9C32-6D13-4941-B46F-B2D0BF265950}.Debug|x86.Build.0 = Debug|Win32
		{4B4C9C32-6D13-4941-B46F-B2D0BF265950}.Release|x64.ActiveCfg = Release|x64
		{4B4C9C32-6D13-4941-B46F-B2D0BF265950}.Release|x64.Build.0 = Release|x64
		{4B4C9C32-6D13-4941-B46F-B2D0BF265950}.Release|x86.ActiveCfg = Release|Win32
		{4B4C9C32-6D13-4941-B46F-B2D0BF265950}.Release|x86.Build.0 = Release|Win32
		{42B18AE1-B7D4-4E51-9D6C-06F0517B0066}.Debug|x64.ActiveCfg = Debug|x64
		{42B18AE1-B7D4-4E51-9D6C-06F0517B0066}.Debug|x64.Build.0 = Debug|x64
		{42B18AE1-B7D4-4E51-9D6C-06F0517B0066}.Debug|x86.ActiveCfg = Debug|Win32
		{42B18AE1-B7D4-4E51-9D6C-06F0517B0066}.Debug|x86.Build.0 = Debug|Win32
		{42B18AE1-B7D4-4E51-9D6C-06F0517B0066}.Release|x64.ActiveCfg = Release|x64
		{42B18AE1-B7D4-4E51-9D6C-06F0517B0066}.Release|x64.Build.0 = Release|x64
		{42B18AE1-B7D4-4E51-9D6C-06F0517B0066}.Release|x86.ActiveCfg = Release|Win32
		{42B18AE1-B7D4-4E51-9D6C-06F0517B0066}.Release|x86.Build.0 = Release|Win32
		{718B7D0F-B159-4290-A495-21E5E51F8216}.Debug|x64.ActiveCfg = Debug|x64
		{718B7D0F-B159-4290-A495-21E5E51F8216}.Debug|x64.Build.0 = Debug|x64
		{718B7D0F-B159-4290-A495-21E5E51F8216}.Debug|x86.ActiveCfg = Debug|Win32
		{718B7D0F-B159-4290-A495-21E5E51F8216}.Debug|x86.Build.0 = Debug|Win32
		{718B7D0F-B159-4290-A495-21E5E51F8216}.Release|x64.ActiveCfg = Release|x64
		{718B7D0F-B159-4290-A495-21E5E51F8216}.Release|x64.Build.0 = Release|x64
		{718B7D0F-B159-4290-A495-21E5E51F8216}.Release|x86.ActiveCfg = Release|Win32
		{718B7D0F-B159-4290-A495-21E5E51F8216}.Release|x86.Build.0 = Release|Win32
		{1B49CD52-9E40-4005-85F2-AA5F421651AE}.Debug|x64.ActiveCfg = Debug|x64
		{1B49CD52-9E40-4005-85F2-AA5F421651AE}.Debug|x64.Build.0 = Debug|x64
		{1B49CD52-9E40-4005-85F2-AA5F421651AE}.Debug|x86.ActiveCfg = Debug|Win32
		{1B49CD52-9E40-4005-85F2-AA5F421651AE}.Debug|x86.Build.0 = Debug|Win32
		{1B49CD52-9E40-4005-85F2-AA5F421651AE}.Release|x64.ActiveCfg = Release|x64
		{1B49CD52-9E40-4005-85F2-AA5F421651AE}.Release|x64.Build.0 = Release|x64
		{1B49CD52-9E40-4005-85F2-AA5F421651AE}.Release|x86.ActiveCfg = Release|Win32
		{1B49CD52-9E40-4005-85F2-AA5F421651AE}.Release|x86.Build.0 = Release|Win32
		{3ED238EB-8987-4BB9-B50F-EFA497666E20}.Debug|x64.ActiveCfg = Debug|x64
		{3ED238EB-8987-4BB9-B50F-EFA497666E20}.Debug|x64.Build.0 = Debug|x64
		{3ED238EB-8987-4BB9-B50F-EFA497666E20}.Debug|x86.ActiveCfg = Debug|Win32
		{3ED238EB-8987-4BB9-B50F-EFA497666E20}.Debug|x86.Build.0 = Debug|Win32
		{3ED238EB-8987-4BB9-B50F-EFA497666E20}.Release|x64.ActiveCfg = Release|x64
		{3ED238EB-8987-4BB9-B50F-EFA497666E20}.Release|x64.Build.0 = Release|x64
		{3ED238EB-8987-4BB9-B50F-EFA497666E20}.Release|x86.ActiveCfg = Release|Win32
		{3ED238EB-8987-4BB9-B50F-EFA497666E20}.Release|x86.Build.0 = Release|Win32
		{D1FF36F1-9710-49CD-8641-EB8C3BC966DC}.Debug|x64.ActiveCfg = Debug|x64
		{D1FF36F1-9710-49CD-8641-EB8C3BC966DC}.Debug|x64.Build.0 = Debug|x64
		{D1FF36F1-9710-49CD-8641-EB8C3BC966DC}.Debug|x86.ActiveCfg = Debug|Win32
		{D1FF36F1-9710-49CD-8641-EB8C3BC966DC}.Debug|x86.Build.0 = Debug|Win32
		{D1FF36F1-9710-49CD-8641-EB8C3BC966DC}.Release|x64.ActiveCfg = Release|x64
		{D1FF36F1-9710-49CD-8641-EB8C3BC966DC}.Release|x64.Build.0 = Release|x64
		{D1FF36F1-9710-49CD-8641-EB8C3BC966DC}.Release|x86.ActiveCfg = Release|Win32
		{D1FF36F1-9710-49CD-8641-EB8C3BC966DC}.Release|x86.Build.0 = Release|Win32
		{B41F42C0-7B81-46CC-B847-26225ADD2819}.Debug|x64.ActiveCfg = Debug|x64
		{B41F42C0-7B81-46CC-B847-26225ADD2819}.Debug|x64.Build.0 = Debug|x64
		{B41F42C0-7B81-46CC-B847-26225ADD2819}.Debug|x86.ActiveCfg = Debug|Win32
		{B41F42C0-7B81-46CC-B847-26225ADD2819}.Debug|x86.Build.0 = Debug|Win32
		{B41F42C0-7B81-46CC-B847-26225ADD2819}.Release|x64.ActiveCfg = Release|x64
		{B41F42C0-7B81-46CC-B847-26225ADD2819}.Release|x64.Build.0 = Release|x64
		{B41F42C0-7B81-46CC-B847-26225ADD2819}.Release|x86.ActiveCfg = Release|Win32
		{B41F42C0-7B81-46CC-B847-26225ADD2819}.Release|x86.Build.0 = Release|Win32
		{20CBCAE0-435D-48DA-8081-77714EB2CBA6}.Debug|x64.ActiveCfg = Debug|x64
		{20CBCAE0-435D-48DA-8081-77714EB2CBA6}.Debug|x64.Build.0 = Debug|x64
		{20CBCAE0-435D-48DA-8081-77714EB2CBA6}.Debug|x86.ActiveCfg = Debug|Win32
		{20CBCAE0-435D-48DA-8081-77714EB2CBA6}.Debug|x86.Build.0 = Debug|Win32
		{20CBCAE0-435D-48DA-8081-77714EB2CBA6}.Release|x64.ActiveCfg = Release|x64
		{20CBCAE0-435D-48DA-8081-77714EB2CBA6}.Release|x64.Build.0 = Release|x64
		{20CBCAE0-435D-48DA-8081-77714EB2CBA6}.Release|x86.ActiveCfg = Release|Win32
		{20CBCAE0-435D-48DA-8081-77714EB2CBA6}.Release|x86.Build.0 = Release|Win32
		{A12DAC4B-5661-495A-876A-7478E293411F}.Debug|x64.ActiveCfg = Debug|x64
		{A12DAC4B-5661-495A-876A-7478E293411F}.Debug|x64.Build.0 = Debug|x64
		{A12DAC4B-5661-495A-876A-7478E293411F}.Debug|x86.ActiveCfg = Debug|Win32
		{A12DAC4B-5661-495A-876A-7478E293411F}.Debug|x86.Build.0 = Debug|Win32
		{A12DAC4B-5661-495A-876A-7478E293411F}.Release|x64.ActiveCfg = Release|x64
		{A12DAC4B-5661-495A-876A-7478E293411F}.Release|x64.Build.0 = Release|x64
		{A12DAC4B-5661-495A-876A-7478E293411F}.Release|x86.ActiveCfg = Release|Win32
		{A12DAC4B-5661-495A-876A-7478E293411F}.Release|x86.Build.0 = Release|Win32
		{63F5C1B0-E48E-4C1A-8B64-6AE8BA4593D7}.Debug|x64.ActiveCfg = Debug|x64
		{63F5C1B0-E48E-4C1A-8B64-6AE8BA4593D7}.Debug|x64.Build.0 = Debug|x64
		{63F5C1B0-E48E-4C1A-8B64-6AE8BA4593D7}.Debug|x86.ActiveCfg = Debug|Win32
		{63F5C1B0-E48E-4C1A-8B64-6AE8BA4593D7}.Debug|x86.Build.0 = Debug|Win32
		{63F5C1B0-E48E-4C1A-8B64-6AE8BA4593D7}.Release|x64.ActiveCfg = Release|x64
		{63F5C1B0-E48E-4C1A-8B64-6AE8BA4593D7}.Release|x64.Build.0 = Release|x64
		{63F5C1B0-E48E-4C1A-8B64-6AE8BA4593D7}.Release|x86.ActiveCfg = Release|Win32
		{63F5C1B0-E48E-4C1A-8B64-6AE8BA4593D7}.Release|x86.Build.0 = Release|Win32
		{81981530-00ED-43CE-A0EC-A5B19A480CDC}.Debug|x64.ActiveCfg = Debug|x64
		{81981530-00ED-43CE-A0EC-A5B19A480CDC}.Debug|x64.Build.0 = Debug|x64
		{81981530-00ED-43CE-A0EC-A5B19A480CDC}.Debug|x86.ActiveCfg = Debug|Win32
		{81981530-00ED-43CE-A0EC-A5B19A480CDC}.Debug|x86.Build.0 = Debug|Win32
		{81981530-00ED-43CE-A0EC-A5B19A480CDC}.Release|x64.ActiveCfg = Release|x64
		{81981530-00ED-43CE-A0EC-A5B19A480CDC}.Release|x64.Build.0 = Release|x64
		{81981530-00ED-43CE-A0EC-A5B19A480CDC}.Release|x86.ActiveCfg = Release|Win32
		{81981530-00ED-43CE-A0EC-A5B19A480CDC}.Release|x86.Build.0 = Release|Win32
		{4AAE0309-2CAC-456C-A9FA-F11D76074A90}.Debug|x64.ActiveCfg = Debug|x64
		{4AAE0309-2CAC-456C-A9FA-F11D76074A90}.Debug|x64.Build.0 = Debug|x64
		{4AAE0309-2CAC-456C-A9FA-F11D76074A90}.Debug|x86.ActiveCfg = Debug|Win32
		{4AAE0309-2CAC-456C-A9FA-F11D76074A90}.Debug|x86.Build.0 = Debug|Win32
		{4AAE0309-2CAC-456C-A9FA-F11D76074A90}.Release|x64.ActiveCfg = Release|x64
		{4AAE0309-2CAC-456C-A9FA-F11D76074A90}.Release|x64.Build.0 = Release|x64
		{4AAE0309-2CAC-456C-A9FA-F11D76074A90}.Release|x86.ActiveCfg = Release|Win32
		{4AAE0309-2CAC-456C-A9FA-F11D76074A90}.Release|x86.Build.0 = Release|Win32
		{5029FEE7-00AE-4226-8D42-904F5F061261}.Debug|x64.ActiveCfg = Debug|x64
		{5029FEE7-00AE-4226-8D42-904F5F061261}.Debug|x64.Build.0 = Debug|x64
		{5029FEE7-00AE-4226-8D42-904F5F061261}.Debug|x86.ActiveCfg = Debug|Win32
		{5029FEE7-00AE-4226-8D42-904F5F061261}.Debug|x86.Build.0 = Debug|Win32
		{5029FEE7-00AE-4226-8D42-904F5F061261}.Release|x64.ActiveCfg = Release|x64
		{5029FEE7-00AE-4226-8D42-904F5F061261}.Release|x64.Build.0 = Release|x64
		{5029FEE7-00AE-4226-8D42-904F5F061261}.Release|x86.ActiveCfg = Release|Win32
		{5029FEE7-00AE-4226-8D42-904F5F061261}.Release|x86.Build.0 = Release|Win32
		{4B44E451-2B4F-4D11-9067-CFF49C55C369}.Debug|x64.ActiveCfg = Debug|x64
		{4B44E451-2B4F-4D11-9067-CFF49C55C369}.Debug|x64.Build.0 = Debug|x64
		{4B44E451-2B4F-4D11-9067-CFF49C55C369}.Debug|x86.ActiveCfg = Debug|Win32
		{4B44E451-2B4F-4D11-9067-CFF49C55C369}.Debug|x86.Build.0 = Debug|Win32
		{4B44E451-2B4F-4D11-9067-CFF49C55C369}.Release|x64.ActiveCfg = Release|x64
		{4B44E451-2B4F-4D11-9067-CFF49C55C369}.Release|x64.Build.0 = Release|x64
		{4B44E451-2B4F-4D11-9067-CFF49C55C369}.Release|x86.ActiveCfg = Release|Win32
		{4B44E451-2B4F-4D11-9067-CFF49C55C369}.Release|x86.Build.0 = Release|Win32
		{D5D6A6C2-AE3F-4437-B3C9-60C5F05482CD}.Debug|x64.ActiveCfg = Debug|x64
		{D5D6A6C2-AE3F-4437-B3C9-60C5F05482CD}.Debug|x64.Build.0 = Debug|x64
		{D5D6A6C2-AE3F-4437-B3C9-60C5F05482CD}.Debug|x86.ActiveCfg = Debug|Win32
		{D5D6A6C2-AE3F-4437-B3C9-60C5F05482CD}.Debug|x86.Build.0 = Debug|Win32
		{D5D6A6C2-AE3F-4437-B3C9-60C5F05482CD}.Release|x64.ActiveCfg = Release|x64
		{D5D6A6C2-AE3F-4437-B3C9-60C5F05482CD}.Release|x64.Build.0 = Release|x64
		{D5D6A6C2-AE3F-4437-B3C9-60C5F05482CD}.Release|x86.ActiveCfg = Release|Win32
		{D5D6A6C2-AE3F-4437-B3C9-60C5F05482CD}.Release|x86.Build.0 = Release|Win32
		{796993B9-BD43-444E-96B2-FC8ECD43022B}.Debug|x64.ActiveCfg = Debug|x64
		{796993B9-BD43-444E-96B2-FC8ECD43022B}.Debug|x64.Build.0 = Debug|x64
		{796993B9-BD43-444E-96B2-FC8ECD43022B}.Debug|x86.ActiveCfg = Debug|Win32
		{796993B9-BD43-444E-96B2-FC8ECD43022B}.Debug|x86.Build.0 = Debug|Win32
		{796993B9-BD43-444E-96B2-FC8ECD43022B}.Release|x64.ActiveCfg = Release|x64
		{796993B9-BD43-444E-96B2-FC8ECD43022B}.Release|x64.Build.0 = Release|x64
		{796993B9-BD43-444E-96B2-FC8ECD43022B}.Release|x86.ActiveCfg = Release|Win32
		{796993B9-BD43-444E-96B2-FC8ECD43022B}.Release|x86.Build.0 = Release|Win32
		{BB74C576-1847-486C-8E67-20CFF9916A20}.Debug|x64.ActiveCfg = Debug|x64
		{BB74C576-1847-486C-8E67-20CFF9916A20}.Debug|x64.Build.0 = Debug|x64
		{BB74C576-1847-486C-8E67-20CFF9916A20}.Debug|x86.ActiveCfg = Debug|Win32
		{BB74C576-1847-486C-8E67-20CFF9916A20}.Debug|x86.Build.0 = Debug|Win32
		{BB74C576-1847-486C-8E67-20CFF9916A20}.Release|x64.ActiveCfg = Release|x64
		{BB74C576-1847-486C-8E67-20CFF9916A20}.Release|x64.Build.0 = Release|x64
		{BB74C576-1847-486C-8E67-20CFF9916A20}.Release|x86.ActiveCfg = Release|Win32
		{BB74C576-1847-486C-8E67-20CFF9916A20}.Release|x86.Build.0 = Release|Win32
		{D374699F-7023-4881-A0AF-A7CDFE0D6232}.Debug|x64.ActiveCfg = Debug|x64
		{D374699F-7023-4881-A0AF-A7CDFE0D6232}.Debug|x64.Build.0 = Debug|x64
		{D374699F-7023-4881-A0AF-A7CDFE0D6232}.Debug|x86.ActiveCfg = Debug|Win32
		{D374699F-7023-4881-A0AF-A7CDFE0D6232}.Debug|x86.Build.0 = Debug|Win32
		{D374699F-7023-4881-A0AF-A7CDFE0D6232}.Release|x64.ActiveCfg = Release|x64
		{D374699F-7023-4881-A0AF-A7CDFE0D6232}.Release|x64.Build.0 = Release|x64
		{D374699F-7023-4881-A0AF-A7CDFE0D6232}.Release|x86.ActiveCfg = Release|Win32
		{D374699F-7023-4881-A0AF-A7CDFE0D6232}.Release|x86.Build.0 = Release|Win32
		{0AB85A0F-18ED-4F9A-9439-C65DE3DC98CF}.Debug|x64.ActiveCfg = Debug|x64
		{0AB85A0F-18ED-4F9A-9439-C65DE3DC98CF}.Debug|x64.Build.0 = Debug|x64
		{0AB85A0F-18ED-4F9A-9439-C65DE3DC98CF}.Debug|x86.ActiveCfg = Debug|Win32
		{0AB85A0F-18ED-4F9A-9439-C65DE3DC98CF}.Debug|x86.Build.0 = Debug|Win32
		{0AB85A0F-18ED-4F9A-9439-C65DE3DC98CF}.Release|x64.ActiveCfg = Release|x64
		{0AB85A0F-18ED-4F9A-9439-C65DE3DC98CF}.Release|x64.Build.0 = Release|x64
		{0AB85A0F-18ED-4F9A-9439-C65DE3DC98CF}.Release|x86.ActiveCfg = Release|Win32
		{0AB85A0F-18ED-4F9A-9439-C65DE3DC98CF}.Release|x86.Build.0 = Release|Win32
		{AEED1B54-BEAB-40C1-8F9B-7133C091C084}.Debug|x64.ActiveCfg = Debug|x64
		{AEED1B54-BEAB-40C1-8F9B-7133C091C084}.Debug|x64.Build.0 = Debug|x64
		{AEED1B54-BEAB-40C1-8F9B-7133C091C084}.Debug|x86.ActiveCfg = Debug|Win32
		{AEED1B54-BEAB-40C1-8F9B-7133C091C084}.Debug|x86.Build.0 = Debug|Win32
		{AEED1B54-BEAB-40C1-8F9B-7133C091C084}.Release|x64.ActiveCfg = Release|x64
		{AEED1B54-BEAB-40C1-8F9B-7133C091C084}.Release|x64.Build.0 = Release|x64
		{AEED1B54-BEAB-40C1-8F9B-7133C091C084}.Release|x86.ActiveCfg = Release|Win32
		{AEED1B54-BEAB-40C1-8F9B-7133C091C084}.Release|x86.Build.0 = Release|Win32
		{F77A16A0-45A8-46B0-8AF7-1463C0034D9F}.Debug|x64.ActiveCfg = Debug|x64
		{F77A16A0-45A8-46B0-8AF7-1463C0034D9F}.Debug|x64.Build.0 = Debug|x64
		{F77A16A0-45A8-46B0-8AF7-1463C0034D9F}.Debug|x86.ActiveCfg = Debug|Win32
		{F77A16A0-45A8-46B0-8AF7-1463C0034D9F}.Debug|x86.Build.0 = Debug|Win32
		{F77A16A0-45A8-46B0-8AF7-1463C0034D9F}.Release|x64.ActiveCfg = Release|x64
		{F77A16A0-45A8-46B0-8AF7-1463C0034D9F}.Release|x64.Build.0 = Release|x64
		{F77A16A0-45A8-46B0-8AF7-1463C0034D9F}.Release|x86.ActiveCfg = Release|Win32
		{F77A16A0-45A8-46B0-8AF7-1463C0034D9F}.Release|x86.Build.0 = Release|Win32
		{41B96FB3-4E1C-4768-98C5-3EBE8337112C}.Debug|x64.ActiveCfg = Debug|x64
		{41B96FB3-4E1C-4768-98C5-3EBE8337112C}.Debug|x64.Build.0 = Debug|x64
		{41B96FB3-4E1C-4768-98C5-3EBE8337112C}.Debug|x86.ActiveCfg = Debug|Win32
		{41B96FB3-4E1C-4768-98C5-3EBE8337112C}.Debug|x86.Build.0 = Debug|Win32
		{41B96FB3-4E1C-4768-98C5-3EBE8337112C}.Release|x64.ActiveCfg = Release|x64
		{41B96FB3-4E1C-4768-98C5-3EBE8337112C}.Release|x64.Build.0 = Release|x64
		{41B96FB3-4E1C-4768-98C5-3EBE8337112C}.Release|x86.ActiveCfg = Release|Win32
		{41B96FB3-4E1C-4768-98C5-3EBE8337112C}.Release|x86.Build.0 = Release|Win32
		{B689EFC8-9929-4AD6-96F2-78E5A91B0441}.Debug|x64.ActiveCfg = Debug|x64
		{B689EFC8-9929-4AD6-96F2-78E5A91B0441}.Debug|x64.Build.0 = Debug|x64
		{B689EFC8-9929-4AD6-96F2-78E5A91B0441}.Debug|x86.ActiveCfg = Debug|Win32
		{B689EFC8-9929-4AD6-96F2-78E5A91B0441}.Debug|x86.Build.0 = Debug|Win32
		{B689EFC8-9929-4AD6-96F2-78E5A91B0441}.Release|x64.ActiveCfg = Release|x64
		{B689EFC8-9929-4AD6-96F2-78E5A91B0441}.Release|x64.Build.0 = Release|x64
		{B689EFC8-9929-4AD6-96F2-78E5A91B0441}.Release|x86.ActiveCfg = Release|Win32
		{B689EFC8-9929-4AD6-96F2-78E5A91B0441}.Release|x86.Build.0 = Release|Win32
		{AD95F1EF-E294-4225-B18C-3ED18A946BEB}.Debug|x64.ActiveCfg = Debug|x64
		{AD95F1EF-E294-4225-B18C-3ED18A946BEB}.Debug|x64.Build.0 = Debug|x64
		{AD95F1EF-E294-4225-B18C-3ED18A946BEB}.Debug|x86.ActiveCfg = Debug|Win32
		{AD95F1EF-E294-4225-B18C-3ED18A946BEB}.Debug|x86.Build.0 = Debug|Win32
		{AD95F1EF-E294-4225-B18C-3ED18A946BEB}.Release|x64.ActiveCfg = Release|x64
		{AD95F1EF-E294-4225-B18C-3ED18A946BEB}.Release|x64.Build.0 = Release|x64
		{AD95F1EF-E294-4225-B18C-3ED18A946BEB}.Release|x86.ActiveCfg = Release|Win32
		{AD95F1EF-E294-4225-B18C-3ED18A946BEB}.Release|x86.Build.0 = Release|Win32
		{1BAE78D3-2E3E-4EF1-82F8-BF0E52C8BA1F}.Debug|x64.ActiveCfg = Debug|x64
		{1BAE78D3-2E3E-4EF1-82F8-BF0E52C8BA1F}.Debug|x64.Build.0 = Debug|x64
		{1BAE78D3-2E3E-4EF1-82F8-BF0E52C8BA1F}.Debug|x86.ActiveCfg = Debug|Win32
		{1BAE78D3-2E3E-4EF1-82F8-BF0E52C8BA1F}.Debug|x86.Build.0 = Debug|Win32
		{1BAE78D3-2E3E-4EF1-82F8-BF0E52C8BA1F}.Release|x64.ActiveCfg = Release|x64
		{1BAE78D3-2E3E-4EF1-82F8-BF0E52C8BA1F}.Release|x64.Build.0 = Release|x64
		{1BAE78D3-2E3E-4EF1-82F8-BF0E52C8BA1F}.Release|x86.ActiveCfg = Release|Win32
		{1BAE78D3-2E3E-4EF1-82F8-BF0E52C8BA1F}.Release|x86.Build.0 = Release|Win32
		{7AEE8FA9-CD72-4CF8-B161-E6EDB4CE7012}.Debug|x64.ActiveCfg = Debug|x64
		{7AEE8FA9-CD72-4CF8-B161-E6EDB4CE7012}.Debug|x64.Build.0 = Debug|x64
		{7AEE8FA9-CD72-4CF8-B161-E6EDB4CE7012}.Debug|x86.ActiveCfg = Debug|Win32
		{7AEE8FA9-CD72-4CF8-B161-E6EDB4CE7012}.Debug|x86.Build.0 = Debug|Win32
		{7AEE8FA9-CD72-4CF8-B161-E6EDB4CE7012}.Release|x64.ActiveCfg = Release|x64
		{7AEE8FA9-CD72-4CF8-B161-E6EDB4CE7012}.Release|x64.Build.0 = Release|x64
		{7AEE8FA9-CD72-4CF8-B161-E6EDB4CE7012}.Release|x86.ActiveCfg = Release|Win32
		{7AEE8FA9-CD72-4CF8-B161-E6EDB4CE7012}.Release|x86.Build.0 = Release|Win32
		{F4C949C2-8246-49DF-8F35-3CD8715258DD}.Debug|x64.ActiveCfg = Debug|x64
		{F4C949C2-8246-49DF-8F35-3CD8715258DD}.Debug|x64.Build.0 = Debug|x64
		{F4C949C2-8246-49DF-8F35-3CD8715258DD}.Debug|x86.ActiveCfg = Debug|Win32
		{F4C949C2-8246-49DF-8F35-3CD8715258DD}.Debug|x86.Build.0 = Debug|Win32
		{F4C949C2-8246-49DF-8F35-3CD8715258DD}.Release|x64.ActiveCfg = Release|x64
		{F4C949C2-8246-49DF-8F35-3CD8715258DD}.Release|x64.Build.0 = Release|x64
		{F4C949C2-8246-49DF-8F35-3CD8715258DD}.Release|x86.ActiveCfg = Release|Win32
		{F4C949C2-8246-49DF-8F35-3CD8715258DD}.Release|x86.Build.0 = Release|Win32
		{48032DDF-3776-46BA-ABE3-5F04DE1A6D03}.Debug|x64.ActiveCfg = Debug|x64
		{48032DDF-3776-46BA-ABE3-5F04DE1A6D03}.Debug|x64.Build.0 = Debug|x64
		{48032DDF-3776-46BA-ABE3-5F04DE1A6D03}.Debug|x86.ActiveCfg = Debug|Win32
		{48032DDF-3776-46BA-ABE3-5F04DE1A6D03}.Debug|x86.Build.0 = Debug|Win32
		{48032DDF-3776-46BA-ABE3-5F04DE1A6D03}.Release|x64.ActiveCfg = Release|x64
		{48032DDF-3776-46BA-ABE3-5F04DE1A6D03}.Release|x64.Build.0 = Release|x64
		{48032DDF-3776-46BA-ABE3-5F04DE1A6D03}.Release|x86.ActiveCfg = Release|Win32
		{48032DDF-3776-46BA-ABE3-5F04DE1A6D03}.Release|x86.Build.0 = Release|Win32
		{16FCC3C1-093F-4DC7-9CCA-42F179294336}.Debug|x64.ActiveCfg = Debug|x64
		{16FCC3C1-093F-4DC7-9CCA-42F179294336}.Debug|x64.Build.0 = Debug|x64
		{16FCC3C1-093F-4DC7-9CCA-42F179294336}.Debug|x86.ActiveCfg = Debug|Win32
		{16FCC3C1-093F-4DC7-9CCA-42F179294336}.Debug|x86.Build.0 = Debug|Win32
		{16FCC3C1-093F-4DC7-9CCA-42F179294336}.Release|x64.ActiveCfg = Release|x64
		{16FCC3C1-093F-4DC7-9CCA-42F179294336}.Release|x64.Build.0 = Release|x64
		{16FCC3C1-093F-4DC7-9CCA-42F179294336}.Release|x86.ActiveCfg = Release|Win32
		{16FCC3C1-093F-4DC7-9CCA-42F179294336}.Release|x86.Build.0 = Release|Win32
		{D6BEB6B1-AB0D-4BEF-911D-FFE1E9CDC9B2}.Debug|x64.ActiveCfg = Debug|x64
		{D6BEB6B1-AB0D-4BEF-911D-FFE1E9CDC9B2}.Debug|x64.Build.0 = Debug|x64
		{D6BEB6B1-AB0D-4BEF-911D-FFE1E9CDC9B2}.Debug|x86.ActiveCfg = Debug|Win32
		{D6BEB6B1-AB0D-4BEF-911D-FFE1E9CDC9B2}.Debug|x86.Build.0 = Debug|Win32
		{D6BEB6B1-AB0D-4BEF-911D-FFE1E9CDC9B2}.Release|x64.ActiveCfg = Release|x64
		{D6BEB6B1-AB0D-4BEF-911D-FFE1E9CDC9B2}.Release|x64.Build.0 = Release|x64
		{D6BEB6B1-AB0D-4BEF-911D-FFE1E9CDC9B2}.Release|x86.ActiveCfg = Release|Win32
		{D6BEB6B1-AB0D-4BEF-911D-FFE1E9CDC9B2}.Release|x86.Build.0 = Release|Win32
		{5385A68B-90FD-4BC9-90B6-EEEF4819D730}.Debug|x64.ActiveCfg = Debug|x64
		{5385A68B-90FD-4BC9-90B6-EEEF4819D730}.Debug|x64.Build.0 = Debug|x64
		{5385A68B-90FD-4BC9-90B6-EEEF4819D730}.Debug|x86.ActiveCfg = Debug|Win32
		{5385A68B-90FD-4BC9-90B6-EEEF4819D730}.Debug|x86.Build.0 = Debug|Win32
		{5385A68B-90FD-4BC9-90B6-EEEF4819D730}.Release|x64.ActiveCfg = Release|x64
		{5385A68B-90FD-4BC9-90B6-EEEF4819D730}.Release|x64.Build.0 = Release|x64
		{5385A68B-90FD-4BC9-90B6-EEEF4819D730}.Release|x86.ActiveCfg = Release|Win32
		{5385A68B-90FD-4BC9-90B6-EEEF4819D730}.Release|x86.Build.0 = Release|Win32
		{3D469A2B-9309-4626-80EC-F51C6D02E704}.Debug|x64.ActiveCfg = Debug|x64
		{3D469A2B-9309-4626-80EC-F51C6D02E704}.Debug|x64.Build.0 = Debug|x64
		{3D469A2B-9309-4626-80EC-F51C6D02E704}.Debug|x86.ActiveCfg = Debug|Win32
		{3D469A2B-9309-4626-80EC-F51C6D02E704}.Debug|x86.Build.0 = Debug|Win32
		{3D469A2B-9309-4626-80EC-F51C6D02E704}.Release|x64.ActiveCfg = Release|x64
		{3D469A2B-9309-4626-80EC-F51C6D02E704}.Release|x64.Build.0 = Release|x64
		{3D469A2B-9309-4626-80EC-F51C6D02E704}.Release|x86.ActiveCfg = Release|Win32
		{3D469A2B-9309-4626-80EC-F51C6D02E704}.Release|x86.Build.0 = Release|Win32
		{EC68B4F4-CB3C-47CC-833E-9E1DE7FE2A9C}.Debug|x64.ActiveCfg = Debug|x64
		{EC68B4F4-CB3C-47CC-833E-9E1DE7FE2A9C}.Debug|x64.Build.0 = Debug|x64
		{EC68B4F4-CB3C-47CC-833E-9E1DE7FE2A9C}.Debug|x86.ActiveCfg = Debug|Win32
		{EC68B4F4-CB3C-47CC-833E-9E1DE7FE2A9C}.Debug|x86.Build.0 = Debug|Win32
		{EC68B4F4-CB3C-47CC-833E-9E1DE7FE2A9C}.Release|x64.ActiveCfg = Release|x64
		{EC68B4F4-CB3C-47CC-833E-9E1DE7FE2A9C}.Release|x64.Build.0 = Release|x64
		{EC68B4F4-CB3C-47CC-833E-9E1DE7FE2A9C}.Release|x86.ActiveCfg = Release|Win32
		{EC68B4F4-CB3C-47CC-833E-9E1DE7FE2A9C}.Release|x86.Build.0 = Release|Win32
		{62AB18B6-B327-4493-84DF-EB9B417770D1}.Debug|x64.ActiveCfg = Debug|x64
		{62AB18B6-B327-4493-84DF-EB9B417770D1}.Debug|x64.Build.0 = Debug|x64
		{62AB18B6-B327-4493-84DF-EB9B417770D1}.Debug|x86.ActiveCfg = Debug|Win32
		{62AB18B6-B327-4493-84DF-EB9B417770D1}.Debug|x86.Build.0 = Debug|Win32
		{62AB18B6-B327-4493-84DF-EB9B417770D1}.Release|x64.ActiveCfg = Release|x64
		{62AB18B6-B327-4493-84DF-EB9B417770D1}.Release|x64.Build.0 = Release|x64
		{62AB18B6-B327-4493-84DF-EB9B417770D1}.Release|x86.ActiveCfg = Release|Win32
		{62AB18B6-B327-4493-84DF-EB9B417770D1}.Release|x86.Build.0 = Release|Win32
		{44A60A94-B12D-456C-9D1A-5589E651C989}.Debug|x64.ActiveCfg = Debug|x64
		{44A60A94-B12D-456C-9D1A-5589E651C989}.Debug|x64.Build.0 = Debug|x64
		{44A60A94-B12D-456C-9D1A-5589E651C989}.Debug|x86.ActiveCfg = Debug|Win32
		{44A60A94-B12D-456C-9D1A-5589E651C989}.Debug|x86.Build.0 = Debug|Win32
		{44A60A94-B12D-456C-9D1A-5589E651C989}.Release|x64.ActiveCfg = Release|x64
		{44A60A94-B12D-456C-9D1A-5589E651C989}.Release|x64.Build.0 = Release|x64
		{44A60A94-B12D-456C-9D1A-5589E651C989}.Release|x86.ActiveCfg = Release|Win32
		{44A60A94-B12D-456C-9D1A-5589E651C989}.Release|x86.Build.0 = Release|Win32
		{D11C09BF-B0F5-474F-8792-14F87B43AEC0}.Debug|x64.ActiveCfg = Debug|x64
		{D11C09BF-B0F5-474F-8792-14F87B43AEC0}.Debug|x64.Build.0 = Debug|x64
		{D11C09BF-B0F5-474F-8792-14F87B43AEC0}.Debug|x86.ActiveCfg = Debug|Win32
		{D11C09BF-B0F5-474F-8792-14F87B43AEC0}.Debug|x86.Build.0 = Debug|Win32
		{D11C09BF-B0F5-474F-8792-14F87B43AEC0}.Release|x64.ActiveCfg = Release|x64
		{D11C09BF-B0F5-474F-8792-14F87B43AEC0}.Release|x64.Build.0 = Release|x64
		{D11C09BF-B0F5-474F-8792-14F87B43AEC0}.Release|x86.ActiveCfg = Release|Win32
		{D11C09BF-B0F5-474F-8792-14F87B43AEC0}.Release|x86.Build.0 = Release|Win32
		{56AD407C-C98D-4FF8-9F57-E567533B6B5B}.Debug|x64.ActiveCfg = Debug|x64
		{56AD407C-C98D-4FF8-9F57-E567533B6B5B}.Debug|x64.Build.0 = Debug|x64
		{56AD407C-C98D-4FF8-9F57-E567533B6B5B}.Debug|x86.ActiveCfg = Debug|Win32
		{56AD407C-C98D-4FF8-9F57-E567533B6B5B}.Debug|x86.Build.0 = Debug|Win32
		{56AD407C-C98D-4FF8-9F57-E567533B6B5B}.Release|x64.ActiveCfg = Release|x64
		{56AD407C-C98D-4FF8-9F57-E567533B6B5B}.Release|x64.Build.0 = Release|x64
		{56AD407C-C98D-4FF8-9F57-E567533B6B5B}.Release|x86.ActiveCfg = Release|Win32
		{56AD407C-C98D-4FF8-9F57-E567533B6B5B}.Release|x86.Build.0 = Release|Win32
		{2D8BEF7E-8BA6-432B-B844-D0D6269A641E}.Debug|x64.ActiveCfg = Debug|x64
		{2D8BEF7E-8BA6-432B-B844-D0D6269A641E}.Debug|x64.Build.0 = Debug|x64
		{2D8BEF7E-8BA6-432B-B844-D0D6269A641E}.Debug|x86.ActiveCfg = Debug|Win32
		{2D8BEF7E-8BA6-432B-B844-D0D6269A641E}.Debug|x86.Build.0 = Debug|Win32
		{2D8BEF7E-8BA6-432B-B844-D0D6269A641E}.Release|x64.ActiveCfg = Release|x64
		{2D8BEF7E-8BA6-432B-B844-D0D6269A641E}.Release|x64.Build.0 = Release|x64
		{2D8BEF7E-8BA6-432B-B844-D0D6269A641E}.Release|x86.ActiveCfg = Release|Win32
		{2D8BEF7E-8BA6-432B-B844-D0D6269A641E}.Release|x86.Build.0 = Release|Win32
		{6CE16B2E-65C5-42EF-AAE4-F92286789E6F}.Debug|x64.ActiveCfg = Debug|x64
		{6CE16B2E-65C5-42EF-AAE4-F92286789E6F}.Debug|x64.Build.0 = Debug|x64
		{6CE16B2E-65C5-42EF-AAE4-F92286789E6F}.Debug|x86.ActiveCfg = Debug|Win32
		{6CE16B2E-65C5-42EF-AAE4-F92286789E6F}.Debug|x86.Build.0 = Debug|Win32
		{6CE16B2E-65C5-42EF-AAE4-F92286789E6F}.Release|x64.ActiveCfg = Release|x64
		{6CE16B2E-65C5-42EF-AAE4-F92286789E6F}.Release|x64.Build.0 = Release|x64
		{6CE16B2E-65C5-42EF-AAE4-F92286789E6F}.Release|x86.ActiveCfg = Release|Win32
		{6CE16B2E-65C5-42EF-AAE4-F92286789E6F}.Release|x86.Build.0 = Release|Win32
		{B8B64F27-A14D-4E8E-A4A0-74706FC033A0}.Debug|x64.ActiveCfg = Debug|x64
		{B8B64F27-A14D-4E8E-A4A0-74706FC033A0}.Debug|x64.Build.0 = Debug|x64
		{B8B64F27-A14D-4E8E-A4A0-74706FC033A0}.Debug|x86.ActiveCfg = Debug|Win32
		{B8B64F27-A14D-4E8E-A4A0-74706FC033A0}.Debug|x86.Build.0 = Debug|Win32
		{B8B64F27-A14D-4E8E-A4A0-74706FC033A0}.Release|x64.ActiveCfg = Release|x64
		{B8B64F27-A14D-4E8E-A4A0-74706FC033A0}.Release|x64.Build.0 = Release|x64
		{B8B64F27-A14D-4E8E-A4A0-74706FC033A0}.Release|x86.ActiveCfg = Release|Win32
		{B8B64F27-A14D-4E8E-A4A0-74706FC033A0}.Release|x86.Build.0 = Release|Win32
		{A7C84083-A380-4B72-9FF2-1406A46F82B6}.Debug|x64.ActiveCfg = Debug|x64
		{A7C84083-A380-4B72-9FF2-1406A46F82B6}.Debug|x64.Build.0 = Debug|x64
		{A7C84083-A380-4B72-9FF2-1406A46F82B6}.Debug|x86.ActiveCfg = Debug|Win32
		{A7C84083-A380-4B72-9FF2-1406A46F82B6}.Debug|x86.Build.0 = Debug|Win32
		{A7C84083-A380-4B72-9FF2-1406A46F82B6}.Release|x64.ActiveCfg = Release|x64
		{A7C84083-A380-4B72-9FF2-1406A46F82B6}.Release|x64.Build.0 = Release|x64
		{A7C84083-A380-4B72-9FF2-1406A46F82B6}.Release|x86.ActiveCfg = Release|Win32
		{A7C84083-A380-4B72-9FF2-1406A46F82B6}.Release|x86.Build.0 = Release|Win32
	EndGlobalSection
	GlobalSection(SolutionProperties) = preSolution
		HideSolutionNode = FALSE
	EndGlobalSection
	GlobalSection(ExtensibilityGlobals) = postSolution
		SolutionGuid = {D6B11175-75C8-4B42-96DE-CBB87B68B903}
	EndGlobalSection
EndGlobal
