
Microsoft Visual Studio Solution File, Format Version 12.00
# Visual Studio 15
VisualStudioVersion = 15.0.28307.136
MinimumVisualStudioVersion = 10.0.40219.1
Project("{8BC9CEB8-8B4A-11D0-8D11-00A0C91BC942}") = "324. Wiggle Sort II", "324. Wiggle Sort II\324. Wiggle Sort II.vcxproj", "{F6A9E633-5A86-4C13-AFF6-B044FA65FA58}"
EndProject
Project("{8BC9CEB8-8B4A-11D0-8D11-00A0C91BC942}") = "6. ZigZag Conversion", "6. ZigZag Conversion\6. ZigZag Conversion.vcxproj", "{F1483B79-5FF6-42F3-8E10-A8C904178FA9}"
EndProject
Project("{8BC9CEB8-8B4A-11D0-8D11-00A0C91BC942}") = "11. Container With Most Water", "11. Container With Most Water\11. Container With Most Water.vcxproj", "{E511480D-8BF4-4A22-88EC-3648772A76BE}"
EndProject
Project("{8BC9CEB8-8B4A-11D0-8D11-00A0C91BC942}") = "12. Integer to Roman", "12. Integer to Roman\12. Integer to Roman.vcxproj", "{746762B1-C1FE-4F75-9121-7F2E399B09EE}"
EndProject
Project("{8BC9CEB8-8B4A-11D0-8D11-00A0C91BC942}") = "15. 3Sum", "15. 3Sum\15. 3Sum.vcxproj", "{0184D149-CB29-4AD2-B986-22B41E8247FE}"
EndProject
Project("{8BC9CEB8-8B4A-11D0-8D11-00A0C91BC942}") = "16. 3Sum Closest", "16. 3Sum Closest\16. 3Sum Closest.vcxproj", "{07E84962-222C-46CB-A939-B80641D1608B}"
EndProject
Project("{8BC9CEB8-8B4A-11D0-8D11-00A0C91BC942}") = "17. Letter Combinations of a Phone Number", "17. Letter Combinations of a Phone Number\17. Letter Combinations of a Phone Number.vcxproj", "{10A5B15A-95F9-42B7-8195-CDF6EF72AD3D}"
EndProject
Project("{8BC9CEB8-8B4A-11D0-8D11-00A0C91BC942}") = "18. 4Sum", "18. 4Sum\18. 4Sum.vcxproj", "{EA7CC08A-451D-4045-8CD3-3BFD82B56203}"
EndProject
Project("{8BC9CEB8-8B4A-11D0-8D11-00A0C91BC942}") = "19. Remove Nth Node From End of List", "19. Remove Nth Node From End of List\19. Remove Nth Node From End of List.vcxproj", "{AE170E95-1257-412D-ACE4-D7AB71A257BD}"
EndProject
Project("{8BC9CEB8-8B4A-11D0-8D11-00A0C91BC942}") = "22. Generate Parentheses", "22. Generate Parentheses\22. Generate Parentheses.vcxproj", "{5EABF71B-C0D1-4BB6-80DD-5FF7EE95379A}"
EndProject
Project("{8BC9CEB8-8B4A-11D0-8D11-00A0C91BC942}") = "24. Swap Nodes in Pairs", "24. Swap Nodes in Pairs\24. Swap Nodes in Pairs.vcxproj", "{4059F79B-7F44-45AA-9219-C8CEA8871A1C}"
EndProject
Project("{8BC9CEB8-8B4A-11D0-8D11-00A0C91BC942}") = "29. Divide Two Integers", "29. Divide Two Integers\29. Divide Two Integers.vcxproj", "{DA556B23-368B-4EF3-8D8B-0CBE5A42CAEC}"
EndProject
Project("{8BC9CEB8-8B4A-11D0-8D11-00A0C91BC942}") = "31. Next Permutation", "31. Next Permutation\31. Next Permutation.vcxproj", "{541E3F43-9B2B-43C6-B22D-AD35E2DEAD6F}"
EndProject
Project("{8BC9CEB8-8B4A-11D0-8D11-00A0C91BC942}") = "33. Search in Rotated Sorted Array", "33. Search in Rotated Sorted Array\33. Search in Rotated Sorted Array.vcxproj", "{EE34832B-F689-47DE-82F8-46DC7C60396B}"
EndProject
Project("{8BC9CEB8-8B4A-11D0-8D11-00A0C91BC942}") = "34. Find First and Last Position of Element in Sorted Array", "34. Find First and Last Position of Element in Sorted Array\34. Find First and Last Position of Element in Sorted Array.vcxproj", "{062F2662-C2FC-494D-BEED-BEBB09EA8133}"
EndProject
Project("{8BC9CEB8-8B4A-11D0-8D11-00A0C91BC942}") = "36. Valid Sudoku", "36. Valid Sudoku\36. Valid Sudoku.vcxproj", "{E01E2D66-F58A-41CB-9F6E-DBFC5D113C1F}"
EndProject
Project("{8BC9CEB8-8B4A-11D0-8D11-00A0C91BC942}") = "39. Combination Sum", "39. Combination Sum\39. Combination Sum.vcxproj", "{E3607910-198B-4C07-B2ED-8CA39FB9A88F}"
EndProject
Project("{8BC9CEB8-8B4A-11D0-8D11-00A0C91BC942}") = "40. Combination Sum II", "40. Combination Sum II\40. Combination Sum II.vcxproj", "{D23F1E94-DFB2-4FBE-8895-4FAB5283992F}"
EndProject
Project("{8BC9CEB8-8B4A-11D0-8D11-00A0C91BC942}") = "46. Permutations", "46. Permutations\46. Permutations.vcxproj", "{C4614C5A-C31A-40A9-AB0C-7C176710F52C}"
EndProject
Project("{8BC9CEB8-8B4A-11D0-8D11-00A0C91BC942}") = "47. Permutations II", "Permutations II\Permutations II.vcxproj", "{2B6FFB06-C785-4302-8282-CD41BF628EAB}"
EndProject
Project("{8BC9CEB8-8B4A-11D0-8D11-00A0C91BC942}") = "48. Rotate Image", "48. Rotate Image\48. Rotate Image.vcxproj", "{D7FE8D0F-EBAA-4519-A6C3-DCAF12F1355B}"
EndProject
Project("{8BC9CEB8-8B4A-11D0-8D11-00A0C91BC942}") = "49. Group Anagrams", "49. Group Anagrams\49. Group Anagrams.vcxproj", "{12DCF311-976D-44F5-AA01-B361B91F6FAC}"
EndProject
Project("{8BC9CEB8-8B4A-11D0-8D11-00A0C91BC942}") = "50. Pow(x, n)", "50. Pow(x, n)\50. Pow(x, n).vcxproj", "{FE53B1C8-E42F-4DDD-9526-BF2DC7A23C07}"
EndProject
Project("{8BC9CEB8-8B4A-11D0-8D11-00A0C91BC942}") = "59. Spiral Matrix II", "59. Spiral Matrix II\59. Spiral Matrix II.vcxproj", "{1C220A80-A7A5-4811-9261-4ED4C698444A}"
EndProject
Project("{8BC9CEB8-8B4A-11D0-8D11-00A0C91BC942}") = "54. Spiral Matrix", "54. Spiral Matrix\54. Spiral Matrix.vcxproj", "{2E055FC4-9626-4D50-B944-3680858B5523}"
EndProject
Global
	GlobalSection(SolutionConfigurationPlatforms) = preSolution
		Debug|x64 = Debug|x64
		Debug|x86 = Debug|x86
		Release|x64 = Release|x64
		Release|x86 = Release|x86
	EndGlobalSection
	GlobalSection(ProjectConfigurationPlatforms) = postSolution
		{F6A9E633-5A86-4C13-AFF6-B044FA65FA58}.Debug|x64.ActiveCfg = Debug|x64
		{F6A9E633-5A86-4C13-AFF6-B044FA65FA58}.Debug|x64.Build.0 = Debug|x64
		{F6A9E633-5A86-4C13-AFF6-B044FA65FA58}.Debug|x86.ActiveCfg = Debug|Win32
		{F6A9E633-5A86-4C13-AFF6-B044FA65FA58}.Debug|x86.Build.0 = Debug|Win32
		{F6A9E633-5A86-4C13-AFF6-B044FA65FA58}.Release|x64.ActiveCfg = Release|x64
		{F6A9E633-5A86-4C13-AFF6-B044FA65FA58}.Release|x64.Build.0 = Release|x64
		{F6A9E633-5A86-4C13-AFF6-B044FA65FA58}.Release|x86.ActiveCfg = Release|Win32
		{F6A9E633-5A86-4C13-AFF6-B044FA65FA58}.Release|x86.Build.0 = Release|Win32
		{F1483B79-5FF6-42F3-8E10-A8C904178FA9}.Debug|x64.ActiveCfg = Debug|x64
		{F1483B79-5FF6-42F3-8E10-A8C904178FA9}.Debug|x64.Build.0 = Debug|x64
		{F1483B79-5FF6-42F3-8E10-A8C904178FA9}.Debug|x86.ActiveCfg = Debug|Win32
		{F1483B79-5FF6-42F3-8E10-A8C904178FA9}.Debug|x86.Build.0 = Debug|Win32
		{F1483B79-5FF6-42F3-8E10-A8C904178FA9}.Release|x64.ActiveCfg = Release|x64
		{F1483B79-5FF6-42F3-8E10-A8C904178FA9}.Release|x64.Build.0 = Release|x64
		{F1483B79-5FF6-42F3-8E10-A8C904178FA9}.Release|x86.ActiveCfg = Release|Win32
		{F1483B79-5FF6-42F3-8E10-A8C904178FA9}.Release|x86.Build.0 = Release|Win32
		{E511480D-8BF4-4A22-88EC-3648772A76BE}.Debug|x64.ActiveCfg = Debug|x64
		{E511480D-8BF4-4A22-88EC-3648772A76BE}.Debug|x64.Build.0 = Debug|x64
		{E511480D-8BF4-4A22-88EC-3648772A76BE}.Debug|x86.ActiveCfg = Debug|Win32
		{E511480D-8BF4-4A22-88EC-3648772A76BE}.Debug|x86.Build.0 = Debug|Win32
		{E511480D-8BF4-4A22-88EC-3648772A76BE}.Release|x64.ActiveCfg = Release|x64
		{E511480D-8BF4-4A22-88EC-3648772A76BE}.Release|x64.Build.0 = Release|x64
		{E511480D-8BF4-4A22-88EC-3648772A76BE}.Release|x86.ActiveCfg = Release|Win32
		{E511480D-8BF4-4A22-88EC-3648772A76BE}.Release|x86.Build.0 = Release|Win32
		{746762B1-C1FE-4F75-9121-7F2E399B09EE}.Debug|x64.ActiveCfg = Debug|x64
		{746762B1-C1FE-4F75-9121-7F2E399B09EE}.Debug|x64.Build.0 = Debug|x64
		{746762B1-C1FE-4F75-9121-7F2E399B09EE}.Debug|x86.ActiveCfg = Debug|Win32
		{746762B1-C1FE-4F75-9121-7F2E399B09EE}.Debug|x86.Build.0 = Debug|Win32
		{746762B1-C1FE-4F75-9121-7F2E399B09EE}.Release|x64.ActiveCfg = Release|x64
		{746762B1-C1FE-4F75-9121-7F2E399B09EE}.Release|x64.Build.0 = Release|x64
		{746762B1-C1FE-4F75-9121-7F2E399B09EE}.Release|x86.ActiveCfg = Release|Win32
		{746762B1-C1FE-4F75-9121-7F2E399B09EE}.Release|x86.Build.0 = Release|Win32
		{0184D149-CB29-4AD2-B986-22B41E8247FE}.Debug|x64.ActiveCfg = Debug|x64
		{0184D149-CB29-4AD2-B986-22B41E8247FE}.Debug|x64.Build.0 = Debug|x64
		{0184D149-CB29-4AD2-B986-22B41E8247FE}.Debug|x86.ActiveCfg = Debug|Win32
		{0184D149-CB29-4AD2-B986-22B41E8247FE}.Debug|x86.Build.0 = Debug|Win32
		{0184D149-CB29-4AD2-B986-22B41E8247FE}.Release|x64.ActiveCfg = Release|x64
		{0184D149-CB29-4AD2-B986-22B41E8247FE}.Release|x64.Build.0 = Release|x64
		{0184D149-CB29-4AD2-B986-22B41E8247FE}.Release|x86.ActiveCfg = Release|Win32
		{0184D149-CB29-4AD2-B986-22B41E8247FE}.Release|x86.Build.0 = Release|Win32
		{07E84962-222C-46CB-A939-B80641D1608B}.Debug|x64.ActiveCfg = Debug|x64
		{07E84962-222C-46CB-A939-B80641D1608B}.Debug|x64.Build.0 = Debug|x64
		{07E84962-222C-46CB-A939-B80641D1608B}.Debug|x86.ActiveCfg = Debug|Win32
		{07E84962-222C-46CB-A939-B80641D1608B}.Debug|x86.Build.0 = Debug|Win32
		{07E84962-222C-46CB-A939-B80641D1608B}.Release|x64.ActiveCfg = Release|x64
		{07E84962-222C-46CB-A939-B80641D1608B}.Release|x64.Build.0 = Release|x64
		{07E84962-222C-46CB-A939-B80641D1608B}.Release|x86.ActiveCfg = Release|Win32
		{07E84962-222C-46CB-A939-B80641D1608B}.Release|x86.Build.0 = Release|Win32
		{10A5B15A-95F9-42B7-8195-CDF6EF72AD3D}.Debug|x64.ActiveCfg = Debug|x64
		{10A5B15A-95F9-42B7-8195-CDF6EF72AD3D}.Debug|x64.Build.0 = Debug|x64
		{10A5B15A-95F9-42B7-8195-CDF6EF72AD3D}.Debug|x86.ActiveCfg = Debug|Win32
		{10A5B15A-95F9-42B7-8195-CDF6EF72AD3D}.Debug|x86.Build.0 = Debug|Win32
		{10A5B15A-95F9-42B7-8195-CDF6EF72AD3D}.Release|x64.ActiveCfg = Release|x64
		{10A5B15A-95F9-42B7-8195-CDF6EF72AD3D}.Release|x64.Build.0 = Release|x64
		{10A5B15A-95F9-42B7-8195-CDF6EF72AD3D}.Release|x86.ActiveCfg = Release|Win32
		{10A5B15A-95F9-42B7-8195-CDF6EF72AD3D}.Release|x86.Build.0 = Release|Win32
		{EA7CC08A-451D-4045-8CD3-3BFD82B56203}.Debug|x64.ActiveCfg = Debug|x64
		{EA7CC08A-451D-4045-8CD3-3BFD82B56203}.Debug|x64.Build.0 = Debug|x64
		{EA7CC08A-451D-4045-8CD3-3BFD82B56203}.Debug|x86.ActiveCfg = Debug|Win32
		{EA7CC08A-451D-4045-8CD3-3BFD82B56203}.Debug|x86.Build.0 = Debug|Win32
		{EA7CC08A-451D-4045-8CD3-3BFD82B56203}.Release|x64.ActiveCfg = Release|x64
		{EA7CC08A-451D-4045-8CD3-3BFD82B56203}.Release|x64.Build.0 = Release|x64
		{EA7CC08A-451D-4045-8CD3-3BFD82B56203}.Release|x86.ActiveCfg = Release|Win32
		{EA7CC08A-451D-4045-8CD3-3BFD82B56203}.Release|x86.Build.0 = Release|Win32
		{AE170E95-1257-412D-ACE4-D7AB71A257BD}.Debug|x64.ActiveCfg = Debug|x64
		{AE170E95-1257-412D-ACE4-D7AB71A257BD}.Debug|x64.Build.0 = Debug|x64
		{AE170E95-1257-412D-ACE4-D7AB71A257BD}.Debug|x86.ActiveCfg = Debug|Win32
		{AE170E95-1257-412D-ACE4-D7AB71A257BD}.Debug|x86.Build.0 = Debug|Win32
		{AE170E95-1257-412D-ACE4-D7AB71A257BD}.Release|x64.ActiveCfg = Release|x64
		{AE170E95-1257-412D-ACE4-D7AB71A257BD}.Release|x64.Build.0 = Release|x64
		{AE170E95-1257-412D-ACE4-D7AB71A257BD}.Release|x86.ActiveCfg = Release|Win32
		{AE170E95-1257-412D-ACE4-D7AB71A257BD}.Release|x86.Build.0 = Release|Win32
		{5EABF71B-C0D1-4BB6-80DD-5FF7EE95379A}.Debug|x64.ActiveCfg = Debug|x64
		{5EABF71B-C0D1-4BB6-80DD-5FF7EE95379A}.Debug|x64.Build.0 = Debug|x64
		{5EABF71B-C0D1-4BB6-80DD-5FF7EE95379A}.Debug|x86.ActiveCfg = Debug|Win32
		{5EABF71B-C0D1-4BB6-80DD-5FF7EE95379A}.Debug|x86.Build.0 = Debug|Win32
		{5EABF71B-C0D1-4BB6-80DD-5FF7EE95379A}.Release|x64.ActiveCfg = Release|x64
		{5EABF71B-C0D1-4BB6-80DD-5FF7EE95379A}.Release|x64.Build.0 = Release|x64
		{5EABF71B-C0D1-4BB6-80DD-5FF7EE95379A}.Release|x86.ActiveCfg = Release|Win32
		{5EABF71B-C0D1-4BB6-80DD-5FF7EE95379A}.Release|x86.Build.0 = Release|Win32
		{4059F79B-7F44-45AA-9219-C8CEA8871A1C}.Debug|x64.ActiveCfg = Debug|x64
		{4059F79B-7F44-45AA-9219-C8CEA8871A1C}.Debug|x64.Build.0 = Debug|x64
		{4059F79B-7F44-45AA-9219-C8CEA8871A1C}.Debug|x86.ActiveCfg = Debug|Win32
		{4059F79B-7F44-45AA-9219-C8CEA8871A1C}.Debug|x86.Build.0 = Debug|Win32
		{4059F79B-7F44-45AA-9219-C8CEA8871A1C}.Release|x64.ActiveCfg = Release|x64
		{4059F79B-7F44-45AA-9219-C8CEA8871A1C}.Release|x64.Build.0 = Release|x64
		{4059F79B-7F44-45AA-9219-C8CEA8871A1C}.Release|x86.ActiveCfg = Release|Win32
		{4059F79B-7F44-45AA-9219-C8CEA8871A1C}.Release|x86.Build.0 = Release|Win32
		{DA556B23-368B-4EF3-8D8B-0CBE5A42CAEC}.Debug|x64.ActiveCfg = Debug|x64
		{DA556B23-368B-4EF3-8D8B-0CBE5A42CAEC}.Debug|x64.Build.0 = Debug|x64
		{DA556B23-368B-4EF3-8D8B-0CBE5A42CAEC}.Debug|x86.ActiveCfg = Debug|Win32
		{DA556B23-368B-4EF3-8D8B-0CBE5A42CAEC}.Debug|x86.Build.0 = Debug|Win32
		{DA556B23-368B-4EF3-8D8B-0CBE5A42CAEC}.Release|x64.ActiveCfg = Release|x64
		{DA556B23-368B-4EF3-8D8B-0CBE5A42CAEC}.Release|x64.Build.0 = Release|x64
		{DA556B23-368B-4EF3-8D8B-0CBE5A42CAEC}.Release|x86.ActiveCfg = Release|Win32
		{DA556B23-368B-4EF3-8D8B-0CBE5A42CAEC}.Release|x86.Build.0 = Release|Win32
		{541E3F43-9B2B-43C6-B22D-AD35E2DEAD6F}.Debug|x64.ActiveCfg = Debug|x64
		{541E3F43-9B2B-43C6-B22D-AD35E2DEAD6F}.Debug|x64.Build.0 = Debug|x64
		{541E3F43-9B2B-43C6-B22D-AD35E2DEAD6F}.Debug|x86.ActiveCfg = Debug|Win32
		{541E3F43-9B2B-43C6-B22D-AD35E2DEAD6F}.Debug|x86.Build.0 = Debug|Win32
		{541E3F43-9B2B-43C6-B22D-AD35E2DEAD6F}.Release|x64.ActiveCfg = Release|x64
		{541E3F43-9B2B-43C6-B22D-AD35E2DEAD6F}.Release|x64.Build.0 = Release|x64
		{541E3F43-9B2B-43C6-B22D-AD35E2DEAD6F}.Release|x86.ActiveCfg = Release|Win32
		{541E3F43-9B2B-43C6-B22D-AD35E2DEAD6F}.Release|x86.Build.0 = Release|Win32
		{EE34832B-F689-47DE-82F8-46DC7C60396B}.Debug|x64.ActiveCfg = Debug|x64
		{EE34832B-F689-47DE-82F8-46DC7C60396B}.Debug|x64.Build.0 = Debug|x64
		{EE34832B-F689-47DE-82F8-46DC7C60396B}.Debug|x86.ActiveCfg = Debug|Win32
		{EE34832B-F689-47DE-82F8-46DC7C60396B}.Debug|x86.Build.0 = Debug|Win32
		{EE34832B-F689-47DE-82F8-46DC7C60396B}.Release|x64.ActiveCfg = Release|x64
		{EE34832B-F689-47DE-82F8-46DC7C60396B}.Release|x64.Build.0 = Release|x64
		{EE34832B-F689-47DE-82F8-46DC7C60396B}.Release|x86.ActiveCfg = Release|Win32
		{EE34832B-F689-47DE-82F8-46DC7C60396B}.Release|x86.Build.0 = Release|Win32
		{062F2662-C2FC-494D-BEED-BEBB09EA8133}.Debug|x64.ActiveCfg = Debug|x64
		{062F2662-C2FC-494D-BEED-BEBB09EA8133}.Debug|x64.Build.0 = Debug|x64
		{062F2662-C2FC-494D-BEED-BEBB09EA8133}.Debug|x86.ActiveCfg = Debug|Win32
		{062F2662-C2FC-494D-BEED-BEBB09EA8133}.Debug|x86.Build.0 = Debug|Win32
		{062F2662-C2FC-494D-BEED-BEBB09EA8133}.Release|x64.ActiveCfg = Release|x64
		{062F2662-C2FC-494D-BEED-BEBB09EA8133}.Release|x64.Build.0 = Release|x64
		{062F2662-C2FC-494D-BEED-BEBB09EA8133}.Release|x86.ActiveCfg = Release|Win32
		{062F2662-C2FC-494D-BEED-BEBB09EA8133}.Release|x86.Build.0 = Release|Win32
		{E01E2D66-F58A-41CB-9F6E-DBFC5D113C1F}.Debug|x64.ActiveCfg = Debug|x64
		{E01E2D66-F58A-41CB-9F6E-DBFC5D113C1F}.Debug|x64.Build.0 = Debug|x64
		{E01E2D66-F58A-41CB-9F6E-DBFC5D113C1F}.Debug|x86.ActiveCfg = Debug|Win32
		{E01E2D66-F58A-41CB-9F6E-DBFC5D113C1F}.Debug|x86.Build.0 = Debug|Win32
		{E01E2D66-F58A-41CB-9F6E-DBFC5D113C1F}.Release|x64.ActiveCfg = Release|x64
		{E01E2D66-F58A-41CB-9F6E-DBFC5D113C1F}.Release|x64.Build.0 = Release|x64
		{E01E2D66-F58A-41CB-9F6E-DBFC5D113C1F}.Release|x86.ActiveCfg = Release|Win32
		{E01E2D66-F58A-41CB-9F6E-DBFC5D113C1F}.Release|x86.Build.0 = Release|Win32
		{E3607910-198B-4C07-B2ED-8CA39FB9A88F}.Debug|x64.ActiveCfg = Debug|x64
		{E3607910-198B-4C07-B2ED-8CA39FB9A88F}.Debug|x64.Build.0 = Debug|x64
		{E3607910-198B-4C07-B2ED-8CA39FB9A88F}.Debug|x86.ActiveCfg = Debug|Win32
		{E3607910-198B-4C07-B2ED-8CA39FB9A88F}.Debug|x86.Build.0 = Debug|Win32
		{E3607910-198B-4C07-B2ED-8CA39FB9A88F}.Release|x64.ActiveCfg = Release|x64
		{E3607910-198B-4C07-B2ED-8CA39FB9A88F}.Release|x64.Build.0 = Release|x64
		{E3607910-198B-4C07-B2ED-8CA39FB9A88F}.Release|x86.ActiveCfg = Release|Win32
		{E3607910-198B-4C07-B2ED-8CA39FB9A88F}.Release|x86.Build.0 = Release|Win32
		{D23F1E94-DFB2-4FBE-8895-4FAB5283992F}.Debug|x64.ActiveCfg = Debug|x64
		{D23F1E94-DFB2-4FBE-8895-4FAB5283992F}.Debug|x64.Build.0 = Debug|x64
		{D23F1E94-DFB2-4FBE-8895-4FAB5283992F}.Debug|x86.ActiveCfg = Debug|Win32
		{D23F1E94-DFB2-4FBE-8895-4FAB5283992F}.Debug|x86.Build.0 = Debug|Win32
		{D23F1E94-DFB2-4FBE-8895-4FAB5283992F}.Release|x64.ActiveCfg = Release|x64
		{D23F1E94-DFB2-4FBE-8895-4FAB5283992F}.Release|x64.Build.0 = Release|x64
		{D23F1E94-DFB2-4FBE-8895-4FAB5283992F}.Release|x86.ActiveCfg = Release|Win32
		{D23F1E94-DFB2-4FBE-8895-4FAB5283992F}.Release|x86.Build.0 = Release|Win32
		{C4614C5A-C31A-40A9-AB0C-7C176710F52C}.Debug|x64.ActiveCfg = Debug|x64
		{C4614C5A-C31A-40A9-AB0C-7C176710F52C}.Debug|x64.Build.0 = Debug|x64
		{C4614C5A-C31A-40A9-AB0C-7C176710F52C}.Debug|x86.ActiveCfg = Debug|Win32
		{C4614C5A-C31A-40A9-AB0C-7C176710F52C}.Debug|x86.Build.0 = Debug|Win32
		{C4614C5A-C31A-40A9-AB0C-7C176710F52C}.Release|x64.ActiveCfg = Release|x64
		{C4614C5A-C31A-40A9-AB0C-7C176710F52C}.Release|x64.Build.0 = Release|x64
		{C4614C5A-C31A-40A9-AB0C-7C176710F52C}.Release|x86.ActiveCfg = Release|Win32
		{C4614C5A-C31A-40A9-AB0C-7C176710F52C}.Release|x86.Build.0 = Release|Win32
		{2B6FFB06-C785-4302-8282-CD41BF628EAB}.Debug|x64.ActiveCfg = Debug|x64
		{2B6FFB06-C785-4302-8282-CD41BF628EAB}.Debug|x64.Build.0 = Debug|x64
		{2B6FFB06-C785-4302-8282-CD41BF628EAB}.Debug|x86.ActiveCfg = Debug|Win32
		{2B6FFB06-C785-4302-8282-CD41BF628EAB}.Debug|x86.Build.0 = Debug|Win32
		{2B6FFB06-C785-4302-8282-CD41BF628EAB}.Release|x64.ActiveCfg = Release|x64
		{2B6FFB06-C785-4302-8282-CD41BF628EAB}.Release|x64.Build.0 = Release|x64
		{2B6FFB06-C785-4302-8282-CD41BF628EAB}.Release|x86.ActiveCfg = Release|Win32
		{2B6FFB06-C785-4302-8282-CD41BF628EAB}.Release|x86.Build.0 = Release|Win32
		{D7FE8D0F-EBAA-4519-A6C3-DCAF12F1355B}.Debug|x64.ActiveCfg = Debug|x64
		{D7FE8D0F-EBAA-4519-A6C3-DCAF12F1355B}.Debug|x64.Build.0 = Debug|x64
		{D7FE8D0F-EBAA-4519-A6C3-DCAF12F1355B}.Debug|x86.ActiveCfg = Debug|Win32
		{D7FE8D0F-EBAA-4519-A6C3-DCAF12F1355B}.Debug|x86.Build.0 = Debug|Win32
		{D7FE8D0F-EBAA-4519-A6C3-DCAF12F1355B}.Release|x64.ActiveCfg = Release|x64
		{D7FE8D0F-EBAA-4519-A6C3-DCAF12F1355B}.Release|x64.Build.0 = Release|x64
		{D7FE8D0F-EBAA-4519-A6C3-DCAF12F1355B}.Release|x86.ActiveCfg = Release|Win32
		{D7FE8D0F-EBAA-4519-A6C3-DCAF12F1355B}.Release|x86.Build.0 = Release|Win32
		{12DCF311-976D-44F5-AA01-B361B91F6FAC}.Debug|x64.ActiveCfg = Debug|x64
		{12DCF311-976D-44F5-AA01-B361B91F6FAC}.Debug|x64.Build.0 = Debug|x64
		{12DCF311-976D-44F5-AA01-B361B91F6FAC}.Debug|x86.ActiveCfg = Debug|Win32
		{12DCF311-976D-44F5-AA01-B361B91F6FAC}.Debug|x86.Build.0 = Debug|Win32
		{12DCF311-976D-44F5-AA01-B361B91F6FAC}.Release|x64.ActiveCfg = Release|x64
		{12DCF311-976D-44F5-AA01-B361B91F6FAC}.Release|x64.Build.0 = Release|x64
		{12DCF311-976D-44F5-AA01-B361B91F6FAC}.Release|x86.ActiveCfg = Release|Win32
		{12DCF311-976D-44F5-AA01-B361B91F6FAC}.Release|x86.Build.0 = Release|Win32
		{FE53B1C8-E42F-4DDD-9526-BF2DC7A23C07}.Debug|x64.ActiveCfg = Debug|x64
		{FE53B1C8-E42F-4DDD-9526-BF2DC7A23C07}.Debug|x64.Build.0 = Debug|x64
		{FE53B1C8-E42F-4DDD-9526-BF2DC7A23C07}.Debug|x86.ActiveCfg = Debug|Win32
		{FE53B1C8-E42F-4DDD-9526-BF2DC7A23C07}.Debug|x86.Build.0 = Debug|Win32
		{FE53B1C8-E42F-4DDD-9526-BF2DC7A23C07}.Release|x64.ActiveCfg = Release|x64
		{FE53B1C8-E42F-4DDD-9526-BF2DC7A23C07}.Release|x64.Build.0 = Release|x64
		{FE53B1C8-E42F-4DDD-9526-BF2DC7A23C07}.Release|x86.ActiveCfg = Release|Win32
		{FE53B1C8-E42F-4DDD-9526-BF2DC7A23C07}.Release|x86.Build.0 = Release|Win32
		{1C220A80-A7A5-4811-9261-4ED4C698444A}.Debug|x64.ActiveCfg = Debug|x64
		{1C220A80-A7A5-4811-9261-4ED4C698444A}.Debug|x64.Build.0 = Debug|x64
		{1C220A80-A7A5-4811-9261-4ED4C698444A}.Debug|x86.ActiveCfg = Debug|Win32
		{1C220A80-A7A5-4811-9261-4ED4C698444A}.Debug|x86.Build.0 = Debug|Win32
		{1C220A80-A7A5-4811-9261-4ED4C698444A}.Release|x64.ActiveCfg = Release|x64
		{1C220A80-A7A5-4811-9261-4ED4C698444A}.Release|x64.Build.0 = Release|x64
		{1C220A80-A7A5-4811-9261-4ED4C698444A}.Release|x86.ActiveCfg = Release|Win32
		{1C220A80-A7A5-4811-9261-4ED4C698444A}.Release|x86.Build.0 = Release|Win32
		{2E055FC4-9626-4D50-B944-3680858B5523}.Debug|x64.ActiveCfg = Debug|x64
		{2E055FC4-9626-4D50-B944-3680858B5523}.Debug|x64.Build.0 = Debug|x64
		{2E055FC4-9626-4D50-B944-3680858B5523}.Debug|x86.ActiveCfg = Debug|Win32
		{2E055FC4-9626-4D50-B944-3680858B5523}.Debug|x86.Build.0 = Debug|Win32
		{2E055FC4-9626-4D50-B944-3680858B5523}.Release|x64.ActiveCfg = Release|x64
		{2E055FC4-9626-4D50-B944-3680858B5523}.Release|x64.Build.0 = Release|x64
		{2E055FC4-9626-4D50-B944-3680858B5523}.Release|x86.ActiveCfg = Release|Win32
		{2E055FC4-9626-4D50-B944-3680858B5523}.Release|x86.Build.0 = Release|Win32
	EndGlobalSection
	GlobalSection(SolutionProperties) = preSolution
		HideSolutionNode = FALSE
	EndGlobalSection
	GlobalSection(ExtensibilityGlobals) = postSolution
		SolutionGuid = {D6B11175-75C8-4B42-96DE-CBB87B68B903}
	EndGlobalSection
EndGlobal
