
Microsoft Visual Studio Solution File, Format Version 12.00
# Visual Studio 15
VisualStudioVersion = 15.0.28307.136
MinimumVisualStudioVersion = 10.0.40219.1
Project("{8BC9CEB8-8B4A-11D0-8D11-00A0C91BC942}") = "324. Wiggle Sort II", "324. Wiggle Sort II\324. Wiggle Sort II.vcxproj", "{F6A9E633-5A86-4C13-AFF6-B044FA65FA58}"
EndProject
Project("{8BC9CEB8-8B4A-11D0-8D11-00A0C91BC942}") = "6. ZigZag Conversion", "6. ZigZag Conversion\6. ZigZag Conversion.vcxproj", "{F1483B79-5FF6-42F3-8E10-A8C904178FA9}"
EndProject
Project("{8BC9CEB8-8B4A-11D0-8D11-00A0C91BC942}") = "11. Container With Most Water", "11. Container With Most Water\11. Container With Most Water.vcxproj", "{E511480D-8BF4-4A22-88EC-3648772A76BE}"
EndProject
Project("{8BC9CEB8-8B4A-11D0-8D11-00A0C91BC942}") = "12. Integer to Roman", "12. Integer to Roman\12. Integer to Roman.vcxproj", "{746762B1-C1FE-4F75-9121-7F2E399B09EE}"
EndProject
Project("{8BC9CEB8-8B4A-11D0-8D11-00A0C91BC942}") = "15. 3Sum", "15. 3Sum\15. 3Sum.vcxproj", "{0184D149-CB29-4AD2-B986-22B41E8247FE}"
EndProject
Global
	GlobalSection(SolutionConfigurationPlatforms) = preSolution
		Debug|x64 = Debug|x64
		Debug|x86 = Debug|x86
		Release|x64 = Release|x64
		Release|x86 = Release|x86
	EndGlobalSection
	GlobalSection(ProjectConfigurationPlatforms) = postSolution
		{F6A9E633-5A86-4C13-AFF6-B044FA65FA58}.Debug|x64.ActiveCfg = Debug|x64
		{F6A9E633-5A86-4C13-AFF6-B044FA65FA58}.Debug|x64.Build.0 = Debug|x64
		{F6A9E633-5A86-4C13-AFF6-B044FA65FA58}.Debug|x86.ActiveCfg = Debug|Win32
		{F6A9E633-5A86-4C13-AFF6-B044FA65FA58}.Debug|x86.Build.0 = Debug|Win32
		{F6A9E633-5A86-4C13-AFF6-B044FA65FA58}.Release|x64.ActiveCfg = Release|x64
		{F6A9E633-5A86-4C13-AFF6-B044FA65FA58}.Release|x64.Build.0 = Release|x64
		{F6A9E633-5A86-4C13-AFF6-B044FA65FA58}.Release|x86.ActiveCfg = Release|Win32
		{F6A9E633-5A86-4C13-AFF6-B044FA65FA58}.Release|x86.Build.0 = Release|Win32
		{F1483B79-5FF6-42F3-8E10-A8C904178FA9}.Debug|x64.ActiveCfg = Debug|x64
		{F1483B79-5FF6-42F3-8E10-A8C904178FA9}.Debug|x64.Build.0 = Debug|x64
		{F1483B79-5FF6-42F3-8E10-A8C904178FA9}.Debug|x86.ActiveCfg = Debug|Win32
		{F1483B79-5FF6-42F3-8E10-A8C904178FA9}.Debug|x86.Build.0 = Debug|Win32
		{F1483B79-5FF6-42F3-8E10-A8C904178FA9}.Release|x64.ActiveCfg = Release|x64
		{F1483B79-5FF6-42F3-8E10-A8C904178FA9}.Release|x64.Build.0 = Release|x64
		{F1483B79-5FF6-42F3-8E10-A8C904178FA9}.Release|x86.ActiveCfg = Release|Win32
		{F1483B79-5FF6-42F3-8E10-A8C904178FA9}.Release|x86.Build.0 = Release|Win32
		{E511480D-8BF4-4A22-88EC-3648772A76BE}.Debug|x64.ActiveCfg = Debug|x64
		{E511480D-8BF4-4A22-88EC-3648772A76BE}.Debug|x64.Build.0 = Debug|x64
		{E511480D-8BF4-4A22-88EC-3648772A76BE}.Debug|x86.ActiveCfg = Debug|Win32
		{E511480D-8BF4-4A22-88EC-3648772A76BE}.Debug|x86.Build.0 = Debug|Win32
		{E511480D-8BF4-4A22-88EC-3648772A76BE}.Release|x64.ActiveCfg = Release|x64
		{E511480D-8BF4-4A22-88EC-3648772A76BE}.Release|x64.Build.0 = Release|x64
		{E511480D-8BF4-4A22-88EC-3648772A76BE}.Release|x86.ActiveCfg = Release|Win32
		{E511480D-8BF4-4A22-88EC-3648772A76BE}.Release|x86.Build.0 = Release|Win32
		{746762B1-C1FE-4F75-9121-7F2E399B09EE}.Debug|x64.ActiveCfg = Debug|x64
		{746762B1-C1FE-4F75-9121-7F2E399B09EE}.Debug|x64.Build.0 = Debug|x64
		{746762B1-C1FE-4F75-9121-7F2E399B09EE}.Debug|x86.ActiveCfg = Debug|Win32
		{746762B1-C1FE-4F75-9121-7F2E399B09EE}.Debug|x86.Build.0 = Debug|Win32
		{746762B1-C1FE-4F75-9121-7F2E399B09EE}.Release|x64.ActiveCfg = Release|x64
		{746762B1-C1FE-4F75-9121-7F2E399B09EE}.Release|x64.Build.0 = Release|x64
		{746762B1-C1FE-4F75-9121-7F2E399B09EE}.Release|x86.ActiveCfg = Release|Win32
		{746762B1-C1FE-4F75-9121-7F2E399B09EE}.Release|x86.Build.0 = Release|Win32
		{0184D149-CB29-4AD2-B986-22B41E8247FE}.Debug|x64.ActiveCfg = Debug|x64
		{0184D149-CB29-4AD2-B986-22B41E8247FE}.Debug|x64.Build.0 = Debug|x64
		{0184D149-CB29-4AD2-B986-22B41E8247FE}.Debug|x86.ActiveCfg = Debug|Win32
		{0184D149-CB29-4AD2-B986-22B41E8247FE}.Debug|x86.Build.0 = Debug|Win32
		{0184D149-CB29-4AD2-B986-22B41E8247FE}.Release|x64.ActiveCfg = Release|x64
		{0184D149-CB29-4AD2-B986-22B41E8247FE}.Release|x64.Build.0 = Release|x64
		{0184D149-CB29-4AD2-B986-22B41E8247FE}.Release|x86.ActiveCfg = Release|Win32
		{0184D149-CB29-4AD2-B986-22B41E8247FE}.Release|x86.Build.0 = Release|Win32
	EndGlobalSection
	GlobalSection(SolutionProperties) = preSolution
		HideSolutionNode = FALSE
	EndGlobalSection
	GlobalSection(ExtensibilityGlobals) = postSolution
		SolutionGuid = {D6B11175-75C8-4B42-96DE-CBB87B68B903}
	EndGlobalSection
EndGlobal
