
Microsoft Visual Studio Solution File, Format Version 12.00
# Visual Studio 15
VisualStudioVersion = 15.0.28307.572
MinimumVisualStudioVersion = 10.0.40219.1
Project("{8BC9CEB8-8B4A-11D0-8D11-00A0C91BC942}") = "Apri", "Apri\Apri.vcxproj", "{D910083A-8999-4DB2-84B1-B539F058A478}"
EndProject
Project("{8BC9CEB8-8B4A-11D0-8D11-00A0C91BC942}") = "190606_game", "190606_game\190606_game.vcxproj", "{EEF19726-1FD0-45AB-8D74-57F01146F9FF}"
EndProject
Global
	GlobalSection(SolutionConfigurationPlatforms) = preSolution
		Debug|x64 = Debug|x64
		Debug|x86 = Debug|x86
		Release|x64 = Release|x64
		Release|x86 = Release|x86
	EndGlobalSection
	GlobalSection(ProjectConfigurationPlatforms) = postSolution
		{D910083A-8999-4DB2-84B1-B539F058A478}.Debug|x64.ActiveCfg = Debug|x64
		{D910083A-8999-4DB2-84B1-B539F058A478}.Debug|x64.Build.0 = Debug|x64
		{D910083A-8999-4DB2-84B1-B539F058A478}.Debug|x86.ActiveCfg = Debug|Win32
		{D910083A-8999-4DB2-84B1-B539F058A478}.Debug|x86.Build.0 = Debug|Win32
		{D910083A-8999-4DB2-84B1-B539F058A478}.Release|x64.ActiveCfg = Release|x64
		{D910083A-8999-4DB2-84B1-B539F058A478}.Release|x64.Build.0 = Release|x64
		{D910083A-8999-4DB2-84B1-B539F058A478}.Release|x86.ActiveCfg = Release|Win32
		{D910083A-8999-4DB2-84B1-B539F058A478}.Release|x86.Build.0 = Release|Win32
		{EEF19726-1FD0-45AB-8D74-57F01146F9FF}.Debug|x64.ActiveCfg = Debug|x64
		{EEF19726-1FD0-45AB-8D74-57F01146F9FF}.Debug|x64.Build.0 = Debug|x64
		{EEF19726-1FD0-45AB-8D74-57F01146F9FF}.Debug|x86.ActiveCfg = Debug|Win32
		{EEF19726-1FD0-45AB-8D74-57F01146F9FF}.Debug|x86.Build.0 = Debug|Win32
		{EEF19726-1FD0-45AB-8D74-57F01146F9FF}.Release|x64.ActiveCfg = Release|x64
		{EEF19726-1FD0-45AB-8D74-57F01146F9FF}.Release|x64.Build.0 = Release|x64
		{EEF19726-1FD0-45AB-8D74-57F01146F9FF}.Release|x86.ActiveCfg = Release|Win32
		{EEF19726-1FD0-45AB-8D74-57F01146F9FF}.Release|x86.Build.0 = Release|Win32
	EndGlobalSection
	GlobalSection(SolutionProperties) = preSolution
		HideSolutionNode = FALSE
	EndGlobalSection
	GlobalSection(ExtensibilityGlobals) = postSolution
		SolutionGuid = {0F5FC13F-2374-4FF4-985F-9457DC00E734}
	EndGlobalSection
EndGlobal
