
Microsoft Visual Studio Solution File, Format Version 12.00
# Visual Studio 15
VisualStudioVersion = 15.0.28307.106
MinimumVisualStudioVersion = 10.0.40219.1
Project("{8BC9CEB8-8B4A-11D0-8D11-00A0C91BC942}") = "57. Insert Interval", "57. Insert Interval\57. Insert Interval.vcxproj", "{8EA5E0F9-C09B-4A5F-905A-44D32E020A73}"
EndProject
Project("{8BC9CEB8-8B4A-11D0-8D11-00A0C91BC942}") = "51. N-Queens", "51. N-Queens\51. N-Queens.vcxproj", "{C98C286D-8A84-46E3-807E-71B1F6003E94}"
EndProject
Project("{8BC9CEB8-8B4A-11D0-8D11-00A0C91BC942}") = "42. Trapping Rain Water", "42. Trapping Rain Water\42. Trapping Rain Water.vcxproj", "{40D5D627-7177-46C4-922C-67DBCADF3CD1}"
EndProject
Project("{8BC9CEB8-8B4A-11D0-8D11-00A0C91BC942}") = "44. Wildcard Matching", "44. Wildcard Matching\44. Wildcard Matching.vcxproj", "{2E0E3D9F-08B9-4DC2-AACB-6DD6E096E290}"
EndProject
Project("{8BC9CEB8-8B4A-11D0-8D11-00A0C91BC942}") = "52. N-Queens II", "52. N-Queens II\52. N-Queens II.vcxproj", "{5C9626B7-0C2B-40D1-BC6C-0A638ABE4E80}"
EndProject
Project("{8BC9CEB8-8B4A-11D0-8D11-00A0C91BC942}") = "65. Valid Number", "65. Valid Number\65. Valid Number.vcxproj", "{131C2838-5564-4451-BEFC-2BEBACCFBC82}"
EndProject
Project("{8BC9CEB8-8B4A-11D0-8D11-00A0C91BC942}") = "76. Minimum Window Substring", "76. Minimum Window Substring\76. Minimum Window Substring.vcxproj", "{0183A485-858D-49D0-BE39-69771169AAC4}"
EndProject
Project("{8BC9CEB8-8B4A-11D0-8D11-00A0C91BC942}") = "84. Largest Rectangle in Histogram", "84. Largest Rectangle in Histogram\84. Largest Rectangle in Histogram.vcxproj", "{06B40C54-FF17-4A1F-B84C-A32AE975C2D4}"
EndProject
Project("{8BC9CEB8-8B4A-11D0-8D11-00A0C91BC942}") = "85. Maximal Rectangle", "85. Maximal Rectangle\85. Maximal Rectangle.vcxproj", "{52698498-4FD8-4106-82F0-089BA2F702C7}"
EndProject
Project("{8BC9CEB8-8B4A-11D0-8D11-00A0C91BC942}") = "0010. Regular Expression Matching", "0010. Regular Expression Matching\0010. Regular Expression Matching.vcxproj", "{BF767CEB-6AFA-4455-946E-2D89FDAA297B}"
EndProject
Project("{8BC9CEB8-8B4A-11D0-8D11-00A0C91BC942}") = "0045. Jump Game II", "0045. Jump Game II\0045. Jump Game II.vcxproj", "{5019C507-3D36-445E-ADE4-CEB2384FC92F}"
EndProject
Project("{8BC9CEB8-8B4A-11D0-8D11-00A0C91BC942}") = "0135. Candy", "0135. Candy\0135. Candy.vcxproj", "{5F369B5C-4AC2-4EE2-A3E5-D6B00FBF7E49}"
EndProject
Project("{8BC9CEB8-8B4A-11D0-8D11-00A0C91BC942}") = "0164. Maximum Gap", "0164. Maximum Gap\0164. Maximum Gap.vcxproj", "{A21BFFB1-4FF6-4CF2-AC8A-FBB7162EAC1D}"
EndProject
Project("{8BC9CEB8-8B4A-11D0-8D11-00A0C91BC942}") = "0023. Merge k Sorted Lists", "0023. Merge k Sorted Lists\0023. Merge k Sorted Lists.vcxproj", "{CA52DED0-AB7E-4D90-BA5A-F5CAB5DB9D12}"
EndProject
Project("{8BC9CEB8-8B4A-11D0-8D11-00A0C91BC942}") = "0025. Reverse Nodes in k-Group", "0025. Reverse Nodes in k-Group\0025. Reverse Nodes in k-Group.vcxproj", "{CDEFF92B-61AC-4A78-AEA5-E2AFCA82B94B}"
EndProject
Project("{8BC9CEB8-8B4A-11D0-8D11-00A0C91BC942}") = "0030. Substring with Concatenation of All Words", "0030. Substring with Concatenation of All Words\0030. Substring with Concatenation of All Words.vcxproj", "{35C89729-27D6-4C6A-B74C-5DADB76B28E9}"
EndProject
Project("{8BC9CEB8-8B4A-11D0-8D11-00A0C91BC942}") = "0032. Longest Valid Parentheses", "0032. Longest Valid Parentheses\0032. Longest Valid Parentheses.vcxproj", "{8C0D8347-A0E0-4622-BF07-935A18ACDA0C}"
EndProject
Project("{8BC9CEB8-8B4A-11D0-8D11-00A0C91BC942}") = "0329. Longest Increasing Path in a Matrix", "0329. Longest Increasing Path in a Matrix\0329. Longest Increasing Path in a Matrix.vcxproj", "{3C7E39C8-652B-4DC1-990D-A9152C50A5FF}"
EndProject
Project("{8BC9CEB8-8B4A-11D0-8D11-00A0C91BC942}") = "0037. Sudoku Solver", "0037. Sudoku Solver\0037. Sudoku Solver.vcxproj", "{4C8CCC84-5FE1-4F59-B730-21489C539217}"
EndProject
Project("{8BC9CEB8-8B4A-11D0-8D11-00A0C91BC942}") = "0041. First Missing Positive", "0041. First Missing Positive\0041. First Missing Positive.vcxproj", "{3A027F60-51FF-4A30-B18F-AF7DFE0F96BE}"
EndProject
Project("{8BC9CEB8-8B4A-11D0-8D11-00A0C91BC942}") = "0072. Edit Distance", "0072. Edit Distance\0072. Edit Distance.vcxproj", "{5168FD70-69BB-48EE-B16F-8E4838DB4C3A}"
EndProject
Project("{8BC9CEB8-8B4A-11D0-8D11-00A0C91BC942}") = "0315. Count of Smaller Numbers After Self", "0315. Count of Smaller Numbers After Self\0315. Count of Smaller Numbers After Self.vcxproj", "{E6784B68-1ECC-470C-8948-3F4B742076A4}"
EndProject
Global
	GlobalSection(SolutionConfigurationPlatforms) = preSolution
		Debug|x64 = Debug|x64
		Debug|x86 = Debug|x86
		Release|x64 = Release|x64
		Release|x86 = Release|x86
	EndGlobalSection
	GlobalSection(ProjectConfigurationPlatforms) = postSolution
		{8EA5E0F9-C09B-4A5F-905A-44D32E020A73}.Debug|x64.ActiveCfg = Debug|x64
		{8EA5E0F9-C09B-4A5F-905A-44D32E020A73}.Debug|x64.Build.0 = Debug|x64
		{8EA5E0F9-C09B-4A5F-905A-44D32E020A73}.Debug|x86.ActiveCfg = Debug|Win32
		{8EA5E0F9-C09B-4A5F-905A-44D32E020A73}.Debug|x86.Build.0 = Debug|Win32
		{8EA5E0F9-C09B-4A5F-905A-44D32E020A73}.Release|x64.ActiveCfg = Release|x64
		{8EA5E0F9-C09B-4A5F-905A-44D32E020A73}.Release|x64.Build.0 = Release|x64
		{8EA5E0F9-C09B-4A5F-905A-44D32E020A73}.Release|x86.ActiveCfg = Release|Win32
		{8EA5E0F9-C09B-4A5F-905A-44D32E020A73}.Release|x86.Build.0 = Release|Win32
		{C98C286D-8A84-46E3-807E-71B1F6003E94}.Debug|x64.ActiveCfg = Debug|x64
		{C98C286D-8A84-46E3-807E-71B1F6003E94}.Debug|x64.Build.0 = Debug|x64
		{C98C286D-8A84-46E3-807E-71B1F6003E94}.Debug|x86.ActiveCfg = Debug|Win32
		{C98C286D-8A84-46E3-807E-71B1F6003E94}.Debug|x86.Build.0 = Debug|Win32
		{C98C286D-8A84-46E3-807E-71B1F6003E94}.Release|x64.ActiveCfg = Release|x64
		{C98C286D-8A84-46E3-807E-71B1F6003E94}.Release|x64.Build.0 = Release|x64
		{C98C286D-8A84-46E3-807E-71B1F6003E94}.Release|x86.ActiveCfg = Release|Win32
		{C98C286D-8A84-46E3-807E-71B1F6003E94}.Release|x86.Build.0 = Release|Win32
		{40D5D627-7177-46C4-922C-67DBCADF3CD1}.Debug|x64.ActiveCfg = Debug|x64
		{40D5D627-7177-46C4-922C-67DBCADF3CD1}.Debug|x64.Build.0 = Debug|x64
		{40D5D627-7177-46C4-922C-67DBCADF3CD1}.Debug|x86.ActiveCfg = Debug|Win32
		{40D5D627-7177-46C4-922C-67DBCADF3CD1}.Debug|x86.Build.0 = Debug|Win32
		{40D5D627-7177-46C4-922C-67DBCADF3CD1}.Release|x64.ActiveCfg = Release|x64
		{40D5D627-7177-46C4-922C-67DBCADF3CD1}.Release|x64.Build.0 = Release|x64
		{40D5D627-7177-46C4-922C-67DBCADF3CD1}.Release|x86.ActiveCfg = Release|Win32
		{40D5D627-7177-46C4-922C-67DBCADF3CD1}.Release|x86.Build.0 = Release|Win32
		{2E0E3D9F-08B9-4DC2-AACB-6DD6E096E290}.Debug|x64.ActiveCfg = Debug|x64
		{2E0E3D9F-08B9-4DC2-AACB-6DD6E096E290}.Debug|x64.Build.0 = Debug|x64
		{2E0E3D9F-08B9-4DC2-AACB-6DD6E096E290}.Debug|x86.ActiveCfg = Debug|Win32
		{2E0E3D9F-08B9-4DC2-AACB-6DD6E096E290}.Debug|x86.Build.0 = Debug|Win32
		{2E0E3D9F-08B9-4DC2-AACB-6DD6E096E290}.Release|x64.ActiveCfg = Release|x64
		{2E0E3D9F-08B9-4DC2-AACB-6DD6E096E290}.Release|x64.Build.0 = Release|x64
		{2E0E3D9F-08B9-4DC2-AACB-6DD6E096E290}.Release|x86.ActiveCfg = Release|Win32
		{2E0E3D9F-08B9-4DC2-AACB-6DD6E096E290}.Release|x86.Build.0 = Release|Win32
		{5C9626B7-0C2B-40D1-BC6C-0A638ABE4E80}.Debug|x64.ActiveCfg = Debug|x64
		{5C9626B7-0C2B-40D1-BC6C-0A638ABE4E80}.Debug|x64.Build.0 = Debug|x64
		{5C9626B7-0C2B-40D1-BC6C-0A638ABE4E80}.Debug|x86.ActiveCfg = Debug|Win32
		{5C9626B7-0C2B-40D1-BC6C-0A638ABE4E80}.Debug|x86.Build.0 = Debug|Win32
		{5C9626B7-0C2B-40D1-BC6C-0A638ABE4E80}.Release|x64.ActiveCfg = Release|x64
		{5C9626B7-0C2B-40D1-BC6C-0A638ABE4E80}.Release|x64.Build.0 = Release|x64
		{5C9626B7-0C2B-40D1-BC6C-0A638ABE4E80}.Release|x86.ActiveCfg = Release|Win32
		{5C9626B7-0C2B-40D1-BC6C-0A638ABE4E80}.Release|x86.Build.0 = Release|Win32
		{131C2838-5564-4451-BEFC-2BEBACCFBC82}.Debug|x64.ActiveCfg = Debug|x64
		{131C2838-5564-4451-BEFC-2BEBACCFBC82}.Debug|x64.Build.0 = Debug|x64
		{131C2838-5564-4451-BEFC-2BEBACCFBC82}.Debug|x86.ActiveCfg = Debug|Win32
		{131C2838-5564-4451-BEFC-2BEBACCFBC82}.Debug|x86.Build.0 = Debug|Win32
		{131C2838-5564-4451-BEFC-2BEBACCFBC82}.Release|x64.ActiveCfg = Release|x64
		{131C2838-5564-4451-BEFC-2BEBACCFBC82}.Release|x64.Build.0 = Release|x64
		{131C2838-5564-4451-BEFC-2BEBACCFBC82}.Release|x86.ActiveCfg = Release|Win32
		{131C2838-5564-4451-BEFC-2BEBACCFBC82}.Release|x86.Build.0 = Release|Win32
		{0183A485-858D-49D0-BE39-69771169AAC4}.Debug|x64.ActiveCfg = Debug|x64
		{0183A485-858D-49D0-BE39-69771169AAC4}.Debug|x64.Build.0 = Debug|x64
		{0183A485-858D-49D0-BE39-69771169AAC4}.Debug|x86.ActiveCfg = Debug|Win32
		{0183A485-858D-49D0-BE39-69771169AAC4}.Debug|x86.Build.0 = Debug|Win32
		{0183A485-858D-49D0-BE39-69771169AAC4}.Release|x64.ActiveCfg = Release|x64
		{0183A485-858D-49D0-BE39-69771169AAC4}.Release|x64.Build.0 = Release|x64
		{0183A485-858D-49D0-BE39-69771169AAC4}.Release|x86.ActiveCfg = Release|Win32
		{0183A485-858D-49D0-BE39-69771169AAC4}.Release|x86.Build.0 = Release|Win32
		{06B40C54-FF17-4A1F-B84C-A32AE975C2D4}.Debug|x64.ActiveCfg = Debug|x64
		{06B40C54-FF17-4A1F-B84C-A32AE975C2D4}.Debug|x64.Build.0 = Debug|x64
		{06B40C54-FF17-4A1F-B84C-A32AE975C2D4}.Debug|x86.ActiveCfg = Debug|Win32
		{06B40C54-FF17-4A1F-B84C-A32AE975C2D4}.Debug|x86.Build.0 = Debug|Win32
		{06B40C54-FF17-4A1F-B84C-A32AE975C2D4}.Release|x64.ActiveCfg = Release|x64
		{06B40C54-FF17-4A1F-B84C-A32AE975C2D4}.Release|x64.Build.0 = Release|x64
		{06B40C54-FF17-4A1F-B84C-A32AE975C2D4}.Release|x86.ActiveCfg = Release|Win32
		{06B40C54-FF17-4A1F-B84C-A32AE975C2D4}.Release|x86.Build.0 = Release|Win32
		{52698498-4FD8-4106-82F0-089BA2F702C7}.Debug|x64.ActiveCfg = Debug|x64
		{52698498-4FD8-4106-82F0-089BA2F702C7}.Debug|x64.Build.0 = Debug|x64
		{52698498-4FD8-4106-82F0-089BA2F702C7}.Debug|x86.ActiveCfg = Debug|Win32
		{52698498-4FD8-4106-82F0-089BA2F702C7}.Debug|x86.Build.0 = Debug|Win32
		{52698498-4FD8-4106-82F0-089BA2F702C7}.Release|x64.ActiveCfg = Release|x64
		{52698498-4FD8-4106-82F0-089BA2F702C7}.Release|x64.Build.0 = Release|x64
		{52698498-4FD8-4106-82F0-089BA2F702C7}.Release|x86.ActiveCfg = Release|Win32
		{52698498-4FD8-4106-82F0-089BA2F702C7}.Release|x86.Build.0 = Release|Win32
		{BF767CEB-6AFA-4455-946E-2D89FDAA297B}.Debug|x64.ActiveCfg = Debug|x64
		{BF767CEB-6AFA-4455-946E-2D89FDAA297B}.Debug|x64.Build.0 = Debug|x64
		{BF767CEB-6AFA-4455-946E-2D89FDAA297B}.Debug|x86.ActiveCfg = Debug|Win32
		{BF767CEB-6AFA-4455-946E-2D89FDAA297B}.Debug|x86.Build.0 = Debug|Win32
		{BF767CEB-6AFA-4455-946E-2D89FDAA297B}.Release|x64.ActiveCfg = Release|x64
		{BF767CEB-6AFA-4455-946E-2D89FDAA297B}.Release|x64.Build.0 = Release|x64
		{BF767CEB-6AFA-4455-946E-2D89FDAA297B}.Release|x86.ActiveCfg = Release|Win32
		{BF767CEB-6AFA-4455-946E-2D89FDAA297B}.Release|x86.Build.0 = Release|Win32
		{5019C507-3D36-445E-ADE4-CEB2384FC92F}.Debug|x64.ActiveCfg = Debug|x64
		{5019C507-3D36-445E-ADE4-CEB2384FC92F}.Debug|x64.Build.0 = Debug|x64
		{5019C507-3D36-445E-ADE4-CEB2384FC92F}.Debug|x86.ActiveCfg = Debug|Win32
		{5019C507-3D36-445E-ADE4-CEB2384FC92F}.Debug|x86.Build.0 = Debug|Win32
		{5019C507-3D36-445E-ADE4-CEB2384FC92F}.Release|x64.ActiveCfg = Release|x64
		{5019C507-3D36-445E-ADE4-CEB2384FC92F}.Release|x64.Build.0 = Release|x64
		{5019C507-3D36-445E-ADE4-CEB2384FC92F}.Release|x86.ActiveCfg = Release|Win32
		{5019C507-3D36-445E-ADE4-CEB2384FC92F}.Release|x86.Build.0 = Release|Win32
		{5F369B5C-4AC2-4EE2-A3E5-D6B00FBF7E49}.Debug|x64.ActiveCfg = Debug|x64
		{5F369B5C-4AC2-4EE2-A3E5-D6B00FBF7E49}.Debug|x64.Build.0 = Debug|x64
		{5F369B5C-4AC2-4EE2-A3E5-D6B00FBF7E49}.Debug|x86.ActiveCfg = Debug|Win32
		{5F369B5C-4AC2-4EE2-A3E5-D6B00FBF7E49}.Debug|x86.Build.0 = Debug|Win32
		{5F369B5C-4AC2-4EE2-A3E5-D6B00FBF7E49}.Release|x64.ActiveCfg = Release|x64
		{5F369B5C-4AC2-4EE2-A3E5-D6B00FBF7E49}.Release|x64.Build.0 = Release|x64
		{5F369B5C-4AC2-4EE2-A3E5-D6B00FBF7E49}.Release|x86.ActiveCfg = Release|Win32
		{5F369B5C-4AC2-4EE2-A3E5-D6B00FBF7E49}.Release|x86.Build.0 = Release|Win32
		{A21BFFB1-4FF6-4CF2-AC8A-FBB7162EAC1D}.Debug|x64.ActiveCfg = Debug|x64
		{A21BFFB1-4FF6-4CF2-AC8A-FBB7162EAC1D}.Debug|x64.Build.0 = Debug|x64
		{A21BFFB1-4FF6-4CF2-AC8A-FBB7162EAC1D}.Debug|x86.ActiveCfg = Debug|Win32
		{A21BFFB1-4FF6-4CF2-AC8A-FBB7162EAC1D}.Debug|x86.Build.0 = Debug|Win32
		{A21BFFB1-4FF6-4CF2-AC8A-FBB7162EAC1D}.Release|x64.ActiveCfg = Release|x64
		{A21BFFB1-4FF6-4CF2-AC8A-FBB7162EAC1D}.Release|x64.Build.0 = Release|x64
		{A21BFFB1-4FF6-4CF2-AC8A-FBB7162EAC1D}.Release|x86.ActiveCfg = Release|Win32
		{A21BFFB1-4FF6-4CF2-AC8A-FBB7162EAC1D}.Release|x86.Build.0 = Release|Win32
		{CA52DED0-AB7E-4D90-BA5A-F5CAB5DB9D12}.Debug|x64.ActiveCfg = Debug|x64
		{CA52DED0-AB7E-4D90-BA5A-F5CAB5DB9D12}.Debug|x64.Build.0 = Debug|x64
		{CA52DED0-AB7E-4D90-BA5A-F5CAB5DB9D12}.Debug|x86.ActiveCfg = Debug|Win32
		{CA52DED0-AB7E-4D90-BA5A-F5CAB5DB9D12}.Debug|x86.Build.0 = Debug|Win32
		{CA52DED0-AB7E-4D90-BA5A-F5CAB5DB9D12}.Release|x64.ActiveCfg = Release|x64
		{CA52DED0-AB7E-4D90-BA5A-F5CAB5DB9D12}.Release|x64.Build.0 = Release|x64
		{CA52DED0-AB7E-4D90-BA5A-F5CAB5DB9D12}.Release|x86.ActiveCfg = Release|Win32
		{CA52DED0-AB7E-4D90-BA5A-F5CAB5DB9D12}.Release|x86.Build.0 = Release|Win32
		{CDEFF92B-61AC-4A78-AEA5-E2AFCA82B94B}.Debug|x64.ActiveCfg = Debug|x64
		{CDEFF92B-61AC-4A78-AEA5-E2AFCA82B94B}.Debug|x64.Build.0 = Debug|x64
		{CDEFF92B-61AC-4A78-AEA5-E2AFCA82B94B}.Debug|x86.ActiveCfg = Debug|Win32
		{CDEFF92B-61AC-4A78-AEA5-E2AFCA82B94B}.Debug|x86.Build.0 = Debug|Win32
		{CDEFF92B-61AC-4A78-AEA5-E2AFCA82B94B}.Release|x64.ActiveCfg = Release|x64
		{CDEFF92B-61AC-4A78-AEA5-E2AFCA82B94B}.Release|x64.Build.0 = Release|x64
		{CDEFF92B-61AC-4A78-AEA5-E2AFCA82B94B}.Release|x86.ActiveCfg = Release|Win32
		{CDEFF92B-61AC-4A78-AEA5-E2AFCA82B94B}.Release|x86.Build.0 = Release|Win32
		{35C89729-27D6-4C6A-B74C-5DADB76B28E9}.Debug|x64.ActiveCfg = Debug|x64
		{35C89729-27D6-4C6A-B74C-5DADB76B28E9}.Debug|x64.Build.0 = Debug|x64
		{35C89729-27D6-4C6A-B74C-5DADB76B28E9}.Debug|x86.ActiveCfg = Debug|Win32
		{35C89729-27D6-4C6A-B74C-5DADB76B28E9}.Debug|x86.Build.0 = Debug|Win32
		{35C89729-27D6-4C6A-B74C-5DADB76B28E9}.Release|x64.ActiveCfg = Release|x64
		{35C89729-27D6-4C6A-B74C-5DADB76B28E9}.Release|x64.Build.0 = Release|x64
		{35C89729-27D6-4C6A-B74C-5DADB76B28E9}.Release|x86.ActiveCfg = Release|Win32
		{35C89729-27D6-4C6A-B74C-5DADB76B28E9}.Release|x86.Build.0 = Release|Win32
		{8C0D8347-A0E0-4622-BF07-935A18ACDA0C}.Debug|x64.ActiveCfg = Debug|x64
		{8C0D8347-A0E0-4622-BF07-935A18ACDA0C}.Debug|x64.Build.0 = Debug|x64
		{8C0D8347-A0E0-4622-BF07-935A18ACDA0C}.Debug|x86.ActiveCfg = Debug|Win32
		{8C0D8347-A0E0-4622-BF07-935A18ACDA0C}.Debug|x86.Build.0 = Debug|Win32
		{8C0D8347-A0E0-4622-BF07-935A18ACDA0C}.Release|x64.ActiveCfg = Release|x64
		{8C0D8347-A0E0-4622-BF07-935A18ACDA0C}.Release|x64.Build.0 = Release|x64
		{8C0D8347-A0E0-4622-BF07-935A18ACDA0C}.Release|x86.ActiveCfg = Release|Win32
		{8C0D8347-A0E0-4622-BF07-935A18ACDA0C}.Release|x86.Build.0 = Release|Win32
		{3C7E39C8-652B-4DC1-990D-A9152C50A5FF}.Debug|x64.ActiveCfg = Debug|x64
		{3C7E39C8-652B-4DC1-990D-A9152C50A5FF}.Debug|x64.Build.0 = Debug|x64
		{3C7E39C8-652B-4DC1-990D-A9152C50A5FF}.Debug|x86.ActiveCfg = Debug|Win32
		{3C7E39C8-652B-4DC1-990D-A9152C50A5FF}.Debug|x86.Build.0 = Debug|Win32
		{3C7E39C8-652B-4DC1-990D-A9152C50A5FF}.Release|x64.ActiveCfg = Release|x64
		{3C7E39C8-652B-4DC1-990D-A9152C50A5FF}.Release|x64.Build.0 = Release|x64
		{3C7E39C8-652B-4DC1-990D-A9152C50A5FF}.Release|x86.ActiveCfg = Release|Win32
		{3C7E39C8-652B-4DC1-990D-A9152C50A5FF}.Release|x86.Build.0 = Release|Win32
		{4C8CCC84-5FE1-4F59-B730-21489C539217}.Debug|x64.ActiveCfg = Debug|x64
		{4C8CCC84-5FE1-4F59-B730-21489C539217}.Debug|x64.Build.0 = Debug|x64
		{4C8CCC84-5FE1-4F59-B730-21489C539217}.Debug|x86.ActiveCfg = Debug|Win32
		{4C8CCC84-5FE1-4F59-B730-21489C539217}.Debug|x86.Build.0 = Debug|Win32
		{4C8CCC84-5FE1-4F59-B730-21489C539217}.Release|x64.ActiveCfg = Release|x64
		{4C8CCC84-5FE1-4F59-B730-21489C539217}.Release|x64.Build.0 = Release|x64
		{4C8CCC84-5FE1-4F59-B730-21489C539217}.Release|x86.ActiveCfg = Release|Win32
		{4C8CCC84-5FE1-4F59-B730-21489C539217}.Release|x86.Build.0 = Release|Win32
		{3A027F60-51FF-4A30-B18F-AF7DFE0F96BE}.Debug|x64.ActiveCfg = Debug|x64
		{3A027F60-51FF-4A30-B18F-AF7DFE0F96BE}.Debug|x64.Build.0 = Debug|x64
		{3A027F60-51FF-4A30-B18F-AF7DFE0F96BE}.Debug|x86.ActiveCfg = Debug|Win32
		{3A027F60-51FF-4A30-B18F-AF7DFE0F96BE}.Debug|x86.Build.0 = Debug|Win32
		{3A027F60-51FF-4A30-B18F-AF7DFE0F96BE}.Release|x64.ActiveCfg = Release|x64
		{3A027F60-51FF-4A30-B18F-AF7DFE0F96BE}.Release|x64.Build.0 = Release|x64
		{3A027F60-51FF-4A30-B18F-AF7DFE0F96BE}.Release|x86.ActiveCfg = Release|Win32
		{3A027F60-51FF-4A30-B18F-AF7DFE0F96BE}.Release|x86.Build.0 = Release|Win32
		{5168FD70-69BB-48EE-B16F-8E4838DB4C3A}.Debug|x64.ActiveCfg = Debug|x64
		{5168FD70-69BB-48EE-B16F-8E4838DB4C3A}.Debug|x64.Build.0 = Debug|x64
		{5168FD70-69BB-48EE-B16F-8E4838DB4C3A}.Debug|x86.ActiveCfg = Debug|Win32
		{5168FD70-69BB-48EE-B16F-8E4838DB4C3A}.Debug|x86.Build.0 = Debug|Win32
		{5168FD70-69BB-48EE-B16F-8E4838DB4C3A}.Release|x64.ActiveCfg = Release|x64
		{5168FD70-69BB-48EE-B16F-8E4838DB4C3A}.Release|x64.Build.0 = Release|x64
		{5168FD70-69BB-48EE-B16F-8E4838DB4C3A}.Release|x86.ActiveCfg = Release|Win32
		{5168FD70-69BB-48EE-B16F-8E4838DB4C3A}.Release|x86.Build.0 = Release|Win32
		{E6784B68-1ECC-470C-8948-3F4B742076A4}.Debug|x64.ActiveCfg = Debug|x64
		{E6784B68-1ECC-470C-8948-3F4B742076A4}.Debug|x64.Build.0 = Debug|x64
		{E6784B68-1ECC-470C-8948-3F4B742076A4}.Debug|x86.ActiveCfg = Debug|Win32
		{E6784B68-1ECC-470C-8948-3F4B742076A4}.Debug|x86.Build.0 = Debug|Win32
		{E6784B68-1ECC-470C-8948-3F4B742076A4}.Release|x64.ActiveCfg = Release|x64
		{E6784B68-1ECC-470C-8948-3F4B742076A4}.Release|x64.Build.0 = Release|x64
		{E6784B68-1ECC-470C-8948-3F4B742076A4}.Release|x86.ActiveCfg = Release|Win32
		{E6784B68-1ECC-470C-8948-3F4B742076A4}.Release|x86.Build.0 = Release|Win32
	EndGlobalSection
	GlobalSection(SolutionProperties) = preSolution
		HideSolutionNode = FALSE
	EndGlobalSection
	GlobalSection(ExtensibilityGlobals) = postSolution
		SolutionGuid = {97A952BA-B984-4196-B86A-2B95938F529D}
	EndGlobalSection
EndGlobal
