
Microsoft Visual Studio Solution File, Format Version 12.00
# Visual Studio 15
VisualStudioVersion = 15.0.28307.106
MinimumVisualStudioVersion = 10.0.40219.1
Project("{8BC9CEB8-8B4A-11D0-8D11-00A0C91BC942}") = "57. Insert Interval", "57. Insert Interval\57. Insert Interval.vcxproj", "{8EA5E0F9-C09B-4A5F-905A-44D32E020A73}"
EndProject
Project("{8BC9CEB8-8B4A-11D0-8D11-00A0C91BC942}") = "10. Regular Expression Matching", "10. Regular Expression Matching\10. Regular Expression Matching.vcxproj", "{8E42CECF-C5D3-4388-A9F8-435258E2FA28}"
EndProject
Project("{8BC9CEB8-8B4A-11D0-8D11-00A0C91BC942}") = "23. Merge k Sorted Lists", "23. Merge k Sorted Lists\23. Merge k Sorted Lists.vcxproj", "{38639374-F9DE-4C54-9F53-976E243C9EC2}"
EndProject
Project("{8BC9CEB8-8B4A-11D0-8D11-00A0C91BC942}") = "329. Longest Increasing Path in a Matrix", "329. Longest Increasing Path in a Matrix\329. Longest Increasing Path in a Matrix.vcxproj", "{5D189C32-1316-4F6D-956D-DADDB740C71B}"
EndProject
Project("{8BC9CEB8-8B4A-11D0-8D11-00A0C91BC942}") = "25. Reverse Nodes in k-Group", "25. Reverse Nodes in k-Group\25. Reverse Nodes in k-Group.vcxproj", "{82A13173-1F85-4836-B0A8-EF98358A55FE}"
EndProject
Project("{8BC9CEB8-8B4A-11D0-8D11-00A0C91BC942}") = "30. Substring with Concatenation of All Words", "30. Substring with Concatenation of All Words\30. Substring with Concatenation of All Words.vcxproj", "{A351A9C5-9218-4874-901D-E3B5285D468B}"
EndProject
Project("{8BC9CEB8-8B4A-11D0-8D11-00A0C91BC942}") = "32. Longest Valid Parentheses", "32. Longest Valid Parentheses\32. Longest Valid Parentheses.vcxproj", "{E8B5A7E0-44CF-4257-BBC9-78D17CAF107E}"
EndProject
Project("{8BC9CEB8-8B4A-11D0-8D11-00A0C91BC942}") = "37. Sudoku Solver", "37. Sudoku Solver\37. Sudoku Solver.vcxproj", "{E5753139-4647-4234-BFDD-74AD7DCA51AF}"
EndProject
Project("{8BC9CEB8-8B4A-11D0-8D11-00A0C91BC942}") = "51. N-Queens", "51. N-Queens\51. N-Queens.vcxproj", "{C98C286D-8A84-46E3-807E-71B1F6003E94}"
EndProject
Project("{8BC9CEB8-8B4A-11D0-8D11-00A0C91BC942}") = "164. Maximum Gap", "164. Maximum Gap\164. Maximum Gap.vcxproj", "{0FA61AC3-0E45-4BC4-B8CC-3C3F5C0CB911}"
EndProject
Global
	GlobalSection(SolutionConfigurationPlatforms) = preSolution
		Debug|x64 = Debug|x64
		Debug|x86 = Debug|x86
		Release|x64 = Release|x64
		Release|x86 = Release|x86
	EndGlobalSection
	GlobalSection(ProjectConfigurationPlatforms) = postSolution
		{8EA5E0F9-C09B-4A5F-905A-44D32E020A73}.Debug|x64.ActiveCfg = Debug|x64
		{8EA5E0F9-C09B-4A5F-905A-44D32E020A73}.Debug|x64.Build.0 = Debug|x64
		{8EA5E0F9-C09B-4A5F-905A-44D32E020A73}.Debug|x86.ActiveCfg = Debug|Win32
		{8EA5E0F9-C09B-4A5F-905A-44D32E020A73}.Debug|x86.Build.0 = Debug|Win32
		{8EA5E0F9-C09B-4A5F-905A-44D32E020A73}.Release|x64.ActiveCfg = Release|x64
		{8EA5E0F9-C09B-4A5F-905A-44D32E020A73}.Release|x64.Build.0 = Release|x64
		{8EA5E0F9-C09B-4A5F-905A-44D32E020A73}.Release|x86.ActiveCfg = Release|Win32
		{8EA5E0F9-C09B-4A5F-905A-44D32E020A73}.Release|x86.Build.0 = Release|Win32
		{8E42CECF-C5D3-4388-A9F8-435258E2FA28}.Debug|x64.ActiveCfg = Debug|x64
		{8E42CECF-C5D3-4388-A9F8-435258E2FA28}.Debug|x64.Build.0 = Debug|x64
		{8E42CECF-C5D3-4388-A9F8-435258E2FA28}.Debug|x86.ActiveCfg = Debug|Win32
		{8E42CECF-C5D3-4388-A9F8-435258E2FA28}.Debug|x86.Build.0 = Debug|Win32
		{8E42CECF-C5D3-4388-A9F8-435258E2FA28}.Release|x64.ActiveCfg = Release|x64
		{8E42CECF-C5D3-4388-A9F8-435258E2FA28}.Release|x64.Build.0 = Release|x64
		{8E42CECF-C5D3-4388-A9F8-435258E2FA28}.Release|x86.ActiveCfg = Release|Win32
		{8E42CECF-C5D3-4388-A9F8-435258E2FA28}.Release|x86.Build.0 = Release|Win32
		{38639374-F9DE-4C54-9F53-976E243C9EC2}.Debug|x64.ActiveCfg = Debug|x64
		{38639374-F9DE-4C54-9F53-976E243C9EC2}.Debug|x64.Build.0 = Debug|x64
		{38639374-F9DE-4C54-9F53-976E243C9EC2}.Debug|x86.ActiveCfg = Debug|Win32
		{38639374-F9DE-4C54-9F53-976E243C9EC2}.Debug|x86.Build.0 = Debug|Win32
		{38639374-F9DE-4C54-9F53-976E243C9EC2}.Release|x64.ActiveCfg = Release|x64
		{38639374-F9DE-4C54-9F53-976E243C9EC2}.Release|x64.Build.0 = Release|x64
		{38639374-F9DE-4C54-9F53-976E243C9EC2}.Release|x86.ActiveCfg = Release|Win32
		{38639374-F9DE-4C54-9F53-976E243C9EC2}.Release|x86.Build.0 = Release|Win32
		{5D189C32-1316-4F6D-956D-DADDB740C71B}.Debug|x64.ActiveCfg = Debug|x64
		{5D189C32-1316-4F6D-956D-DADDB740C71B}.Debug|x64.Build.0 = Debug|x64
		{5D189C32-1316-4F6D-956D-DADDB740C71B}.Debug|x86.ActiveCfg = Debug|Win32
		{5D189C32-1316-4F6D-956D-DADDB740C71B}.Debug|x86.Build.0 = Debug|Win32
		{5D189C32-1316-4F6D-956D-DADDB740C71B}.Release|x64.ActiveCfg = Release|x64
		{5D189C32-1316-4F6D-956D-DADDB740C71B}.Release|x64.Build.0 = Release|x64
		{5D189C32-1316-4F6D-956D-DADDB740C71B}.Release|x86.ActiveCfg = Release|Win32
		{5D189C32-1316-4F6D-956D-DADDB740C71B}.Release|x86.Build.0 = Release|Win32
		{82A13173-1F85-4836-B0A8-EF98358A55FE}.Debug|x64.ActiveCfg = Debug|x64
		{82A13173-1F85-4836-B0A8-EF98358A55FE}.Debug|x64.Build.0 = Debug|x64
		{82A13173-1F85-4836-B0A8-EF98358A55FE}.Debug|x86.ActiveCfg = Debug|Win32
		{82A13173-1F85-4836-B0A8-EF98358A55FE}.Debug|x86.Build.0 = Debug|Win32
		{82A13173-1F85-4836-B0A8-EF98358A55FE}.Release|x64.ActiveCfg = Release|x64
		{82A13173-1F85-4836-B0A8-EF98358A55FE}.Release|x64.Build.0 = Release|x64
		{82A13173-1F85-4836-B0A8-EF98358A55FE}.Release|x86.ActiveCfg = Release|Win32
		{82A13173-1F85-4836-B0A8-EF98358A55FE}.Release|x86.Build.0 = Release|Win32
		{A351A9C5-9218-4874-901D-E3B5285D468B}.Debug|x64.ActiveCfg = Debug|x64
		{A351A9C5-9218-4874-901D-E3B5285D468B}.Debug|x64.Build.0 = Debug|x64
		{A351A9C5-9218-4874-901D-E3B5285D468B}.Debug|x86.ActiveCfg = Debug|Win32
		{A351A9C5-9218-4874-901D-E3B5285D468B}.Debug|x86.Build.0 = Debug|Win32
		{A351A9C5-9218-4874-901D-E3B5285D468B}.Release|x64.ActiveCfg = Release|x64
		{A351A9C5-9218-4874-901D-E3B5285D468B}.Release|x64.Build.0 = Release|x64
		{A351A9C5-9218-4874-901D-E3B5285D468B}.Release|x86.ActiveCfg = Release|Win32
		{A351A9C5-9218-4874-901D-E3B5285D468B}.Release|x86.Build.0 = Release|Win32
		{E8B5A7E0-44CF-4257-BBC9-78D17CAF107E}.Debug|x64.ActiveCfg = Debug|x64
		{E8B5A7E0-44CF-4257-BBC9-78D17CAF107E}.Debug|x64.Build.0 = Debug|x64
		{E8B5A7E0-44CF-4257-BBC9-78D17CAF107E}.Debug|x86.ActiveCfg = Debug|Win32
		{E8B5A7E0-44CF-4257-BBC9-78D17CAF107E}.Debug|x86.Build.0 = Debug|Win32
		{E8B5A7E0-44CF-4257-BBC9-78D17CAF107E}.Release|x64.ActiveCfg = Release|x64
		{E8B5A7E0-44CF-4257-BBC9-78D17CAF107E}.Release|x64.Build.0 = Release|x64
		{E8B5A7E0-44CF-4257-BBC9-78D17CAF107E}.Release|x86.ActiveCfg = Release|Win32
		{E8B5A7E0-44CF-4257-BBC9-78D17CAF107E}.Release|x86.Build.0 = Release|Win32
		{E5753139-4647-4234-BFDD-74AD7DCA51AF}.Debug|x64.ActiveCfg = Debug|x64
		{E5753139-4647-4234-BFDD-74AD7DCA51AF}.Debug|x64.Build.0 = Debug|x64
		{E5753139-4647-4234-BFDD-74AD7DCA51AF}.Debug|x86.ActiveCfg = Debug|Win32
		{E5753139-4647-4234-BFDD-74AD7DCA51AF}.Debug|x86.Build.0 = Debug|Win32
		{E5753139-4647-4234-BFDD-74AD7DCA51AF}.Release|x64.ActiveCfg = Release|x64
		{E5753139-4647-4234-BFDD-74AD7DCA51AF}.Release|x64.Build.0 = Release|x64
		{E5753139-4647-4234-BFDD-74AD7DCA51AF}.Release|x86.ActiveCfg = Release|Win32
		{E5753139-4647-4234-BFDD-74AD7DCA51AF}.Release|x86.Build.0 = Release|Win32
		{C98C286D-8A84-46E3-807E-71B1F6003E94}.Debug|x64.ActiveCfg = Debug|x64
		{C98C286D-8A84-46E3-807E-71B1F6003E94}.Debug|x64.Build.0 = Debug|x64
		{C98C286D-8A84-46E3-807E-71B1F6003E94}.Debug|x86.ActiveCfg = Debug|Win32
		{C98C286D-8A84-46E3-807E-71B1F6003E94}.Debug|x86.Build.0 = Debug|Win32
		{C98C286D-8A84-46E3-807E-71B1F6003E94}.Release|x64.ActiveCfg = Release|x64
		{C98C286D-8A84-46E3-807E-71B1F6003E94}.Release|x64.Build.0 = Release|x64
		{C98C286D-8A84-46E3-807E-71B1F6003E94}.Release|x86.ActiveCfg = Release|Win32
		{C98C286D-8A84-46E3-807E-71B1F6003E94}.Release|x86.Build.0 = Release|Win32
		{0FA61AC3-0E45-4BC4-B8CC-3C3F5C0CB911}.Debug|x64.ActiveCfg = Debug|x64
		{0FA61AC3-0E45-4BC4-B8CC-3C3F5C0CB911}.Debug|x64.Build.0 = Debug|x64
		{0FA61AC3-0E45-4BC4-B8CC-3C3F5C0CB911}.Debug|x86.ActiveCfg = Debug|Win32
		{0FA61AC3-0E45-4BC4-B8CC-3C3F5C0CB911}.Debug|x86.Build.0 = Debug|Win32
		{0FA61AC3-0E45-4BC4-B8CC-3C3F5C0CB911}.Release|x64.ActiveCfg = Release|x64
		{0FA61AC3-0E45-4BC4-B8CC-3C3F5C0CB911}.Release|x64.Build.0 = Release|x64
		{0FA61AC3-0E45-4BC4-B8CC-3C3F5C0CB911}.Release|x86.ActiveCfg = Release|Win32
		{0FA61AC3-0E45-4BC4-B8CC-3C3F5C0CB911}.Release|x86.Build.0 = Release|Win32
	EndGlobalSection
	GlobalSection(SolutionProperties) = preSolution
		HideSolutionNode = FALSE
	EndGlobalSection
	GlobalSection(ExtensibilityGlobals) = postSolution
		SolutionGuid = {97A952BA-B984-4196-B86A-2B95938F529D}
	EndGlobalSection
EndGlobal
