
Microsoft Visual Studio Solution File, Format Version 12.00
# Visual Studio 15
VisualStudioVersion = 15.0.28307.106
MinimumVisualStudioVersion = 10.0.40219.1
Project("{8BC9CEB8-8B4A-11D0-8D11-00A0C91BC942}") = "57. Insert Interval", "57. Insert Interval\57. Insert Interval.vcxproj", "{8EA5E0F9-C09B-4A5F-905A-44D32E020A73}"
EndProject
Project("{8BC9CEB8-8B4A-11D0-8D11-00A0C91BC942}") = "10. Regular Expression Matching", "10. Regular Expression Matching\10. Regular Expression Matching.vcxproj", "{8E42CECF-C5D3-4388-A9F8-435258E2FA28}"
EndProject
Project("{8BC9CEB8-8B4A-11D0-8D11-00A0C91BC942}") = "23. Merge k Sorted Lists", "23. Merge k Sorted Lists\23. Merge k Sorted Lists.vcxproj", "{38639374-F9DE-4C54-9F53-976E243C9EC2}"
EndProject
Project("{8BC9CEB8-8B4A-11D0-8D11-00A0C91BC942}") = "329. Longest Increasing Path in a Matrix", "329. Longest Increasing Path in a Matrix\329. Longest Increasing Path in a Matrix.vcxproj", "{5D189C32-1316-4F6D-956D-DADDB740C71B}"
EndProject
Global
	GlobalSection(SolutionConfigurationPlatforms) = preSolution
		Debug|x64 = Debug|x64
		Debug|x86 = Debug|x86
		Release|x64 = Release|x64
		Release|x86 = Release|x86
	EndGlobalSection
	GlobalSection(ProjectConfigurationPlatforms) = postSolution
		{8EA5E0F9-C09B-4A5F-905A-44D32E020A73}.Debug|x64.ActiveCfg = Debug|x64
		{8EA5E0F9-C09B-4A5F-905A-44D32E020A73}.Debug|x64.Build.0 = Debug|x64
		{8EA5E0F9-C09B-4A5F-905A-44D32E020A73}.Debug|x86.ActiveCfg = Debug|Win32
		{8EA5E0F9-C09B-4A5F-905A-44D32E020A73}.Debug|x86.Build.0 = Debug|Win32
		{8EA5E0F9-C09B-4A5F-905A-44D32E020A73}.Release|x64.ActiveCfg = Release|x64
		{8EA5E0F9-C09B-4A5F-905A-44D32E020A73}.Release|x64.Build.0 = Release|x64
		{8EA5E0F9-C09B-4A5F-905A-44D32E020A73}.Release|x86.ActiveCfg = Release|Win32
		{8EA5E0F9-C09B-4A5F-905A-44D32E020A73}.Release|x86.Build.0 = Release|Win32
		{8E42CECF-C5D3-4388-A9F8-435258E2FA28}.Debug|x64.ActiveCfg = Debug|x64
		{8E42CECF-C5D3-4388-A9F8-435258E2FA28}.Debug|x64.Build.0 = Debug|x64
		{8E42CECF-C5D3-4388-A9F8-435258E2FA28}.Debug|x86.ActiveCfg = Debug|Win32
		{8E42CECF-C5D3-4388-A9F8-435258E2FA28}.Debug|x86.Build.0 = Debug|Win32
		{8E42CECF-C5D3-4388-A9F8-435258E2FA28}.Release|x64.ActiveCfg = Release|x64
		{8E42CECF-C5D3-4388-A9F8-435258E2FA28}.Release|x64.Build.0 = Release|x64
		{8E42CECF-C5D3-4388-A9F8-435258E2FA28}.Release|x86.ActiveCfg = Release|Win32
		{8E42CECF-C5D3-4388-A9F8-435258E2FA28}.Release|x86.Build.0 = Release|Win32
		{38639374-F9DE-4C54-9F53-976E243C9EC2}.Debug|x64.ActiveCfg = Debug|x64
		{38639374-F9DE-4C54-9F53-976E243C9EC2}.Debug|x64.Build.0 = Debug|x64
		{38639374-F9DE-4C54-9F53-976E243C9EC2}.Debug|x86.ActiveCfg = Debug|Win32
		{38639374-F9DE-4C54-9F53-976E243C9EC2}.Debug|x86.Build.0 = Debug|Win32
		{38639374-F9DE-4C54-9F53-976E243C9EC2}.Release|x64.ActiveCfg = Release|x64
		{38639374-F9DE-4C54-9F53-976E243C9EC2}.Release|x64.Build.0 = Release|x64
		{38639374-F9DE-4C54-9F53-976E243C9EC2}.Release|x86.ActiveCfg = Release|Win32
		{38639374-F9DE-4C54-9F53-976E243C9EC2}.Release|x86.Build.0 = Release|Win32
		{5D189C32-1316-4F6D-956D-DADDB740C71B}.Debug|x64.ActiveCfg = Debug|x64
		{5D189C32-1316-4F6D-956D-DADDB740C71B}.Debug|x64.Build.0 = Debug|x64
		{5D189C32-1316-4F6D-956D-DADDB740C71B}.Debug|x86.ActiveCfg = Debug|Win32
		{5D189C32-1316-4F6D-956D-DADDB740C71B}.Debug|x86.Build.0 = Debug|Win32
		{5D189C32-1316-4F6D-956D-DADDB740C71B}.Release|x64.ActiveCfg = Release|x64
		{5D189C32-1316-4F6D-956D-DADDB740C71B}.Release|x64.Build.0 = Release|x64
		{5D189C32-1316-4F6D-956D-DADDB740C71B}.Release|x86.ActiveCfg = Release|Win32
		{5D189C32-1316-4F6D-956D-DADDB740C71B}.Release|x86.Build.0 = Release|Win32
	EndGlobalSection
	GlobalSection(SolutionProperties) = preSolution
		HideSolutionNode = FALSE
	EndGlobalSection
	GlobalSection(ExtensibilityGlobals) = postSolution
		SolutionGuid = {97A952BA-B984-4196-B86A-2B95938F529D}
	EndGlobalSection
EndGlobal
