
Microsoft Visual Studio Solution File, Format Version 12.00
# Visual Studio 15
VisualStudioVersion = 15.0.28307.106
MinimumVisualStudioVersion = 10.0.40219.1
Project("{8BC9CEB8-8B4A-11D0-8D11-00A0C91BC942}") = "9. Palindrome Number", "9. Palindrome Number\9. Palindrome Number.vcxproj", "{918011F5-C1F4-49A1-B685-63BACA74DBC4}"
EndProject
Project("{8BC9CEB8-8B4A-11D0-8D11-00A0C91BC942}") = "13. Roman to Integer", "13. Roman to Integer\13. Roman to Integer.vcxproj", "{071B09DC-3D93-440C-B9F5-BE2CDF093CCB}"
EndProject
Project("{8BC9CEB8-8B4A-11D0-8D11-00A0C91BC942}") = "14. Longest Common Prefix", "14. Longest Common Prefix\14. Longest Common Prefix.vcxproj", "{60C7CBCC-938B-437F-9E49-FFA5578A8468}"
EndProject
Project("{8BC9CEB8-8B4A-11D0-8D11-00A0C91BC942}") = "20. Valid Parentheses", "20. Valid Parentheses\20. Valid Parentheses.vcxproj", "{63E67AF1-3D6E-492C-A601-EC8D91F9CCE0}"
EndProject
Project("{8BC9CEB8-8B4A-11D0-8D11-00A0C91BC942}") = "21. Merge Two Sorted Lists", "21. Merge Two Sorted Lists\21. Merge Two Sorted Lists.vcxproj", "{58203D35-EA80-4BAF-96BF-C9EEC11689C5}"
EndProject
Project("{8BC9CEB8-8B4A-11D0-8D11-00A0C91BC942}") = "26. Remove Duplicates from Sorted Array", "26. Remove Duplicates from Sorted Array\26. Remove Duplicates from Sorted Array.vcxproj", "{8E88895B-EE9A-449C-BE18-026C99425AF8}"
EndProject
Project("{8BC9CEB8-8B4A-11D0-8D11-00A0C91BC942}") = "27. Remove Element", "27. Remove Element\27. Remove Element.vcxproj", "{0FCF1CC6-5BD1-4684-B560-E825B0E9344A}"
EndProject
Project("{8BC9CEB8-8B4A-11D0-8D11-00A0C91BC942}") = "28. Implement strStr()", "28. Implement strStr()\28. Implement strStr().vcxproj", "{FF94D2C6-B834-400B-8722-2D21CC3C3C0F}"
EndProject
Global
	GlobalSection(SolutionConfigurationPlatforms) = preSolution
		Debug|x64 = Debug|x64
		Debug|x86 = Debug|x86
		Release|x64 = Release|x64
		Release|x86 = Release|x86
	EndGlobalSection
	GlobalSection(ProjectConfigurationPlatforms) = postSolution
		{918011F5-C1F4-49A1-B685-63BACA74DBC4}.Debug|x64.ActiveCfg = Debug|x64
		{918011F5-C1F4-49A1-B685-63BACA74DBC4}.Debug|x64.Build.0 = Debug|x64
		{918011F5-C1F4-49A1-B685-63BACA74DBC4}.Debug|x86.ActiveCfg = Debug|Win32
		{918011F5-C1F4-49A1-B685-63BACA74DBC4}.Debug|x86.Build.0 = Debug|Win32
		{918011F5-C1F4-49A1-B685-63BACA74DBC4}.Release|x64.ActiveCfg = Release|x64
		{918011F5-C1F4-49A1-B685-63BACA74DBC4}.Release|x64.Build.0 = Release|x64
		{918011F5-C1F4-49A1-B685-63BACA74DBC4}.Release|x86.ActiveCfg = Release|Win32
		{918011F5-C1F4-49A1-B685-63BACA74DBC4}.Release|x86.Build.0 = Release|Win32
		{071B09DC-3D93-440C-B9F5-BE2CDF093CCB}.Debug|x64.ActiveCfg = Debug|x64
		{071B09DC-3D93-440C-B9F5-BE2CDF093CCB}.Debug|x64.Build.0 = Debug|x64
		{071B09DC-3D93-440C-B9F5-BE2CDF093CCB}.Debug|x86.ActiveCfg = Debug|Win32
		{071B09DC-3D93-440C-B9F5-BE2CDF093CCB}.Debug|x86.Build.0 = Debug|Win32
		{071B09DC-3D93-440C-B9F5-BE2CDF093CCB}.Release|x64.ActiveCfg = Release|x64
		{071B09DC-3D93-440C-B9F5-BE2CDF093CCB}.Release|x64.Build.0 = Release|x64
		{071B09DC-3D93-440C-B9F5-BE2CDF093CCB}.Release|x86.ActiveCfg = Release|Win32
		{071B09DC-3D93-440C-B9F5-BE2CDF093CCB}.Release|x86.Build.0 = Release|Win32
		{60C7CBCC-938B-437F-9E49-FFA5578A8468}.Debug|x64.ActiveCfg = Debug|x64
		{60C7CBCC-938B-437F-9E49-FFA5578A8468}.Debug|x64.Build.0 = Debug|x64
		{60C7CBCC-938B-437F-9E49-FFA5578A8468}.Debug|x86.ActiveCfg = Debug|Win32
		{60C7CBCC-938B-437F-9E49-FFA5578A8468}.Debug|x86.Build.0 = Debug|Win32
		{60C7CBCC-938B-437F-9E49-FFA5578A8468}.Release|x64.ActiveCfg = Release|x64
		{60C7CBCC-938B-437F-9E49-FFA5578A8468}.Release|x64.Build.0 = Release|x64
		{60C7CBCC-938B-437F-9E49-FFA5578A8468}.Release|x86.ActiveCfg = Release|Win32
		{60C7CBCC-938B-437F-9E49-FFA5578A8468}.Release|x86.Build.0 = Release|Win32
		{63E67AF1-3D6E-492C-A601-EC8D91F9CCE0}.Debug|x64.ActiveCfg = Debug|x64
		{63E67AF1-3D6E-492C-A601-EC8D91F9CCE0}.Debug|x64.Build.0 = Debug|x64
		{63E67AF1-3D6E-492C-A601-EC8D91F9CCE0}.Debug|x86.ActiveCfg = Debug|Win32
		{63E67AF1-3D6E-492C-A601-EC8D91F9CCE0}.Debug|x86.Build.0 = Debug|Win32
		{63E67AF1-3D6E-492C-A601-EC8D91F9CCE0}.Release|x64.ActiveCfg = Release|x64
		{63E67AF1-3D6E-492C-A601-EC8D91F9CCE0}.Release|x64.Build.0 = Release|x64
		{63E67AF1-3D6E-492C-A601-EC8D91F9CCE0}.Release|x86.ActiveCfg = Release|Win32
		{63E67AF1-3D6E-492C-A601-EC8D91F9CCE0}.Release|x86.Build.0 = Release|Win32
		{58203D35-EA80-4BAF-96BF-C9EEC11689C5}.Debug|x64.ActiveCfg = Debug|x64
		{58203D35-EA80-4BAF-96BF-C9EEC11689C5}.Debug|x64.Build.0 = Debug|x64
		{58203D35-EA80-4BAF-96BF-C9EEC11689C5}.Debug|x86.ActiveCfg = Debug|Win32
		{58203D35-EA80-4BAF-96BF-C9EEC11689C5}.Debug|x86.Build.0 = Debug|Win32
		{58203D35-EA80-4BAF-96BF-C9EEC11689C5}.Release|x64.ActiveCfg = Release|x64
		{58203D35-EA80-4BAF-96BF-C9EEC11689C5}.Release|x64.Build.0 = Release|x64
		{58203D35-EA80-4BAF-96BF-C9EEC11689C5}.Release|x86.ActiveCfg = Release|Win32
		{58203D35-EA80-4BAF-96BF-C9EEC11689C5}.Release|x86.Build.0 = Release|Win32
		{8E88895B-EE9A-449C-BE18-026C99425AF8}.Debug|x64.ActiveCfg = Debug|x64
		{8E88895B-EE9A-449C-BE18-026C99425AF8}.Debug|x64.Build.0 = Debug|x64
		{8E88895B-EE9A-449C-BE18-026C99425AF8}.Debug|x86.ActiveCfg = Debug|Win32
		{8E88895B-EE9A-449C-BE18-026C99425AF8}.Debug|x86.Build.0 = Debug|Win32
		{8E88895B-EE9A-449C-BE18-026C99425AF8}.Release|x64.ActiveCfg = Release|x64
		{8E88895B-EE9A-449C-BE18-026C99425AF8}.Release|x64.Build.0 = Release|x64
		{8E88895B-EE9A-449C-BE18-026C99425AF8}.Release|x86.ActiveCfg = Release|Win32
		{8E88895B-EE9A-449C-BE18-026C99425AF8}.Release|x86.Build.0 = Release|Win32
		{0FCF1CC6-5BD1-4684-B560-E825B0E9344A}.Debug|x64.ActiveCfg = Debug|x64
		{0FCF1CC6-5BD1-4684-B560-E825B0E9344A}.Debug|x64.Build.0 = Debug|x64
		{0FCF1CC6-5BD1-4684-B560-E825B0E9344A}.Debug|x86.ActiveCfg = Debug|Win32
		{0FCF1CC6-5BD1-4684-B560-E825B0E9344A}.Debug|x86.Build.0 = Debug|Win32
		{0FCF1CC6-5BD1-4684-B560-E825B0E9344A}.Release|x64.ActiveCfg = Release|x64
		{0FCF1CC6-5BD1-4684-B560-E825B0E9344A}.Release|x64.Build.0 = Release|x64
		{0FCF1CC6-5BD1-4684-B560-E825B0E9344A}.Release|x86.ActiveCfg = Release|Win32
		{0FCF1CC6-5BD1-4684-B560-E825B0E9344A}.Release|x86.Build.0 = Release|Win32
		{FF94D2C6-B834-400B-8722-2D21CC3C3C0F}.Debug|x64.ActiveCfg = Debug|x64
		{FF94D2C6-B834-400B-8722-2D21CC3C3C0F}.Debug|x64.Build.0 = Debug|x64
		{FF94D2C6-B834-400B-8722-2D21CC3C3C0F}.Debug|x86.ActiveCfg = Debug|Win32
		{FF94D2C6-B834-400B-8722-2D21CC3C3C0F}.Debug|x86.Build.0 = Debug|Win32
		{FF94D2C6-B834-400B-8722-2D21CC3C3C0F}.Release|x64.ActiveCfg = Release|x64
		{FF94D2C6-B834-400B-8722-2D21CC3C3C0F}.Release|x64.Build.0 = Release|x64
		{FF94D2C6-B834-400B-8722-2D21CC3C3C0F}.Release|x86.ActiveCfg = Release|Win32
		{FF94D2C6-B834-400B-8722-2D21CC3C3C0F}.Release|x86.Build.0 = Release|Win32
	EndGlobalSection
	GlobalSection(SolutionProperties) = preSolution
		HideSolutionNode = FALSE
	EndGlobalSection
	GlobalSection(ExtensibilityGlobals) = postSolution
		SolutionGuid = {3DBF37D0-8E7B-435D-BC28-4712443D9867}
	EndGlobalSection
EndGlobal
