
Microsoft Visual Studio Solution File, Format Version 12.00
# Visual Studio 15
VisualStudioVersion = 15.0.28307.106
MinimumVisualStudioVersion = 10.0.40219.1
Project("{8BC9CEB8-8B4A-11D0-8D11-00A0C91BC942}") = "9. Palindrome Number", "9. Palindrome Number\9. Palindrome Number.vcxproj", "{918011F5-C1F4-49A1-B685-63BACA74DBC4}"
EndProject
Project("{8BC9CEB8-8B4A-11D0-8D11-00A0C91BC942}") = "13. Roman to Integer", "13. Roman to Integer\13. Roman to Integer.vcxproj", "{071B09DC-3D93-440C-B9F5-BE2CDF093CCB}"
EndProject
Project("{8BC9CEB8-8B4A-11D0-8D11-00A0C91BC942}") = "14. Longest Common Prefix", "14. Longest Common Prefix\14. Longest Common Prefix.vcxproj", "{60C7CBCC-938B-437F-9E49-FFA5578A8468}"
EndProject
Project("{8BC9CEB8-8B4A-11D0-8D11-00A0C91BC942}") = "20. Valid Parentheses", "20. Valid Parentheses\20. Valid Parentheses.vcxproj", "{63E67AF1-3D6E-492C-A601-EC8D91F9CCE0}"
EndProject
Project("{8BC9CEB8-8B4A-11D0-8D11-00A0C91BC942}") = "21. Merge Two Sorted Lists", "21. Merge Two Sorted Lists\21. Merge Two Sorted Lists.vcxproj", "{58203D35-EA80-4BAF-96BF-C9EEC11689C5}"
EndProject
Project("{8BC9CEB8-8B4A-11D0-8D11-00A0C91BC942}") = "26. Remove Duplicates from Sorted Array", "26. Remove Duplicates from Sorted Array\26. Remove Duplicates from Sorted Array.vcxproj", "{8E88895B-EE9A-449C-BE18-026C99425AF8}"
EndProject
Project("{8BC9CEB8-8B4A-11D0-8D11-00A0C91BC942}") = "27. Remove Element", "27. Remove Element\27. Remove Element.vcxproj", "{0FCF1CC6-5BD1-4684-B560-E825B0E9344A}"
EndProject
Project("{8BC9CEB8-8B4A-11D0-8D11-00A0C91BC942}") = "28. Implement strStr()", "28. Implement strStr()\28. Implement strStr().vcxproj", "{FF94D2C6-B834-400B-8722-2D21CC3C3C0F}"
EndProject
Project("{8BC9CEB8-8B4A-11D0-8D11-00A0C91BC942}") = "35. Search Insert Position", "35. Search Insert Position\35. Search Insert Position.vcxproj", "{972AB03A-6357-42F4-A487-86FB4B51F1B3}"
EndProject
Project("{8BC9CEB8-8B4A-11D0-8D11-00A0C91BC942}") = "38. Count and Say", "38. Count and Say\38. Count and Say.vcxproj", "{F975915A-88F7-4F07-B555-A4FAA58D2835}"
EndProject
Project("{8BC9CEB8-8B4A-11D0-8D11-00A0C91BC942}") = "58. Length of Last Word", "58. Length of Last Word\58. Length of Last Word.vcxproj", "{63FE04FB-8A4F-41A2-B9B8-70773FEDC582}"
EndProject
Project("{8BC9CEB8-8B4A-11D0-8D11-00A0C91BC942}") = "53. Maximum Subarray", "53. Maximum Subarray\53. Maximum Subarray.vcxproj", "{92009E98-6DBF-4CD6-AA8E-986B56A8F092}"
EndProject
Project("{8BC9CEB8-8B4A-11D0-8D11-00A0C91BC942}") = "69. Sqrt(x)", "69. Sqrt(x)\69. Sqrt(x).vcxproj", "{DA9CD2F1-F526-4266-A771-933B8CF639F9}"
EndProject
Project("{8BC9CEB8-8B4A-11D0-8D11-00A0C91BC942}") = "70. Climbing Stairs", "70. Climbing Stairs\70. Climbing Stairs.vcxproj", "{6A0FBB7C-F6F3-4197-9C7E-0CDCCCD2AC2D}"
EndProject
Project("{8BC9CEB8-8B4A-11D0-8D11-00A0C91BC942}") = "101. Symmetric Tree", "101. Symmetric Tree\101. Symmetric Tree.vcxproj", "{2BA773AC-38EF-4B7C-9F85-B7AB29DFC279}"
EndProject
Project("{8BC9CEB8-8B4A-11D0-8D11-00A0C91BC942}") = "104. Maximum Depth of Binary Tree", "104. Maximum Depth of Binary Tree\104. Maximum Depth of Binary Tree.vcxproj", "{0A042ED6-5875-49C7-BD22-17C237F4D092}"
EndProject
Project("{8BC9CEB8-8B4A-11D0-8D11-00A0C91BC942}") = "121. Best Time to Buy and Sell Stock", "121. Best Time to Buy and Sell Stock\121. Best Time to Buy and Sell Stock.vcxproj", "{D3BCD0DF-F6B4-4635-8774-23BD7CF519A7}"
EndProject
Project("{8BC9CEB8-8B4A-11D0-8D11-00A0C91BC942}") = "136. Single Number", "136. Single Number\136. Single Number.vcxproj", "{4DD35DBD-E9EE-4D4F-BC09-891E4A29DE3E}"
EndProject
Project("{8BC9CEB8-8B4A-11D0-8D11-00A0C91BC942}") = "141. Linked List Cycle", "141. Linked List Cycle\141. Linked List Cycle.vcxproj", "{912B55D4-9A81-478F-AE1D-DD376BCD2008}"
EndProject
Project("{8BC9CEB8-8B4A-11D0-8D11-00A0C91BC942}") = "155. Min Stack", "155. Min Stack\155. Min Stack.vcxproj", "{19DFB9D7-3C4C-4628-A92A-50A268B82721}"
EndProject
Project("{8BC9CEB8-8B4A-11D0-8D11-00A0C91BC942}") = "160. Intersection of Two Linked Lists", "160. Intersection of Two Linked Lists\160. Intersection of Two Linked Lists.vcxproj", "{7F3E6672-DBA8-4190-AF76-97BC67FB6172}"
EndProject
Project("{8BC9CEB8-8B4A-11D0-8D11-00A0C91BC942}") = "169. Majority Element", "169. Majority Element\169. Majority Element.vcxproj", "{B1E56DDA-0D08-4F68-9679-0B3A522ECD54}"
EndProject
Project("{8BC9CEB8-8B4A-11D0-8D11-00A0C91BC942}") = "198. House Robber", "198. House Robber\198. House Robber.vcxproj", "{96A896BD-A6F2-45B1-ACC0-22E7D6D94B50}"
EndProject
Global
	GlobalSection(SolutionConfigurationPlatforms) = preSolution
		Debug|x64 = Debug|x64
		Debug|x86 = Debug|x86
		Release|x64 = Release|x64
		Release|x86 = Release|x86
	EndGlobalSection
	GlobalSection(ProjectConfigurationPlatforms) = postSolution
		{918011F5-C1F4-49A1-B685-63BACA74DBC4}.Debug|x64.ActiveCfg = Debug|x64
		{918011F5-C1F4-49A1-B685-63BACA74DBC4}.Debug|x64.Build.0 = Debug|x64
		{918011F5-C1F4-49A1-B685-63BACA74DBC4}.Debug|x86.ActiveCfg = Debug|Win32
		{918011F5-C1F4-49A1-B685-63BACA74DBC4}.Debug|x86.Build.0 = Debug|Win32
		{918011F5-C1F4-49A1-B685-63BACA74DBC4}.Release|x64.ActiveCfg = Release|x64
		{918011F5-C1F4-49A1-B685-63BACA74DBC4}.Release|x64.Build.0 = Release|x64
		{918011F5-C1F4-49A1-B685-63BACA74DBC4}.Release|x86.ActiveCfg = Release|Win32
		{918011F5-C1F4-49A1-B685-63BACA74DBC4}.Release|x86.Build.0 = Release|Win32
		{071B09DC-3D93-440C-B9F5-BE2CDF093CCB}.Debug|x64.ActiveCfg = Debug|x64
		{071B09DC-3D93-440C-B9F5-BE2CDF093CCB}.Debug|x64.Build.0 = Debug|x64
		{071B09DC-3D93-440C-B9F5-BE2CDF093CCB}.Debug|x86.ActiveCfg = Debug|Win32
		{071B09DC-3D93-440C-B9F5-BE2CDF093CCB}.Debug|x86.Build.0 = Debug|Win32
		{071B09DC-3D93-440C-B9F5-BE2CDF093CCB}.Release|x64.ActiveCfg = Release|x64
		{071B09DC-3D93-440C-B9F5-BE2CDF093CCB}.Release|x64.Build.0 = Release|x64
		{071B09DC-3D93-440C-B9F5-BE2CDF093CCB}.Release|x86.ActiveCfg = Release|Win32
		{071B09DC-3D93-440C-B9F5-BE2CDF093CCB}.Release|x86.Build.0 = Release|Win32
		{60C7CBCC-938B-437F-9E49-FFA5578A8468}.Debug|x64.ActiveCfg = Debug|x64
		{60C7CBCC-938B-437F-9E49-FFA5578A8468}.Debug|x64.Build.0 = Debug|x64
		{60C7CBCC-938B-437F-9E49-FFA5578A8468}.Debug|x86.ActiveCfg = Debug|Win32
		{60C7CBCC-938B-437F-9E49-FFA5578A8468}.Debug|x86.Build.0 = Debug|Win32
		{60C7CBCC-938B-437F-9E49-FFA5578A8468}.Release|x64.ActiveCfg = Release|x64
		{60C7CBCC-938B-437F-9E49-FFA5578A8468}.Release|x64.Build.0 = Release|x64
		{60C7CBCC-938B-437F-9E49-FFA5578A8468}.Release|x86.ActiveCfg = Release|Win32
		{60C7CBCC-938B-437F-9E49-FFA5578A8468}.Release|x86.Build.0 = Release|Win32
		{63E67AF1-3D6E-492C-A601-EC8D91F9CCE0}.Debug|x64.ActiveCfg = Debug|x64
		{63E67AF1-3D6E-492C-A601-EC8D91F9CCE0}.Debug|x64.Build.0 = Debug|x64
		{63E67AF1-3D6E-492C-A601-EC8D91F9CCE0}.Debug|x86.ActiveCfg = Debug|Win32
		{63E67AF1-3D6E-492C-A601-EC8D91F9CCE0}.Debug|x86.Build.0 = Debug|Win32
		{63E67AF1-3D6E-492C-A601-EC8D91F9CCE0}.Release|x64.ActiveCfg = Release|x64
		{63E67AF1-3D6E-492C-A601-EC8D91F9CCE0}.Release|x64.Build.0 = Release|x64
		{63E67AF1-3D6E-492C-A601-EC8D91F9CCE0}.Release|x86.ActiveCfg = Release|Win32
		{63E67AF1-3D6E-492C-A601-EC8D91F9CCE0}.Release|x86.Build.0 = Release|Win32
		{58203D35-EA80-4BAF-96BF-C9EEC11689C5}.Debug|x64.ActiveCfg = Debug|x64
		{58203D35-EA80-4BAF-96BF-C9EEC11689C5}.Debug|x64.Build.0 = Debug|x64
		{58203D35-EA80-4BAF-96BF-C9EEC11689C5}.Debug|x86.ActiveCfg = Debug|Win32
		{58203D35-EA80-4BAF-96BF-C9EEC11689C5}.Debug|x86.Build.0 = Debug|Win32
		{58203D35-EA80-4BAF-96BF-C9EEC11689C5}.Release|x64.ActiveCfg = Release|x64
		{58203D35-EA80-4BAF-96BF-C9EEC11689C5}.Release|x64.Build.0 = Release|x64
		{58203D35-EA80-4BAF-96BF-C9EEC11689C5}.Release|x86.ActiveCfg = Release|Win32
		{58203D35-EA80-4BAF-96BF-C9EEC11689C5}.Release|x86.Build.0 = Release|Win32
		{8E88895B-EE9A-449C-BE18-026C99425AF8}.Debug|x64.ActiveCfg = Debug|x64
		{8E88895B-EE9A-449C-BE18-026C99425AF8}.Debug|x64.Build.0 = Debug|x64
		{8E88895B-EE9A-449C-BE18-026C99425AF8}.Debug|x86.ActiveCfg = Debug|Win32
		{8E88895B-EE9A-449C-BE18-026C99425AF8}.Debug|x86.Build.0 = Debug|Win32
		{8E88895B-EE9A-449C-BE18-026C99425AF8}.Release|x64.ActiveCfg = Release|x64
		{8E88895B-EE9A-449C-BE18-026C99425AF8}.Release|x64.Build.0 = Release|x64
		{8E88895B-EE9A-449C-BE18-026C99425AF8}.Release|x86.ActiveCfg = Release|Win32
		{8E88895B-EE9A-449C-BE18-026C99425AF8}.Release|x86.Build.0 = Release|Win32
		{0FCF1CC6-5BD1-4684-B560-E825B0E9344A}.Debug|x64.ActiveCfg = Debug|x64
		{0FCF1CC6-5BD1-4684-B560-E825B0E9344A}.Debug|x64.Build.0 = Debug|x64
		{0FCF1CC6-5BD1-4684-B560-E825B0E9344A}.Debug|x86.ActiveCfg = Debug|Win32
		{0FCF1CC6-5BD1-4684-B560-E825B0E9344A}.Debug|x86.Build.0 = Debug|Win32
		{0FCF1CC6-5BD1-4684-B560-E825B0E9344A}.Release|x64.ActiveCfg = Release|x64
		{0FCF1CC6-5BD1-4684-B560-E825B0E9344A}.Release|x64.Build.0 = Release|x64
		{0FCF1CC6-5BD1-4684-B560-E825B0E9344A}.Release|x86.ActiveCfg = Release|Win32
		{0FCF1CC6-5BD1-4684-B560-E825B0E9344A}.Release|x86.Build.0 = Release|Win32
		{FF94D2C6-B834-400B-8722-2D21CC3C3C0F}.Debug|x64.ActiveCfg = Debug|x64
		{FF94D2C6-B834-400B-8722-2D21CC3C3C0F}.Debug|x64.Build.0 = Debug|x64
		{FF94D2C6-B834-400B-8722-2D21CC3C3C0F}.Debug|x86.ActiveCfg = Debug|Win32
		{FF94D2C6-B834-400B-8722-2D21CC3C3C0F}.Debug|x86.Build.0 = Debug|Win32
		{FF94D2C6-B834-400B-8722-2D21CC3C3C0F}.Release|x64.ActiveCfg = Release|x64
		{FF94D2C6-B834-400B-8722-2D21CC3C3C0F}.Release|x64.Build.0 = Release|x64
		{FF94D2C6-B834-400B-8722-2D21CC3C3C0F}.Release|x86.ActiveCfg = Release|Win32
		{FF94D2C6-B834-400B-8722-2D21CC3C3C0F}.Release|x86.Build.0 = Release|Win32
		{972AB03A-6357-42F4-A487-86FB4B51F1B3}.Debug|x64.ActiveCfg = Debug|x64
		{972AB03A-6357-42F4-A487-86FB4B51F1B3}.Debug|x64.Build.0 = Debug|x64
		{972AB03A-6357-42F4-A487-86FB4B51F1B3}.Debug|x86.ActiveCfg = Debug|Win32
		{972AB03A-6357-42F4-A487-86FB4B51F1B3}.Debug|x86.Build.0 = Debug|Win32
		{972AB03A-6357-42F4-A487-86FB4B51F1B3}.Release|x64.ActiveCfg = Release|x64
		{972AB03A-6357-42F4-A487-86FB4B51F1B3}.Release|x64.Build.0 = Release|x64
		{972AB03A-6357-42F4-A487-86FB4B51F1B3}.Release|x86.ActiveCfg = Release|Win32
		{972AB03A-6357-42F4-A487-86FB4B51F1B3}.Release|x86.Build.0 = Release|Win32
		{F975915A-88F7-4F07-B555-A4FAA58D2835}.Debug|x64.ActiveCfg = Debug|x64
		{F975915A-88F7-4F07-B555-A4FAA58D2835}.Debug|x64.Build.0 = Debug|x64
		{F975915A-88F7-4F07-B555-A4FAA58D2835}.Debug|x86.ActiveCfg = Debug|Win32
		{F975915A-88F7-4F07-B555-A4FAA58D2835}.Debug|x86.Build.0 = Debug|Win32
		{F975915A-88F7-4F07-B555-A4FAA58D2835}.Release|x64.ActiveCfg = Release|x64
		{F975915A-88F7-4F07-B555-A4FAA58D2835}.Release|x64.Build.0 = Release|x64
		{F975915A-88F7-4F07-B555-A4FAA58D2835}.Release|x86.ActiveCfg = Release|Win32
		{F975915A-88F7-4F07-B555-A4FAA58D2835}.Release|x86.Build.0 = Release|Win32
		{63FE04FB-8A4F-41A2-B9B8-70773FEDC582}.Debug|x64.ActiveCfg = Debug|x64
		{63FE04FB-8A4F-41A2-B9B8-70773FEDC582}.Debug|x64.Build.0 = Debug|x64
		{63FE04FB-8A4F-41A2-B9B8-70773FEDC582}.Debug|x86.ActiveCfg = Debug|Win32
		{63FE04FB-8A4F-41A2-B9B8-70773FEDC582}.Debug|x86.Build.0 = Debug|Win32
		{63FE04FB-8A4F-41A2-B9B8-70773FEDC582}.Release|x64.ActiveCfg = Release|x64
		{63FE04FB-8A4F-41A2-B9B8-70773FEDC582}.Release|x64.Build.0 = Release|x64
		{63FE04FB-8A4F-41A2-B9B8-70773FEDC582}.Release|x86.ActiveCfg = Release|Win32
		{63FE04FB-8A4F-41A2-B9B8-70773FEDC582}.Release|x86.Build.0 = Release|Win32
		{92009E98-6DBF-4CD6-AA8E-986B56A8F092}.Debug|x64.ActiveCfg = Debug|x64
		{92009E98-6DBF-4CD6-AA8E-986B56A8F092}.Debug|x64.Build.0 = Debug|x64
		{92009E98-6DBF-4CD6-AA8E-986B56A8F092}.Debug|x86.ActiveCfg = Debug|Win32
		{92009E98-6DBF-4CD6-AA8E-986B56A8F092}.Debug|x86.Build.0 = Debug|Win32
		{92009E98-6DBF-4CD6-AA8E-986B56A8F092}.Release|x64.ActiveCfg = Release|x64
		{92009E98-6DBF-4CD6-AA8E-986B56A8F092}.Release|x64.Build.0 = Release|x64
		{92009E98-6DBF-4CD6-AA8E-986B56A8F092}.Release|x86.ActiveCfg = Release|Win32
		{92009E98-6DBF-4CD6-AA8E-986B56A8F092}.Release|x86.Build.0 = Release|Win32
		{DA9CD2F1-F526-4266-A771-933B8CF639F9}.Debug|x64.ActiveCfg = Debug|x64
		{DA9CD2F1-F526-4266-A771-933B8CF639F9}.Debug|x64.Build.0 = Debug|x64
		{DA9CD2F1-F526-4266-A771-933B8CF639F9}.Debug|x86.ActiveCfg = Debug|Win32
		{DA9CD2F1-F526-4266-A771-933B8CF639F9}.Debug|x86.Build.0 = Debug|Win32
		{DA9CD2F1-F526-4266-A771-933B8CF639F9}.Release|x64.ActiveCfg = Release|x64
		{DA9CD2F1-F526-4266-A771-933B8CF639F9}.Release|x64.Build.0 = Release|x64
		{DA9CD2F1-F526-4266-A771-933B8CF639F9}.Release|x86.ActiveCfg = Release|Win32
		{DA9CD2F1-F526-4266-A771-933B8CF639F9}.Release|x86.Build.0 = Release|Win32
		{6A0FBB7C-F6F3-4197-9C7E-0CDCCCD2AC2D}.Debug|x64.ActiveCfg = Debug|x64
		{6A0FBB7C-F6F3-4197-9C7E-0CDCCCD2AC2D}.Debug|x64.Build.0 = Debug|x64
		{6A0FBB7C-F6F3-4197-9C7E-0CDCCCD2AC2D}.Debug|x86.ActiveCfg = Debug|Win32
		{6A0FBB7C-F6F3-4197-9C7E-0CDCCCD2AC2D}.Debug|x86.Build.0 = Debug|Win32
		{6A0FBB7C-F6F3-4197-9C7E-0CDCCCD2AC2D}.Release|x64.ActiveCfg = Release|x64
		{6A0FBB7C-F6F3-4197-9C7E-0CDCCCD2AC2D}.Release|x64.Build.0 = Release|x64
		{6A0FBB7C-F6F3-4197-9C7E-0CDCCCD2AC2D}.Release|x86.ActiveCfg = Release|Win32
		{6A0FBB7C-F6F3-4197-9C7E-0CDCCCD2AC2D}.Release|x86.Build.0 = Release|Win32
		{2BA773AC-38EF-4B7C-9F85-B7AB29DFC279}.Debug|x64.ActiveCfg = Debug|x64
		{2BA773AC-38EF-4B7C-9F85-B7AB29DFC279}.Debug|x64.Build.0 = Debug|x64
		{2BA773AC-38EF-4B7C-9F85-B7AB29DFC279}.Debug|x86.ActiveCfg = Debug|Win32
		{2BA773AC-38EF-4B7C-9F85-B7AB29DFC279}.Debug|x86.Build.0 = Debug|Win32
		{2BA773AC-38EF-4B7C-9F85-B7AB29DFC279}.Release|x64.ActiveCfg = Release|x64
		{2BA773AC-38EF-4B7C-9F85-B7AB29DFC279}.Release|x64.Build.0 = Release|x64
		{2BA773AC-38EF-4B7C-9F85-B7AB29DFC279}.Release|x86.ActiveCfg = Release|Win32
		{2BA773AC-38EF-4B7C-9F85-B7AB29DFC279}.Release|x86.Build.0 = Release|Win32
		{0A042ED6-5875-49C7-BD22-17C237F4D092}.Debug|x64.ActiveCfg = Debug|x64
		{0A042ED6-5875-49C7-BD22-17C237F4D092}.Debug|x64.Build.0 = Debug|x64
		{0A042ED6-5875-49C7-BD22-17C237F4D092}.Debug|x86.ActiveCfg = Debug|Win32
		{0A042ED6-5875-49C7-BD22-17C237F4D092}.Debug|x86.Build.0 = Debug|Win32
		{0A042ED6-5875-49C7-BD22-17C237F4D092}.Release|x64.ActiveCfg = Release|x64
		{0A042ED6-5875-49C7-BD22-17C237F4D092}.Release|x64.Build.0 = Release|x64
		{0A042ED6-5875-49C7-BD22-17C237F4D092}.Release|x86.ActiveCfg = Release|Win32
		{0A042ED6-5875-49C7-BD22-17C237F4D092}.Release|x86.Build.0 = Release|Win32
		{D3BCD0DF-F6B4-4635-8774-23BD7CF519A7}.Debug|x64.ActiveCfg = Debug|x64
		{D3BCD0DF-F6B4-4635-8774-23BD7CF519A7}.Debug|x64.Build.0 = Debug|x64
		{D3BCD0DF-F6B4-4635-8774-23BD7CF519A7}.Debug|x86.ActiveCfg = Debug|Win32
		{D3BCD0DF-F6B4-4635-8774-23BD7CF519A7}.Debug|x86.Build.0 = Debug|Win32
		{D3BCD0DF-F6B4-4635-8774-23BD7CF519A7}.Release|x64.ActiveCfg = Release|x64
		{D3BCD0DF-F6B4-4635-8774-23BD7CF519A7}.Release|x64.Build.0 = Release|x64
		{D3BCD0DF-F6B4-4635-8774-23BD7CF519A7}.Release|x86.ActiveCfg = Release|Win32
		{D3BCD0DF-F6B4-4635-8774-23BD7CF519A7}.Release|x86.Build.0 = Release|Win32
		{4DD35DBD-E9EE-4D4F-BC09-891E4A29DE3E}.Debug|x64.ActiveCfg = Debug|x64
		{4DD35DBD-E9EE-4D4F-BC09-891E4A29DE3E}.Debug|x64.Build.0 = Debug|x64
		{4DD35DBD-E9EE-4D4F-BC09-891E4A29DE3E}.Debug|x86.ActiveCfg = Debug|Win32
		{4DD35DBD-E9EE-4D4F-BC09-891E4A29DE3E}.Debug|x86.Build.0 = Debug|Win32
		{4DD35DBD-E9EE-4D4F-BC09-891E4A29DE3E}.Release|x64.ActiveCfg = Release|x64
		{4DD35DBD-E9EE-4D4F-BC09-891E4A29DE3E}.Release|x64.Build.0 = Release|x64
		{4DD35DBD-E9EE-4D4F-BC09-891E4A29DE3E}.Release|x86.ActiveCfg = Release|Win32
		{4DD35DBD-E9EE-4D4F-BC09-891E4A29DE3E}.Release|x86.Build.0 = Release|Win32
		{912B55D4-9A81-478F-AE1D-DD376BCD2008}.Debug|x64.ActiveCfg = Debug|x64
		{912B55D4-9A81-478F-AE1D-DD376BCD2008}.Debug|x64.Build.0 = Debug|x64
		{912B55D4-9A81-478F-AE1D-DD376BCD2008}.Debug|x86.ActiveCfg = Debug|Win32
		{912B55D4-9A81-478F-AE1D-DD376BCD2008}.Debug|x86.Build.0 = Debug|Win32
		{912B55D4-9A81-478F-AE1D-DD376BCD2008}.Release|x64.ActiveCfg = Release|x64
		{912B55D4-9A81-478F-AE1D-DD376BCD2008}.Release|x64.Build.0 = Release|x64
		{912B55D4-9A81-478F-AE1D-DD376BCD2008}.Release|x86.ActiveCfg = Release|Win32
		{912B55D4-9A81-478F-AE1D-DD376BCD2008}.Release|x86.Build.0 = Release|Win32
		{19DFB9D7-3C4C-4628-A92A-50A268B82721}.Debug|x64.ActiveCfg = Debug|x64
		{19DFB9D7-3C4C-4628-A92A-50A268B82721}.Debug|x64.Build.0 = Debug|x64
		{19DFB9D7-3C4C-4628-A92A-50A268B82721}.Debug|x86.ActiveCfg = Debug|Win32
		{19DFB9D7-3C4C-4628-A92A-50A268B82721}.Debug|x86.Build.0 = Debug|Win32
		{19DFB9D7-3C4C-4628-A92A-50A268B82721}.Release|x64.ActiveCfg = Release|x64
		{19DFB9D7-3C4C-4628-A92A-50A268B82721}.Release|x64.Build.0 = Release|x64
		{19DFB9D7-3C4C-4628-A92A-50A268B82721}.Release|x86.ActiveCfg = Release|Win32
		{19DFB9D7-3C4C-4628-A92A-50A268B82721}.Release|x86.Build.0 = Release|Win32
		{7F3E6672-DBA8-4190-AF76-97BC67FB6172}.Debug|x64.ActiveCfg = Debug|x64
		{7F3E6672-DBA8-4190-AF76-97BC67FB6172}.Debug|x64.Build.0 = Debug|x64
		{7F3E6672-DBA8-4190-AF76-97BC67FB6172}.Debug|x86.ActiveCfg = Debug|Win32
		{7F3E6672-DBA8-4190-AF76-97BC67FB6172}.Debug|x86.Build.0 = Debug|Win32
		{7F3E6672-DBA8-4190-AF76-97BC67FB6172}.Release|x64.ActiveCfg = Release|x64
		{7F3E6672-DBA8-4190-AF76-97BC67FB6172}.Release|x64.Build.0 = Release|x64
		{7F3E6672-DBA8-4190-AF76-97BC67FB6172}.Release|x86.ActiveCfg = Release|Win32
		{7F3E6672-DBA8-4190-AF76-97BC67FB6172}.Release|x86.Build.0 = Release|Win32
		{B1E56DDA-0D08-4F68-9679-0B3A522ECD54}.Debug|x64.ActiveCfg = Debug|x64
		{B1E56DDA-0D08-4F68-9679-0B3A522ECD54}.Debug|x64.Build.0 = Debug|x64
		{B1E56DDA-0D08-4F68-9679-0B3A522ECD54}.Debug|x86.ActiveCfg = Debug|Win32
		{B1E56DDA-0D08-4F68-9679-0B3A522ECD54}.Debug|x86.Build.0 = Debug|Win32
		{B1E56DDA-0D08-4F68-9679-0B3A522ECD54}.Release|x64.ActiveCfg = Release|x64
		{B1E56DDA-0D08-4F68-9679-0B3A522ECD54}.Release|x64.Build.0 = Release|x64
		{B1E56DDA-0D08-4F68-9679-0B3A522ECD54}.Release|x86.ActiveCfg = Release|Win32
		{B1E56DDA-0D08-4F68-9679-0B3A522ECD54}.Release|x86.Build.0 = Release|Win32
		{96A896BD-A6F2-45B1-ACC0-22E7D6D94B50}.Debug|x64.ActiveCfg = Debug|x64
		{96A896BD-A6F2-45B1-ACC0-22E7D6D94B50}.Debug|x64.Build.0 = Debug|x64
		{96A896BD-A6F2-45B1-ACC0-22E7D6D94B50}.Debug|x86.ActiveCfg = Debug|Win32
		{96A896BD-A6F2-45B1-ACC0-22E7D6D94B50}.Debug|x86.Build.0 = Debug|Win32
		{96A896BD-A6F2-45B1-ACC0-22E7D6D94B50}.Release|x64.ActiveCfg = Release|x64
		{96A896BD-A6F2-45B1-ACC0-22E7D6D94B50}.Release|x64.Build.0 = Release|x64
		{96A896BD-A6F2-45B1-ACC0-22E7D6D94B50}.Release|x86.ActiveCfg = Release|Win32
		{96A896BD-A6F2-45B1-ACC0-22E7D6D94B50}.Release|x86.Build.0 = Release|Win32
	EndGlobalSection
	GlobalSection(SolutionProperties) = preSolution
		HideSolutionNode = FALSE
	EndGlobalSection
	GlobalSection(ExtensibilityGlobals) = postSolution
		SolutionGuid = {3DBF37D0-8E7B-435D-BC28-4712443D9867}
	EndGlobalSection
EndGlobal
